- url: https://github.com/github/hub/releases/download/v2.14.2/hub-linux-amd64-2.14.2.tgz
  sha256: 74d95fdfb3c78c8af4e2025b04b916ad905ab99a361778500d58269847c7922d
  timestamp: 2022-04-20 08:50:49+00:00
- url: https://github.com/github/hub/releases/download/v2.14.2/hub-linux-arm-2.14.2.tgz
  sha256: 234fa4cfcfdf1fc4051b27116fd1351a1741cfec556fa227506708ba4997bdeb
  timestamp: 2022-04-20 08:50:49+00:00
- url: https://github.com/github/hub/releases/download/v2.14.2/hub-linux-arm64-2.14.2.tgz
  sha256: 53670fe3ed3d590dc1194257497c7b27b35daf2bfb5b497b1a49e50b3f5a0e61
  timestamp: 2022-04-20 08:50:49+00:00
