- url: https://github.com/FairwindsOps/pluto/releases/download/v5.15.1/pluto_5.15.1_linux_amd64.tar.gz
  sha256: fe523bf36868d6c25dff7833f4efcc3699213578e835b6304d6e5e4346517dbd
  timestamp: 2023-03-01 10:19:41+00:00
- url: https://github.com/FairwindsOps/pluto/releases/download/v5.15.1/pluto_5.15.1_linux_arm64.tar.gz
  sha256: ab7274bb504c0974b9a4d07d478fed2f07a4b51a906520934f1220c7649248f0
  timestamp: 2023-03-01 10:19:41+00:00
