- url: https://github.com/XAMPPRocky/tokei/releases/download/v12.1.2/tokei-x86_64-unknown-linux-gnu.tar.gz
  sha256: c8c5c4ab9e1ff47e745de70f4af3214078657399fa7a0da0b5f209d780e49978
  timestamp: 2021-12-14 15:37:09+00:00
- url: https://github.com/XAMPPRocky/tokei/releases/download/v12.1.2/tokei-aarch64-unknown-linux-gnu.tar.gz
  sha256: ef514fd12cfc3ee2d1725e5ecb866ee1123163004879ec285b22f3323389ebe2
  timestamp: 2022-01-07 17:50:50+00:00
- url: https://github.com/XAMPPRocky/tokei/releases/download/v12.1.2/tokei-armv7-unknown-linux-gnueabihf.tar.gz
  sha256: cfd9b2cf23fbe4f8693a87f1e7652126205e0ef3c79c05c38dfaff238d557e71
  timestamp: 2022-01-07 17:50:50+00:00
- url: https://github.com/XAMPPRocky/tokei/releases/download/v13.0.0-alpha.0/tokei-aarch64-unknown-linux-gnu.tar.gz
  sha256: 2e1631127869cd538ca265421e19ee9837e55a8bcbed1de8941b5ddd551205b0
  timestamp: 2023-03-27 18:25:01+00:00
- url: https://github.com/XAMPPRocky/tokei/releases/download/v13.0.0-alpha.0/tokei-armv7-unknown-linux-gnueabihf.tar.gz
  sha256: 644a09a8914bf2057c35b8c82fda5c19581f56b707fccf67fdb502d0a1bbdee2
  timestamp: 2023-03-27 18:25:01+00:00
