- url: https://dl.elv.sh/linux-amd64/elvish-v0.18.0.tar.gz
  sha256: 94ad361552d6fa4c192240e8b334b9aceb08e75972936518cdfcb9fa939c050b
  timestamp: 2023-08-06 12:07:57+00:00
- url: https://dl.elv.sh/linux-amd64/elvish-v0.19.1.tar.gz
  sha256: 7ac2b60d309a271696306c45c840bc2587a4e5f37c7c8ee3d312a75c0dcc18e0
  timestamp: 2023-08-06 12:07:57+00:00
- url: https://dl.elv.sh/linux-amd64/elvish-v0.19.2.tar.gz
  sha256: 38c65e8af34bed75f5d3c3a0726f7e582bcf93dfbcb1f8c04d95c43680cee4b6
  timestamp: 2023-08-06 12:07:57+00:00
- url: https://dl.elv.sh/linux-arm64/elvish-v0.18.0.tar.gz
  sha256: 0cc512e3d212ed777a9c5402ae7b2cf2119336ad343ea4374271922d2f6ef58a
  timestamp: 2023-08-06 12:07:57+00:00
- url: https://dl.elv.sh/linux-arm64/elvish-v0.19.1.tar.gz
  sha256: ad14883380274a85b2c55827f8875ef931a1520e6fa639947cfc9139385b840b
  timestamp: 2023-08-06 12:07:57+00:00
- url: https://dl.elv.sh/linux-arm64/elvish-v0.19.2.tar.gz
  sha256: 6fa04ea5e1c36f0a52b901fcb2472ce9fe549129b4b6aafde6c688349b43ac87
  timestamp: 2023-08-06 12:07:57+00:00
- url: https://dl.elv.sh/linux-amd64/elvish-v0.20.0.tar.gz
  sha256: 06d99c1b793d9fe0e33855a5891d54613622db808259464d385b6cc1c1f23c05
  timestamp: 2024-02-11 18:06:22+00:00
- url: https://dl.elv.sh/linux-arm64/elvish-v0.20.0.tar.gz
  sha256: 913962a1fe073d25907bf035686af46ab9ea27b0b22a68fdfcc6a87e6203ccfc
  timestamp: 2024-02-11 18:06:22+00:00
- url: https://dl.elv.sh/linux-amd64/elvish-v0.20.1.tar.gz
  sha256: bd9617b77af8f2833f9f6e8c04317df73f92c70bad36842dfc0d9c2ca88dcb07
  timestamp: 2024-02-14 15:05:44+00:00
- url: https://dl.elv.sh/linux-arm64/elvish-v0.20.1.tar.gz
  sha256: 7db169a6e2f0b70dd53721d4e91e00f92566e4e345aeed2cecb3d98c7ed213e7
  timestamp: 2024-02-14 15:05:44+00:00
- url: https://dl.elv.sh/linux-amd64/elvish-v0.21.0.tar.gz
  sha256: d78f961addda5d1d3bdd0c1a70ad23ca77a308c27008fb8b9ec83777b58f7572
  timestamp: 2024-08-14 15:05:55+00:00
- url: https://dl.elv.sh/linux-arm64/elvish-v0.21.0.tar.gz
  sha256: 5368c9dbdbcfe5565344ba73f0dbf87952b25a60d8e96de4347640c3a70437ee
  timestamp: 2024-08-14 15:05:55+00:00
