- url: https://releases.mattermost.com/desktop/5.0.4/mattermost-desktop-5.0.4-linux-x64.tar.gz
  sha256: cbd2981ce282eecfea1167c500d900cdd31bd041b0861025743b7d58e4cb9229
  timestamp: 2022-02-05 01:58:53+00:00
- url: https://releases.mattermost.com/desktop/5.1.0/mattermost-desktop-5.1.0-linux-x64.tar.gz
  sha256: 2a6b5052a8363836d9eb3263b27c25bc1faf851d716cad97f6aaa6669c9347bf
  timestamp: 2022-05-12 23:19:03+00:00
- url: https://releases.mattermost.com/desktop/5.1.1/mattermost-desktop-5.1.1-linux-x64.tar.gz
  sha256: ef4bad78fb225d7e8c9f232acccfd3878d4d3c955663538d15e9a20910d3a433
  timestamp: 2022-06-27 20:29:48+00:00
- url: https://releases.mattermost.com/desktop/5.2.0/mattermost-desktop-5.2.0-linux-x64.tar.gz
  sha256: a0a7388103901dfe885ea916108539ec307dffc789581bd8328dd56f6fd4229e
  timestamp: 2022-11-03 10:23:36+00:00
- url: https://releases.mattermost.com/desktop/5.2.1/mattermost-desktop-5.2.1-linux-x64.tar.gz
  sha256: d1ed8c4206f30da00fb36331bf0590864bd683221fee295109ad487155e01ca3
  timestamp: 2022-11-15 22:19:56+00:00
- url: https://releases.mattermost.com/desktop/5.2.2/mattermost-desktop-5.2.2-linux-x64.tar.gz
  sha256: b8a60053149e0c8963afffd2d305bd4f2c2190fe1c55281b04778d039f1255fb
  timestamp: 2022-12-06 16:20:59+00:00
