- url: https://github.com/argoproj/argo-cd/releases/download/v2.10.9/argocd-linux-amd64
  sha256: 459251513e56a1f103057c1436e4b7b3e5f326f2a726a61d29d151e364c62233
  timestamp: 2024-06-10 23:35:01+00:00
- url: https://github.com/argoproj/argo-cd/releases/download/v2.10.9/argocd-linux-arm64
  sha256: 75ee8d18f8e9ec92cf4ea6d8e67041903fe8c2d367a78f249429151bd9d6bfa2
  timestamp: 2024-06-10 23:35:01+00:00
- url: https://github.com/argoproj/argo-cd/releases/download/v2.11.2/argocd-linux-amd64
  sha256: 7d8e20974e94145cbfbf342accd5436d439344474ec8fb1e742c8b7c006eb663
  timestamp: 2024-06-10 23:35:01+00:00
- url: https://github.com/argoproj/argo-cd/releases/download/v2.11.2/argocd-linux-arm64
  sha256: 6edb2ab322bfbd51801187a90dc7613b4324e8f7e171ed37ef22fdce95158d07
  timestamp: 2024-06-10 23:35:01+00:00
- url: https://github.com/argoproj/argo-cd/releases/download/v2.11.3/argocd-linux-amd64
  sha256: 6b7551e83e8296a7b0ee265400429e81185fc49f012b537016ded6ef17c178f0
  timestamp: 2024-06-10 23:35:01+00:00
- url: https://github.com/argoproj/argo-cd/releases/download/v2.11.3/argocd-linux-arm64
  sha256: fb7fb985ffdae09e930666ff705ffe11cbe3c4eb6edb647c44cc8599b2dff193
  timestamp: 2024-06-10 23:35:01+00:00
- url: https://github.com/argoproj/argo-cd/releases/download/v2.11.4/argocd-linux-amd64
  sha256: 3ce85b8eda1397911d21e7e1a808be0d80ccc253d63ec4395becb9ebefaf6f84
  timestamp: 2024-07-15 18:07:39+00:00
- url: https://github.com/argoproj/argo-cd/releases/download/v2.11.4/argocd-linux-arm64
  sha256: e14994174e8347ea2176c22a8c722ad21e770559fdd2349a307f8a939ab9695f
  timestamp: 2024-07-15 18:07:39+00:00
- url: https://github.com/argoproj/argo-cd/releases/download/v2.11.5/argocd-linux-amd64
  sha256: cfab3b2508ea2d757d4ef143ce730927e0b543c6444a99af028b5a2c9cf82ab6
  timestamp: 2024-07-15 21:06:41+00:00
- url: https://github.com/argoproj/argo-cd/releases/download/v2.11.5/argocd-linux-arm64
  sha256: 2d9f312eedaf035d2b38ebfd57b84ab2772d1389ff537b29b0a61c3f7a6081f8
  timestamp: 2024-07-15 21:06:41+00:00
- url: https://github.com/argoproj/argo-cd/releases/download/v2.11.6/argocd-linux-amd64
  sha256: d645ffd8c70fe8bb51c0c9a2cc639275f8ea1c2cba24de032341d3deecd5fc85
  timestamp: 2024-07-23 18:07:18+00:00
- url: https://github.com/argoproj/argo-cd/releases/download/v2.11.6/argocd-linux-arm64
  sha256: ba7b71f7bfeae68d72f57ed4bb354227e2f441a5a20b721e218df32bf9916e66
  timestamp: 2024-07-23 18:07:18+00:00
- url: https://github.com/argoproj/argo-cd/releases/download/v2.11.7/argocd-linux-amd64
  sha256: 64db335c5b1b6b63ab5d6530894429a803897d2ab8293272ad6e8e166e677b35
  timestamp: 2024-07-24 21:06:29+00:00
- url: https://github.com/argoproj/argo-cd/releases/download/v2.11.7/argocd-linux-arm64
  sha256: db8bfa0b17d462a2e2234c17b2c5f6705181f0413efd40bb71438b881f3f4621
  timestamp: 2024-07-24 21:06:29+00:00
- url: https://github.com/argoproj/argo-cd/releases/download/v2.12.0/argocd-linux-amd64
  sha256: cb023d0c80cef81ee47dde01a6e7a255078271e3954a5ae20be34c16f97cdfa5
  timestamp: 2024-08-05 15:06:00+00:00
- url: https://github.com/argoproj/argo-cd/releases/download/v2.12.0/argocd-linux-arm64
  sha256: ae9e1bff033a27748bf7e0eb5de6ced3d00a480b3805d8af1ba6a140918add19
  timestamp: 2024-08-05 15:06:00+00:00
- url: https://github.com/argoproj/argo-cd/releases/download/v2.12.1/argocd-linux-amd64
  sha256: 6b08b92c20af25a50cb8ab6bd46a935a666f41801e1d9d1ffee2acc59b752d09
  timestamp: 2024-08-16 18:07:37+00:00
- url: https://github.com/argoproj/argo-cd/releases/download/v2.12.1/argocd-linux-arm64
  sha256: fd2f976c607130bab6f5f722ddaaed82ca14b81eb7db8283daa1dae4176e9fa1
  timestamp: 2024-08-16 18:07:37+00:00
- url: https://github.com/argoproj/argo-cd/releases/download/v2.12.2/argocd-linux-amd64
  sha256: 97a6017702acf7369d29fbaee58aaec7007144939b4cc764ce184efdf11e3c3b
  timestamp: 2024-08-23 06:07:42+00:00
- url: https://github.com/argoproj/argo-cd/releases/download/v2.12.2/argocd-linux-arm64
  sha256: ab4317f07f3e3758f5b958561c02f737c071ef9bf88989823d3e120d7ada0d1a
  timestamp: 2024-08-23 06:07:42+00:00
- url: https://github.com/argoproj/argo-cd/releases/download/v2.12.3/argocd-linux-amd64
  sha256: 28350b3d67b441a1871ea1ef957ffd0a62d4c1827c0ce261aba63809113ab783
  timestamp: 2024-08-27 15:06:18+00:00
- url: https://github.com/argoproj/argo-cd/releases/download/v2.12.3/argocd-linux-arm64
  sha256: f9efd161fe650cd0ec3de3f28fe7fe450322a55f7e67a16d8bf9baed45d5eda1
  timestamp: 2024-08-27 15:06:18+00:00
- url: https://github.com/argoproj/argo-cd/releases/download/v2.12.4/argocd-linux-amd64
  sha256: a0ee9ef688dbb8561a1bce866c0eb5f3fe872515fbcf575949711c4997b07015
  timestamp: 2024-10-04 15:06:15+00:00
- url: https://github.com/argoproj/argo-cd/releases/download/v2.12.4/argocd-linux-arm64
  sha256: aea22c482fd5a3964c79c88faff1cf234eaf55106e09d8b99c67f10ae4c7d9c6
  timestamp: 2024-10-04 15:06:15+00:00
- url: https://github.com/argoproj/argo-cd/releases/download/v2.12.5/argocd-linux-amd64
  sha256: 1363085878540aeacddbf87771d7175cf0aa5b2ae06f0ed6482d387af974c1e0
  timestamp: 2024-10-18 00:26:47+00:00
- url: https://github.com/argoproj/argo-cd/releases/download/v2.12.5/argocd-linux-arm64
  sha256: 9fb64305feaf60ca3d5997060721f9682a2b4c6bb9048306f1b46b2614492de2
  timestamp: 2024-10-18 00:26:47+00:00
- url: https://github.com/argoproj/argo-cd/releases/download/v2.12.6/argocd-linux-amd64
  sha256: efecedeb09f07b09ad4457467ceb103e1269004f34f7420a531372b13122fd2b
  timestamp: 2024-10-19 00:26:49+00:00
- url: https://github.com/argoproj/argo-cd/releases/download/v2.12.6/argocd-linux-arm64
  sha256: 5d041f366f4f317b3edd8b827b3001dd633a75b9c0ef84ac7a4429cf00439395
  timestamp: 2024-10-19 00:26:49+00:00
- url: https://github.com/argoproj/argo-cd/releases/download/v2.13.0/argocd-linux-amd64
  sha256: 07e4d550d84a8ec210e906047850a501a0c1a8aa18178ac5c7b0dc85c4053ad6
  timestamp: 2024-11-04 15:06:54+00:00
- url: https://github.com/argoproj/argo-cd/releases/download/v2.13.0/argocd-linux-arm64
  sha256: ee603836e70ad09110b7ff29bd489b3e537034695f326457db8794d38387646f
  timestamp: 2024-11-04 15:06:54+00:00
- url: https://github.com/argoproj/argo-cd/releases/download/v2.13.1/argocd-linux-amd64
  sha256: 8e436f0429d2a88b3181d2cfc460c034070e0ee1c665467271e5d75eb4d55f7f
  timestamp: 2024-11-20 18:08:27+00:00
- url: https://github.com/argoproj/argo-cd/releases/download/v2.13.1/argocd-linux-arm64
  sha256: 76cbc9044c6c8f989302e0354516a95b485e1c9c5eba431fef6a669b2fbd3be4
  timestamp: 2024-11-20 18:08:27+00:00
- url: https://github.com/argoproj/argo-cd/releases/download/v2.13.2/argocd-linux-amd64
  sha256: 5a10d1ebc4b903c9cb56279f66ec983134c87c252d9a9d2596dde9867359ef67
  timestamp: 2024-12-12 00:29:28+00:00
- url: https://github.com/argoproj/argo-cd/releases/download/v2.13.2/argocd-linux-arm64
  sha256: 5d7ab2e2d667664f5522e76b25e92b46aaad13f9d5bee6c3fd0f17dea9ad9e66
  timestamp: 2024-12-12 00:29:28+00:00
- url: https://github.com/argoproj/argo-cd/releases/download/v2.13.3/argocd-linux-amd64
  sha256: 24699b29efe24ef7cce463b54fc0341f6496d97a7c54c9fccaa737e8eb99296f
  timestamp: 2025-01-03 21:06:07+00:00
- url: https://github.com/argoproj/argo-cd/releases/download/v2.13.3/argocd-linux-arm64
  sha256: b2ee688410882fbdc530cae047a88e7e7533968f046968f2adbbbd0d618bd2bb
  timestamp: 2025-01-03 21:06:07+00:00
- url: https://github.com/argoproj/argo-cd/releases/download/v2.13.4/argocd-linux-amd64
  sha256: 7aee35fedfe2db7d62745334796f066e59af4c9ef2a9e7fa21dd5305997504ca
  timestamp: 2025-01-30 00:26:28+00:00
- url: https://github.com/argoproj/argo-cd/releases/download/v2.13.4/argocd-linux-arm64
  sha256: d2d2390cd7733bc1deb2b37501b437c07853d472b23b4808fcc702f3b7cbc3f5
  timestamp: 2025-01-30 00:26:28+00:00
- url: https://github.com/argoproj/argo-cd/releases/download/v2.14.0/argocd-linux-amd64
  sha256: e66690ebe13934a116894e2ef40ace57d0d33538bfec3599385351772f24c96e
  timestamp: 2025-02-03 21:06:18+00:00
- url: https://github.com/argoproj/argo-cd/releases/download/v2.14.0/argocd-linux-arm64
  sha256: 2ffe4298ea9939b00f5e9a26a9311c368436d57babafe19a748a73c6feed9b06
  timestamp: 2025-02-03 21:06:18+00:00
- url: https://github.com/argoproj/argo-cd/releases/download/v2.14.1/argocd-linux-amd64
  sha256: 3df8a0f614fac04624e591d0d232aae17d3cf0426c055dfff6ded6b79cf480a0
  timestamp: 2025-02-04 06:09:20+00:00
- url: https://github.com/argoproj/argo-cd/releases/download/v2.14.1/argocd-linux-arm64
  sha256: b7815040b02d03ccaa721cfcdff5786cd233b77cd3f9fc291c95ac85a0ba9faf
  timestamp: 2025-02-04 06:09:20+00:00
- url: https://github.com/argoproj/argo-cd/releases/download/v2.14.2/argocd-linux-amd64
  sha256: 3445727dfa8a91ca9df03030a632f7a3e67c5e30e697e8f0242fd3e7915a241a
  timestamp: 2025-02-06 00:27:38+00:00
- url: https://github.com/argoproj/argo-cd/releases/download/v2.14.2/argocd-linux-arm64
  sha256: 55a1d133c36fffe3ec143548370b3df77795e2a6bcd96fa267fda9f3358ab866
  timestamp: 2025-02-06 00:27:38+00:00
- url: https://github.com/argoproj/argo-cd/releases/download/v2.14.5/argocd-linux-amd64
  sha256: 739af600a568728cfb0fcc9c96bb63e5f56cc9fdb61a9d7416bd5dbdc9985c9b
  timestamp: 2025-03-13 09:08:25+00:00
- url: https://github.com/argoproj/argo-cd/releases/download/v2.14.5/argocd-linux-arm64
  sha256: 3d6a8b1c46e2289c572894b4d8c85b99c59fbddba2d93459c793d630b01f5d7d
  timestamp: 2025-03-13 09:08:25+00:00
- url: https://github.com/argoproj/argo-cd/releases/download/v2.14.7/argocd-linux-amd64
  sha256: ada78388f915ec4cdc68a0c7de0df1763cee3ca2f295759659cfd9bb94cd68a1
  timestamp: 2025-03-23 18:08:35+00:00
- url: https://github.com/argoproj/argo-cd/releases/download/v2.14.7/argocd-linux-arm64
  sha256: 3cfcc4be72b9fc3e975861cd6442c31a7b8181719aea1d331954dc2d95f5c013
  timestamp: 2025-03-23 18:08:35+00:00
- url: https://github.com/argoproj/argo-cd/releases/download/v2.14.9/argocd-linux-amd64
  sha256: b7e91eef22e7b2a71f1b1b1753fbb363dc2e56ada2064392a328ed7f418eedd3
  timestamp: 2025-04-02 21:14:21+00:00
- url: https://github.com/argoproj/argo-cd/releases/download/v2.14.9/argocd-linux-arm64
  sha256: ff044f62c31b70f97e7ebffb75c7a8b0acc3301c375fabeeee11fbfb7946564f
  timestamp: 2025-04-02 21:14:21+00:00
- url: https://github.com/argoproj/argo-cd/releases/download/v2.14.10/argocd-linux-amd64
  sha256: d1750274a336f0a090abf196a832cee14cb9f1c2fc3d20d80b0dbfeff83550fa
  timestamp: 2025-04-16 15:08:51+00:00
- url: https://github.com/argoproj/argo-cd/releases/download/v2.14.10/argocd-linux-arm64
  sha256: d9406019f11f3df4d1287adc86b1e4218feb1fbee018c30f14210568eb7f9ce0
  timestamp: 2025-04-16 15:08:51+00:00
- url: https://github.com/argoproj/argo-cd/releases/download/v2.14.11/argocd-linux-amd64
  sha256: 78438cfffeb56b34dae868c16154a481b177af68ee6fcb5e11730ae476a1b252
  timestamp: 2025-04-29 18:10:09+00:00
- url: https://github.com/argoproj/argo-cd/releases/download/v2.14.11/argocd-linux-arm64
  sha256: 209f976280ca649b5d33834c8c4438ea18e7776a59e5b587932ccf0db5742534
  timestamp: 2025-04-29 18:10:09+00:00
- url: https://github.com/argoproj/argo-cd/releases/download/v3.0.0/argocd-linux-amd64
  sha256: f04034734240d300a5aae22bf248bca6151a786975c7106ccc080f3eae758171
  timestamp: 2025-05-06 12:12:51+00:00
- url: https://github.com/argoproj/argo-cd/releases/download/v3.0.0/argocd-linux-arm64
  sha256: bf31a4eaf259297d9619c79e278fca6b1e651f62443595208760aca9f9eceb2f
  timestamp: 2025-05-06 12:12:51+00:00
- url: https://github.com/argoproj/argo-cd/releases/download/v3.0.3/argocd-linux-amd64
  sha256: 0973a5f14b2bdfb5e03263cca17ddd5fc20704e524f22fb2f8f412b4a87b7a1b
  timestamp: 2025-05-25 09:07:55+00:00
- url: https://github.com/argoproj/argo-cd/releases/download/v3.0.3/argocd-linux-arm64
  sha256: e1af8e4e0262f5ee5975cd3c444674622f9b2496b3115c0983b7ae811dfe03fe
  timestamp: 2025-05-25 09:07:55+00:00
- url: https://github.com/argoproj/argo-cd/releases/download/v3.0.4/argocd-linux-amd64
  sha256: e09742b67fa8ffb984edf1dc4db496813ce1236dcce9368fbb31de76a4758e1d
  timestamp: 2025-05-28 18:08:57+00:00
- url: https://github.com/argoproj/argo-cd/releases/download/v3.0.4/argocd-linux-arm64
  sha256: da9f51b33a909779992a343ddd0ffa5565d6cba0165b6a4123e20eab134ac47c
  timestamp: 2025-05-28 18:08:57+00:00
- url: https://github.com/argoproj/argo-cd/releases/download/v3.0.5/argocd-linux-amd64
  sha256: 9b2ccd49b8d1f2c7c9a1447937f48f5ea1751c189fa3f7da0d272cc16a5ad856
  timestamp: 2025-05-29 21:06:50+00:00
- url: https://github.com/argoproj/argo-cd/releases/download/v3.0.5/argocd-linux-arm64
  sha256: 4887d7fb0f15246c326c472bab4204733ff6a467b1318bf8d190def35e3decb4
  timestamp: 2025-05-29 21:06:50+00:00
- url: https://github.com/argoproj/argo-cd/releases/download/v3.0.6/argocd-linux-amd64
  sha256: ae3257671dd0b7a787b21a70db43c3c869adec5dd520c90b419871a5ca1a8fc9
  timestamp: 2025-06-10 00:32:28+00:00
- url: https://github.com/argoproj/argo-cd/releases/download/v3.0.6/argocd-linux-arm64
  sha256: 428ce0f030fd32ecf3cd6b89af169eb1f854479e86186ca623b456065cf963fa
  timestamp: 2025-06-10 00:32:28+00:00
- url: https://github.com/argoproj/argo-cd/releases/download/v3.0.11/argocd-linux-amd64
  sha256: 8320c021c085ed0d4fc3a7a7916c730f5836c6f6f9b10483164b5aabfaa640cd
  timestamp: 2025-07-18 12:04:46+00:00
- url: https://github.com/argoproj/argo-cd/releases/download/v3.0.11/argocd-linux-arm64
  sha256: 2f8e5c9167b647b5784745c276ec04320374607913ac35ed3ea4e25a29f2e770
  timestamp: 2025-07-18 12:04:46+00:00
- url: https://github.com/argoproj/argo-cd/releases/download/v3.0.12/argocd-linux-amd64
  sha256: f76e6dcac0aa6dc5ba97bd9de5557e283f0b530702acec56aeec8eeb90c4c97f
  timestamp: 2025-07-26 00:08:30+00:00
- url: https://github.com/argoproj/argo-cd/releases/download/v3.0.12/argocd-linux-arm64
  sha256: f51506939ea63d5403bd3ca94a2fe0cfd6f2d9304bd976a7d122082511faf8e7
  timestamp: 2025-07-26 00:08:30+00:00
- url: https://github.com/argoproj/argo-cd/releases/download/v3.1.0/argocd-linux-amd64
  sha256: e66a334908fdc74fe128a498c864f04159a9c04b49534a94e032173f0df019ee
  timestamp: 2025-08-14 00:08:36+00:00
- url: https://github.com/argoproj/argo-cd/releases/download/v3.1.0/argocd-linux-arm64
  sha256: a455278f9ef200b841ef04692fcfd99b07f2fb0d3d472067133f24dcf31a9121
  timestamp: 2025-08-14 00:08:36+00:00
- url: https://github.com/argoproj/argo-cd/releases/download/v3.1.1/argocd-linux-amd64
  sha256: f18d8912610f73b6ae8ba2eaa8428b3302578bd9d85310595a03a7656ca15508
  timestamp: 2025-08-25 18:03:32+00:00
- url: https://github.com/argoproj/argo-cd/releases/download/v3.1.1/argocd-linux-arm64
  sha256: ce611dccc2494a59ae8aa3a89df2a76702eab6b4cd02e20ddce266c8dc5b0ad1
  timestamp: 2025-08-25 18:03:32+00:00
- url: https://github.com/argoproj/argo-cd/releases/download/v3.1.3/argocd-linux-amd64
  sha256: b4c58a25e76f91cc733a83bb618c09ece43dae476ed5361f6ac1972e30d477d2
  timestamp: 2025-09-05 00:08:35+00:00
- url: https://github.com/argoproj/argo-cd/releases/download/v3.1.3/argocd-linux-arm64
  sha256: b80a478790e9d0d82fa45fbf2767806a4a5ccfb55511b55910e2f2c6af8ce08a
  timestamp: 2025-09-05 00:08:35+00:00
- url: https://github.com/argoproj/argo-cd/releases/download/v3.1.4/argocd-linux-amd64
  sha256: 7def0aa3cc9ebcd6acdddc27244e7ea4de448d872a9ab0cf6cab4b1e653841a6
  timestamp: 2025-09-09 18:03:12+00:00
- url: https://github.com/argoproj/argo-cd/releases/download/v3.1.4/argocd-linux-arm64
  sha256: f567b93552e250d2d7318189229661b41642efd863b3125a53978271cad73179
  timestamp: 2025-09-09 18:03:12+00:00
- url: https://github.com/argoproj/argo-cd/releases/download/v3.1.5/argocd-linux-amd64
  sha256: 8e6491da64b3011ef105d62fa61b3177a282c388e57e408d4103a8ae5c9eb11b
  timestamp: 2025-09-10 18:03:12+00:00
- url: https://github.com/argoproj/argo-cd/releases/download/v3.1.5/argocd-linux-arm64
  sha256: 71f7371f965f92d38075feb664ac07a52232c3a572ca6bfb72821f973a417e4b
  timestamp: 2025-09-10 18:03:12+00:00
- url: https://github.com/argoproj/argo-cd/releases/download/v3.1.6/argocd-linux-amd64
  sha256: 57b35f29771b0c2fd5e8ae0c6ffca2faf47a954780759d80b6ec1a2a738c75e7
  timestamp: 2025-09-19 18:03:19+00:00
- url: https://github.com/argoproj/argo-cd/releases/download/v3.1.6/argocd-linux-arm64
  sha256: 1862fc40cfe3b69d0e7715c919764706c2619a84f16b458263248aaa77ad2213
  timestamp: 2025-09-19 18:03:19+00:00
- url: https://github.com/argoproj/argo-cd/releases/download/v3.1.7/argocd-linux-amd64
  sha256: 08e42a0483743cfec5235ed4fa8c19adf449682ab535bfe2529c5152d4f87c8e
  timestamp: 2025-09-23 00:08:17+00:00
- url: https://github.com/argoproj/argo-cd/releases/download/v3.1.7/argocd-linux-arm64
  sha256: 2d9d257ac944e012e69fb09eae6241c6af0fcf475711b7f79e2fc2f070504a6d
  timestamp: 2025-09-23 00:08:17+00:00
- url: https://github.com/argoproj/argo-cd/releases/download/v3.1.8/argocd-linux-amd64
  sha256: bfc45149df6dc8408cee3c1c66e865adde1439d8f419657513b56704d73f1e4d
  timestamp: 2025-09-30 18:03:25+00:00
- url: https://github.com/argoproj/argo-cd/releases/download/v3.1.8/argocd-linux-arm64
  sha256: c7993dac72edb79c036cf1a62f6ea888af4726cd0ff9aa4c1ed904419f2d992a
  timestamp: 2025-09-30 18:03:25+00:00
- url: https://github.com/argoproj/argo-cd/releases/download/v3.1.9/argocd-linux-amd64
  sha256: b0ff7f070956998e7c4847ba3febafc5eb69f4d175071bb7d19ba872d13074ba
  timestamp: 2025-10-18 00:07:34+00:00
- url: https://github.com/argoproj/argo-cd/releases/download/v3.1.9/argocd-linux-arm64
  sha256: 4f9195f908f7024490f80e0899abed63affd022c89f9f106f34c8ee6f9380f98
  timestamp: 2025-10-18 00:07:34+00:00
- url: https://github.com/argoproj/argo-cd/releases/download/v3.2.0/argocd-linux-amd64
  sha256: b76ec97bedc59d1e1a0913d4fe3894d2f2a6f765e0cc1cabf362141636002051
  timestamp: 2025-11-04 18:03:29+00:00
- url: https://github.com/argoproj/argo-cd/releases/download/v3.2.0/argocd-linux-arm64
  sha256: ed31089074b0bd16850b4d8941346e36ac1a5de77e682da8d8717b989ae80425
  timestamp: 2025-11-04 18:03:29+00:00
- url: https://github.com/argoproj/argo-cd/releases/download/v3.2.1/argocd-linux-amd64
  sha256: 41ed7d1d2b4ed893e2351f781b0bf2a58301521d12d23dfd0cb3df40f7a7a38d
  timestamp: 2025-11-30 18:03:03+00:00
- url: https://github.com/argoproj/argo-cd/releases/download/v3.2.1/argocd-linux-arm64
  sha256: 5165b0334d51c276d2889dd7de2e61cc1b280749871a7ad6771c1b5f0c4d03c2
  timestamp: 2025-11-30 18:03:03+00:00
- url: https://github.com/argoproj/argo-cd/releases/download/v3.2.2/argocd-linux-amd64
  sha256: 34fb3d2eaf6fa3fadd0288d45782aa6844047df021344ec1a83304bd910e56cc
  timestamp: 2025-12-18 12:04:34+00:00
- url: https://github.com/argoproj/argo-cd/releases/download/v3.2.2/argocd-linux-arm64
  sha256: 54724a26e2c4606aff5a3a331b1813a4844b4e6bb5312314a4a3732a9fde63a3
  timestamp: 2025-12-18 12:04:34+00:00
- url: https://github.com/argoproj/argo-cd/releases/download/v3.2.3/argocd-linux-amd64
  sha256: 5599fde1233710d4196a9f88a58dcefc4f0dc1035e7fb91e79e3e270572c88bd
  timestamp: 2025-12-24 18:03:21+00:00
- url: https://github.com/argoproj/argo-cd/releases/download/v3.2.3/argocd-linux-arm64
  sha256: cdf9bb6c9843de3e459d331fbba65c58eac67e6b3efc7ca4f7e7e331a588f1f7
  timestamp: 2025-12-24 18:03:21+00:00
- url: https://github.com/argoproj/argo-cd/releases/download/v3.2.4/argocd-linux-amd64
  sha256: 8fb71fc500c3f783520cdd9504e9ab3290cdea61425ea47563682b7d47b2b4a9
  timestamp: 2026-01-13 18:04:22+00:00
- url: https://github.com/argoproj/argo-cd/releases/download/v3.2.4/argocd-linux-arm64
  sha256: 3ef095618d739d08e4bc75c3df524c3bdf11baf7b90b6b06eac6d95b755bbc2d
  timestamp: 2026-01-13 18:04:22+00:00
- url: https://github.com/argoproj/argo-cd/releases/download/v3.2.5/argocd-linux-amd64
  sha256: b6f0cda6b9b59a01b72d35afcbe3ce6302875766cd3120b58da8df11c85d06d4
  timestamp: 2026-01-14 18:03:37+00:00
- url: https://github.com/argoproj/argo-cd/releases/download/v3.2.5/argocd-linux-arm64
  sha256: 0ffe10db4e44216d69896de11998aab9fadc67baa0d6eb604820bd9fa98bf693
  timestamp: 2026-01-14 18:03:37+00:00
- url: https://github.com/argoproj/argo-cd/releases/download/v3.2.6/argocd-linux-amd64
  sha256: ebe1676c353ae3784551d859603f8d680e524659e120beb79be81a2645b09349
  timestamp: 2026-01-23 00:10:04+00:00
- url: https://github.com/argoproj/argo-cd/releases/download/v3.2.6/argocd-linux-arm64
  sha256: 79ab1456e460bfa23afc6aa397383ff9c9277d98d570259d27c17198c99bdf88
  timestamp: 2026-01-23 00:10:04+00:00
