- url: https://github.com/neovim/neovim/releases/download/v0.10.1/nvim-linux64.tar.gz
  sha256: 4867de01a17f6083f902f8aa5215b40b0ed3a36e83cc0293de3f11708f1f9793
  timestamp: 2024-10-21 12:11:13+00:00
- url: https://github.com/neovim/neovim/releases/download/v0.10.2/nvim-linux64.tar.gz
  sha256: 9f696e635d503b844e4e78e88a22bcf512a78f288bf471379afc3d0004e15217
  timestamp: 2024-10-21 12:11:13+00:00
