- url: https://github.com/Shopify/kubeaudit/releases/download/v0.21.0/kubeaudit_0.21.0_linux_amd64.tar.gz
  sha256: 4b7222adf273f8c7cb37d0207ca54143a571e953613a5bfb7e3f7d1988d23d00
  timestamp: 2023-01-03 23:06:26+00:00
- url: https://github.com/Shopify/kubeaudit/releases/download/v0.21.0/kubeaudit_0.21.0_linux_arm64.tar.gz
  sha256: e1c8dcadb55532cbe057a239069873e194377365575f0de705af00f03bac9abd
  timestamp: 2023-01-03 23:06:26+00:00
- url: https://github.com/aquasecurity/trivy/releases/download/v0.38.1/trivy_0.38.1_Linux-64bit.tar.gz
  sha256: 5bc142306bd3cc827b16882bd63a6fc2bb4a8389f6e0270cc6fc8772dd7bbc9c
  timestamp: 2023-03-02 21:17:31+00:00
- url: https://github.com/aquasecurity/trivy/releases/download/v0.38.1/trivy_0.38.1_Linux-ARM.tar.gz
  sha256: 836c2b2e11b0c4b732a8782415b0894cb0d93d4ac30abc086c10ba67d6fee470
  timestamp: 2023-03-02 21:17:31+00:00
- url: https://github.com/aquasecurity/trivy/releases/download/v0.38.1/trivy_0.38.1_Linux-ARM64.tar.gz
  sha256: 5674b71a62a69e651e6fe25f2522de5253bff6e3355bf54ba44dd014575bb82e
  timestamp: 2023-03-02 21:17:31+00:00
- url: https://github.com/epi052/feroxbuster/releases/download/2.7.1/aarch64-feroxbuster.zip
  sha256: bf7478e33140bd12a0480e2f19cdf0943cf7d7bf20bfcb02953642966843ec36
  timestamp: 2023-01-03 23:06:26+00:00
- url: https://github.com/epi052/feroxbuster/releases/download/2.7.1/armv7-feroxbuster.zip
  sha256: f6395cbbd282c3dcba404c6155ca4f721075e510945af9c6766ce7e7f1e74e4b
  timestamp: 2023-01-03 23:06:26+00:00
- url: https://github.com/epi052/feroxbuster/releases/download/2.7.1/x86_64-linux-feroxbuster.zip
  sha256: 4f78e276db5c6db290fc27fead807c5c961f1374acacd655f906be54a78429b0
  timestamp: 2023-01-03 23:06:26+00:00
- url: https://github.com/future-architect/vuls/releases/download/v0.22.1/vuls-scanner_0.22.1_linux_amd64.tar.gz
  sha256: cc7a39eae0b23316b917e02be26117497b8c0a8cd90eb4e9eeddf43cffab1424
  timestamp: 2023-03-01 06:26:25+00:00
- url: https://github.com/future-architect/vuls/releases/download/v0.22.1/vuls-scanner_0.22.1_linux_arm64.tar.gz
  sha256: 003924b89ddb260d5e98c11fa8d51d27802dc16f31dd8b44329164eb66078643
  timestamp: 2023-03-01 06:26:25+00:00
- url: https://github.com/future-architect/vuls/releases/download/v0.22.1/vuls-scanner_0.22.1_linux_armv6.tar.gz
  sha256: 1c83270927796d72c7bc2e0b7440a1fbaabe8bea1a2688eaae09175cf1dc7d97
  timestamp: 2023-03-01 06:26:25+00:00
- url: https://github.com/stackrox/kube-linter/releases/download/0.6.0/kube-linter-linux
  sha256: 20a24b61c6cd0f0e948ae3e6101a0c7d3b30f74bd5a9e9f7e9a477d44e6b0868
  timestamp: 2023-01-19 15:21:51+00:00
- url: https://github.com/tenable/terrascan/releases/download/v1.18.0/terrascan_1.18.0_Linux_arm64.tar.gz
  sha256: c054f43c8bbec8bb1f078982b3720c5d8e6a8c50203d770053cf6d9425d6c99e
  timestamp: 2023-02-06 15:01:50+00:00
- url: https://github.com/tenable/terrascan/releases/download/v1.18.0/terrascan_1.18.0_Linux_x86_64.tar.gz
  sha256: cabf9ef46cc9aadcced34c1ad992dffbc12cc1f28a9e16ad9ce341b90967e1fb
  timestamp: 2023-02-06 15:01:50+00:00
- url: https://releases.hashicorp.com/boundary/0.12.0/boundary_0.12.0_linux_amd64.zip
  sha256: f74bbbb7ae86b02caf6033502ab77d1fbc0ea38c4d0351ccb56894385269eee3
  timestamp: 2023-02-08 18:24:43+00:00
- url: https://releases.hashicorp.com/boundary/0.12.0/boundary_0.12.0_linux_arm.zip
  sha256: 6a9620447efbbaf3a14c2cff48fc922e17c302ce890f585b37dfa3cb04e65bd5
  timestamp: 2023-02-08 18:24:43+00:00
- url: https://releases.hashicorp.com/boundary/0.12.0/boundary_0.12.0_linux_arm64.zip
  sha256: 138e7c1ca02747ea26849d0ddfe96c10c908b88d0d6d714c09656b3e7e695451
  timestamp: 2023-02-08 18:24:43+00:00
- url: https://releases.hashicorp.com/vault/1.13.0/vault_1.13.0_linux_amd64.zip
  sha256: 69c1ce6dd383bb342c4f861a51a91413eb05e1324159e4395532e42a8a59af9d
  timestamp: 2023-03-04 01:17:25+00:00
- url: https://releases.hashicorp.com/vault/1.13.0/vault_1.13.0_linux_arm.zip
  sha256: 7a63fd0e7e5d7edf7c68d4d0fac9f3aa6cab7a304fc4eb0390fa935a7fb3f898
  timestamp: 2023-03-04 01:17:25+00:00
- url: https://releases.hashicorp.com/vault/1.13.0/vault_1.13.0_linux_arm64.zip
  sha256: 3234f989678d510f54e0ca20c93e045a9b1a86e337b09f2962e573b81c9a9ebf
  timestamp: 2023-03-04 01:17:25+00:00
