- url: https://app.getambassador.io/download/tel2/linux/amd64/2.10.4/telepresence
  sha256: 3e056378eead4b57609e71c41afaf7e27b9ccadc5aacb9413b38b267c6ff6b6b
  timestamp: 2023-01-20 12:37:13+00:00
- url: https://app.getambassador.io/download/tel2/linux/arm64/2.10.4/telepresence
  sha256: c43ec8914ed4d8e36348371a6053b1586556696b1756c53bead5abc74680c138
  timestamp: 2023-01-20 12:37:13+00:00
- url: https://dl.min.io/client/mc/release/linux-amd64/archive/mc.RELEASE.2022-08-05T08-01-28Z
  sha256: dd5d54e0ad29e10652ff607640bac1dc7289930b6500ff7798ce6123e94a0e94
  timestamp: 2023-01-03 23:06:34+00:00
- url: https://dl.min.io/client/mc/release/linux-amd64/archive/mc.RELEASE.2022-12-24T15-21-38Z
  sha256: 8274f56d3ca69b2538fd818ff53a793c2fe1fc568489d97ee74d463123536aa6
  timestamp: 2023-01-10 09:34:51+00:00
- url: https://dl.min.io/client/mc/release/linux-arm/archive/mc.RELEASE.2022-08-05T08-01-28Z
  sha256: f7236e9820c504eb759e0627d8a869cd97c24424a0b31f5f8caf9eaacd641e87
  timestamp: 2023-01-03 23:06:34+00:00
- url: https://dl.min.io/client/mc/release/linux-arm/archive/mc.RELEASE.2022-12-24T15-21-38Z
  sha256: a3f9b4d2ed9beb4ae1fbc03e66f1f8af77afa8e17dc8118557e753ccd7869202
  timestamp: 2023-01-10 09:34:51+00:00
- url: https://dl.min.io/client/mc/release/linux-arm64/archive/mc.RELEASE.2022-08-05T08-01-28Z
  sha256: 23f7a2c7ba71941c55339253e3c3ed76d09b5e1121e5278fea816d339fd168fe
  timestamp: 2023-01-03 23:06:34+00:00
- url: https://dl.min.io/client/mc/release/linux-arm64/archive/mc.RELEASE.2022-12-24T15-21-38Z
  sha256: 5a29fb81e9a7d75b0afca9fbccfca6eba6c54e7dcefbe8b0ac662bc7a70e089a
  timestamp: 2023-01-10 09:34:51+00:00
- url: https://dl.min.io/server/minio/release/linux-amd64/archive/minio.RELEASE.2022-08-08T18-34-09Z
  sha256: c6712d5cfb4887941822403d291f7a56b7784aa6b219839767d83faece819230
  timestamp: 2023-01-03 23:06:34+00:00
- url: https://dl.min.io/server/minio/release/linux-amd64/archive/minio.RELEASE.2022-12-12T19-27-27Z
  sha256: cbb59260d85bb409467aebcb332053ebc0ad3dcea1e3385565851d32256baf44
  timestamp: 2023-01-10 09:37:15+00:00
- url: https://dl.min.io/server/minio/release/linux-arm/archive/minio.RELEASE.2022-08-08T18-34-09Z
  sha256: 799af5e1a67e66aa4d0fb044f27e0b3378be15eef153a2b8029f909342f5ae24
  timestamp: 2023-01-03 23:06:34+00:00
- url: https://dl.min.io/server/minio/release/linux-arm/archive/minio.RELEASE.2022-12-12T19-27-27Z
  sha256: a254c0ba0b7e4fe6bf16a90acd3dd104494623c84de91c0bf570900e8abaa821
  timestamp: 2023-01-10 09:37:15+00:00
- url: https://dl.min.io/server/minio/release/linux-arm64/archive/minio.RELEASE.2022-08-08T18-34-09Z
  sha256: 5b485e9d4eaa46284b93d43c7ee312ed7dca78b2281720787a759981371fb11b
  timestamp: 2023-01-03 23:06:34+00:00
- url: https://dl.min.io/server/minio/release/linux-arm64/archive/minio.RELEASE.2022-12-12T19-27-27Z
  sha256: cd8b3b1a09cf2624a8ec7dc64cacbb6c4fd1254134e52081753d319c41390aa0
  timestamp: 2023-01-10 09:37:15+00:00
- url: https://downloads.dockerslim.com/releases/1.40.0/dist_linux.tar.gz
  sha256: 6351236186464c60e5ccbab42856d2101725ab4136f63fde79f7169977567f79
  timestamp: 2023-01-16 01:39:39+00:00
- url: https://downloads.dockerslim.com/releases/1.40.0/dist_linux_arm.tar.gz
  sha256: bb9a28ce1c9350c71a0568cc830d65791ad51481466aaf7ce0992712d3b3f371
  timestamp: 2023-01-16 01:39:39+00:00
- url: https://downloads.dockerslim.com/releases/1.40.0/dist_linux_arm64.tar.gz
  sha256: a03cc7ff7c62704166c150537a3e7e46f0077d036afa985d69e9a098461abc98
  timestamp: 2023-01-16 01:39:39+00:00
- url: https://get.helm.sh/helm-v3.11.0-linux-amd64.tar.gz
  sha256: 6c3440d829a56071a4386dd3ce6254eab113bc9b1fe924a6ee99f7ff869b9e0b
  timestamp: 2023-01-18 18:22:50+00:00
- url: https://get.helm.sh/helm-v3.11.0-linux-arm.tar.gz
  sha256: cddbef72886c82a123038883f32b04e739cc4bd7b9e5f869740d51e50a38be01
  timestamp: 2023-01-18 18:22:50+00:00
- url: https://github.com/GoogleContainerTools/container-diff/releases/download/v0.17.0/container-diff-linux-amd64
  sha256: 818c219ce9f9670cd5c766b9da5036cf75bbf98bc99eb258f5e8f90e80367c88
  timestamp: 2023-01-03 23:06:34+00:00
- url: https://github.com/GoogleContainerTools/container-structure-test/releases/download/v1.14.0/container-structure-test-linux-amd64
  sha256: f778b05f0d7763f17912fc8dd75da630c0f1f9de293fbb63e96dcb19f0587ac0
  timestamp: 2023-01-03 23:06:34+00:00
- url: https://github.com/GoogleContainerTools/container-structure-test/releases/download/v1.14.0/container-structure-test-linux-arm64
  sha256: 6003e4855e669f95d95c6690609f23fa8d546557c92bcbad81ea04b0f5cb9d73
  timestamp: 2023-01-03 23:06:34+00:00
- url: https://github.com/GoogleContainerTools/skaffold/releases/download/v2.1.0/skaffold-linux-amd64
  sha256: 62fe1c68bf8b177e43fb900a4166b4f087ac5b68f927a6854d625bf38c8bcc41
  timestamp: 2023-01-23 21:16:28+00:00
- url: https://github.com/GoogleContainerTools/skaffold/releases/download/v2.1.0/skaffold-linux-arm64
  sha256: 31843ba1ea91d8fe62bdbc07e6c67fe57e1d2f847862305b89ffe34905fda2ec
  timestamp: 2023-01-23 21:16:28+00:00
- url: https://github.com/ahmetb/kubectx/releases/download/v0.9.4/kubectx_v0.9.4_linux_arm64.tar.gz
  sha256: 5fab3c0624a83cf8fff5c34d90f854af6fa8b501ed63306aaf5355303ae884ed
  timestamp: 2023-01-03 23:06:34+00:00
- url: https://github.com/ahmetb/kubectx/releases/download/v0.9.4/kubectx_v0.9.4_linux_armhf.tar.gz
  sha256: 7132ed27daf0c93b259452032703721bbc881bc1655a4eb5f6df3d489f1ef1bb
  timestamp: 2023-01-03 23:06:34+00:00
- url: https://github.com/ahmetb/kubectx/releases/download/v0.9.4/kubectx_v0.9.4_linux_x86_64.tar.gz
  sha256: db5a48e85ff4d8c6fa947e3021e11ba4376f9588dd5fa779a80ed5c18287db22
  timestamp: 2023-01-03 23:06:34+00:00
- url: https://github.com/ahmetb/kubectx/releases/download/v0.9.4/kubens_v0.9.4_linux_arm64.tar.gz
  sha256: 7c2d0d4d46338bf400ebba1b23947d35b25725b9b4e3e1932bb88b3ec3f96a5a
  timestamp: 2023-01-03 23:06:34+00:00
- url: https://github.com/ahmetb/kubectx/releases/download/v0.9.4/kubens_v0.9.4_linux_armhf.tar.gz
  sha256: f7b888ba40ec139e1321616d62953d850c6de8ece3ac6e5169a8faba4eadb1c8
  timestamp: 2023-01-03 23:06:34+00:00
- url: https://github.com/ahmetb/kubectx/releases/download/v0.9.4/kubens_v0.9.4_linux_x86_64.tar.gz
  sha256: 8b3672961fb15f8b87d5793af8bd3c1cca52c016596fbf57c46ab4ef39265fcd
  timestamp: 2023-01-03 23:06:34+00:00
- url: https://github.com/argoproj/argo-cd/releases/download/v2.5.9/argocd-linux-amd64
  sha256: 924dbe072ae142a30b04e57285e46ba9c0a9acaad72357cd9c83f48c2fbf825e
  timestamp: 2023-01-28 03:20:04+00:00
- url: https://github.com/banzaicloud/bank-vaults/releases/download/1.15.2/bank-vaults-linux-amd64.tar.gz
  sha256: 6afbb85bf6a6528a3b015e00a86c89b3f59bf49759baed6f6bca209677f02b24
  timestamp: 2023-01-03 23:06:34+00:00
- url: https://github.com/banzaicloud/bank-vaults/releases/download/1.15.2/bank-vaults-linux-arm64.tar.gz
  sha256: 83170f659bb886e880cc23077b93046a03900d9c31d73dcfeaf4aefb29d11ee2
  timestamp: 2023-01-03 23:06:34+00:00
- url: https://github.com/banzaicloud/bank-vaults/releases/download/1.15.2/vault-env-linux-amd64.tar.gz
  sha256: ceb25790d9efb87a089b1bfb2a4dc07993b7f14ffb2d9581193002c0c88002e2
  timestamp: 2023-01-03 23:06:34+00:00
- url: https://github.com/banzaicloud/bank-vaults/releases/download/1.15.2/vault-env-linux-arm64.tar.gz
  sha256: 4a525343fd0be02516cd9e7dba6144ef80a13d8982e2c03d7bea67dd8d8e9aa5
  timestamp: 2023-01-03 23:06:34+00:00
- url: https://github.com/bitnami-labs/sealed-secrets/releases/download/v0.19.4/kubeseal-0.19.4-linux-amd64.tar.gz
  sha256: a0f8c81dcb9ca5c52bec80bb706bcfa0c06786650d3aa29a170fb768364d91f2
  timestamp: 2023-01-16 15:20:12+00:00
- url: https://github.com/bitnami-labs/sealed-secrets/releases/download/v0.19.4/kubeseal-0.19.4-linux-arm.tar.gz
  sha256: 2ec2f22559cfd1087890a6c239efa3c7bce6e5575f0e703ae44ed73aca2ceabc
  timestamp: 2023-01-16 15:20:12+00:00
- url: https://github.com/bitnami-labs/sealed-secrets/releases/download/v0.19.4/kubeseal-0.19.4-linux-arm64.tar.gz
  sha256: 770cd9c7a227ab26bc8a56d00bcbc1a05b345501ac7b4c79d5ca8eaa6f7c31c7
  timestamp: 2023-01-16 15:20:12+00:00
- url: https://github.com/datreeio/datree/releases/download/1.8.21/datree-cli_1.8.21_Linux_arm64.zip
  sha256: ea5bde426051a767d34c8bcfc2159679b4b187fba99b41d6da160e897b3a0d95
  timestamp: 2023-01-31 15:19:53+00:00
- url: https://github.com/datreeio/datree/releases/download/1.8.21/datree-cli_1.8.21_Linux_x86_64.zip
  sha256: da153be605f74778dc9efaa0b517b3f6042271aa6414234492adcc8ce58ea8ad
  timestamp: 2023-01-31 15:19:53+00:00
- url: https://github.com/derailed/k9s/releases/download/v0.26.7/k9s_Linux_arm.tar.gz
  sha256: c735b01b7098b26a9e711000ad7a94c88dad53eccb14709544479b4a7cf6770c
  timestamp: 2023-01-03 23:06:34+00:00
- url: https://github.com/derailed/k9s/releases/download/v0.26.7/k9s_Linux_arm64.tar.gz
  sha256: 2888feae5298517cf4862251a8877ff978b3eb234cbc3ebc0d9eb07fc671673d
  timestamp: 2023-01-03 23:06:34+00:00
- url: https://github.com/derailed/k9s/releases/download/v0.26.7/k9s_Linux_x86_64.tar.gz
  sha256: f774bb75045e361e17a4f267491c5ec66f41db7bffd996859ffb1465420af249
  timestamp: 2023-01-03 23:06:34+00:00
- url: https://github.com/docker/compose/releases/download/v2.15.1/docker-compose-linux-aarch64
  sha256: 14d31297794868520cb2e61b543bb1c821aaa484af22b397904314ae8227f6a2
  timestamp: 2023-01-09 15:26:45+00:00
- url: https://github.com/docker/compose/releases/download/v2.15.1/docker-compose-linux-armv7
  sha256: e5b03ac1258ad4243af0ac4afcb1c6cc8c9956b2483a50309cdb38cdb8387e37
  timestamp: 2023-01-09 15:26:45+00:00
- url: https://github.com/docker/compose/releases/download/v2.15.1/docker-compose-linux-x86_64
  sha256: bcfd9ea51dee4c19dccdfaeef0e7956ef68bf14f3d175933742061a7271ef0f5
  timestamp: 2023-01-09 15:26:45+00:00
- url: https://github.com/fluxcd/flux2/releases/download/v0.38.3/flux_0.38.3_linux_amd64.tar.gz
  sha256: 268b8d9a2fa5b0c9e462b551eaefdadb9e03370eb53061a88a2a9ac40e95e8e4
  timestamp: 2023-01-10 18:23:53+00:00
- url: https://github.com/fluxcd/flux2/releases/download/v0.38.3/flux_0.38.3_linux_arm.tar.gz
  sha256: abaaa864d435fbb5d5e6101f7ea3c39ffde88fa92995bf729b54b4813c4d4825
  timestamp: 2023-01-10 18:23:53+00:00
- url: https://github.com/fluxcd/flux2/releases/download/v0.38.3/flux_0.38.3_linux_arm64.tar.gz
  sha256: 79edf0d531d714bf3bcc6659edfaa79473014dd32d69e2e71fe970d8d3a8e914
  timestamp: 2023-01-10 18:23:53+00:00
- url: https://github.com/grafana/loki/releases/download/v2.7.3/logcli-linux-amd64.zip
  sha256: d295d510e5eca6f2437acc085aba399ea4274705d1fec436cf916919c75cec45
  timestamp: 2023-02-01 15:20:01+00:00
- url: https://github.com/grafana/loki/releases/download/v2.7.3/logcli-linux-arm.zip
  sha256: c1efd6ddcf451dfef8437f311157b49a9fe7e04bc21ec82ae8a1b3c6b07d426c
  timestamp: 2023-02-01 15:20:01+00:00
- url: https://github.com/grafana/loki/releases/download/v2.7.3/logcli-linux-arm64.zip
  sha256: fb06d4040609a38d6f23eab8664af8935452c191a21ff5961ee1a13132e7cabf
  timestamp: 2023-02-01 15:20:01+00:00
- url: https://github.com/gruntwork-io/terragrunt/releases/download/v0.43.1/terragrunt_linux_amd64
  sha256: ba27f57b0375cc6ce5da67641ace17ee83b18f6ef48d46ca4713dc469f411781
  timestamp: 2023-02-01 03:27:36+00:00
- url: https://github.com/gruntwork-io/terragrunt/releases/download/v0.43.1/terragrunt_linux_arm64
  sha256: 46e13ea78a9aba1e315e01e575268aa28ae285862a29011d016c6c77ccb36db1
  timestamp: 2023-02-01 03:27:36+00:00
- url: https://github.com/helmfile/helmfile/releases/download/v0.150.0/helmfile_0.150.0_linux_amd64.tar.gz
  sha256: 1a8790558602011e8f073cb033dccc1c444c46b5b961e57e15bb466199794970
  timestamp: 2023-01-17 03:20:10+00:00
- url: https://github.com/helmfile/helmfile/releases/download/v0.150.0/helmfile_0.150.0_linux_arm64.tar.gz
  sha256: 0726811d9bfaed5d5a093e581bfc023ea1cb052c3892a59356383aa16a720b3a
  timestamp: 2023-01-17 03:20:10+00:00
- url: https://github.com/iann0036/iamlive/releases/download/v0.50.0/iamlive-v0.50.0-linux-amd64.tar.gz
  sha256: 0da23aa2b4c312d9b59488fcfb3a0ef639ead19d82fe56a6801103dcd1747f14
  timestamp: 2023-01-03 23:06:34+00:00
- url: https://github.com/iann0036/iamlive/releases/download/v0.50.0/iamlive-v0.50.0-linux-arm64.tar.gz
  sha256: 758503a50e45b7380c6f96203623575672d29843caa08f84fc4e14644df04059
  timestamp: 2023-01-03 23:06:34+00:00
- url: https://github.com/infracost/infracost/releases/download/v0.10.16/infracost-linux-amd64.tar.gz
  sha256: 9805f13f86ceb18f1b4dd03afe81e1721e369786b7ec3137015040ad860fd31b
  timestamp: 2023-01-16 21:16:09+00:00
- url: https://github.com/infracost/infracost/releases/download/v0.10.16/infracost-linux-arm64.tar.gz
  sha256: 161cc0e406edd43010b848a4658071d727e6baf8b450d6fd0549c4534315dbf4
  timestamp: 2023-01-16 21:16:09+00:00
- url: https://github.com/istio/istio/releases/download/1.16.2/istio-1.16.2-linux-amd64.tar.gz
  sha256: 9b5b9abc4ef4f26064f6377b53e52397f7dc6eaf8821657f84625d54eb287201
  timestamp: 2023-01-31 01:42:12+00:00
- url: https://github.com/istio/istio/releases/download/1.16.2/istio-1.16.2-linux-arm64.tar.gz
  sha256: 535b4675a78c2d0efb54608b2d9ce227c1584d3ababbf7640b57dce1935d5174
  timestamp: 2023-01-31 01:42:12+00:00
- url: https://github.com/istio/istio/releases/download/1.16.2/istio-1.16.2-linux-armv7.tar.gz
  sha256: b77ef245892458395a9abc54088817a1497688220aea8e7cbdbb77d614fed427
  timestamp: 2023-01-31 01:42:12+00:00
- url: https://github.com/itaysk/kubectl-neat/releases/download/v2.0.3/kubectl-neat_linux_amd64.tar.gz
  sha256: b036300ab33fa20f9ff9fcd87a1bdc32dcaf7110bc28cdeb879ab07d3d9c963b
  timestamp: 2023-01-03 23:06:34+00:00
- url: https://github.com/itaysk/kubectl-neat/releases/download/v2.0.3/kubectl-neat_linux_arm64.tar.gz
  sha256: 1e3e175fdd220bb11128eb83cdbd986aa8e83dd4e1e55c285a0c5c97dacd26aa
  timestamp: 2023-01-03 23:06:34+00:00
- url: https://github.com/jesseduffield/lazydocker/releases/download/v0.20.0/lazydocker_0.20.0_Linux_arm64.tar.gz
  sha256: 1c318e22be15ef2ae44ed83782e441f1c47db63f97db0aebe46c5f608f1b0400
  timestamp: 2023-01-03 23:06:34+00:00
- url: https://github.com/jesseduffield/lazydocker/releases/download/v0.20.0/lazydocker_0.20.0_Linux_armv7.tar.gz
  sha256: f8bacd56eeac2d5255f9a54064c7c5bbc6eff475fd005a4ceae8aa428ad20c39
  timestamp: 2023-01-03 23:06:34+00:00
- url: https://github.com/jesseduffield/lazydocker/releases/download/v0.20.0/lazydocker_0.20.0_Linux_x86_64.tar.gz
  sha256: b025ddbf607d97936382bd60d776fdf8bb2b42da4341e2a2022d821f314b79d3
  timestamp: 2023-01-03 23:06:34+00:00
- url: https://github.com/kubernetes-sigs/aws-iam-authenticator/releases/download/v0.6.2/aws-iam-authenticator_0.6.2_linux_amd64
  sha256: 953faf58a5e3653d6355e8f2c35aa4daaafb1c28987708a6c72760f49dc91023
  timestamp: 2023-01-03 23:06:34+00:00
- url: https://github.com/kubernetes-sigs/aws-iam-authenticator/releases/download/v0.6.2/aws-iam-authenticator_0.6.2_linux_arm64
  sha256: 9730b1ca87faccc29578166a943d75d70298712e38fbf015202b6918696a6080
  timestamp: 2023-01-03 23:06:34+00:00
- url: https://github.com/kubernetes-sigs/kind/releases/download/v0.17.0/kind-linux-amd64
  sha256: a8c045856db33f839908b6acb90dc8ec397253ffdaef7baf058f5a542e009b9c
  timestamp: 2023-01-03 23:06:34+00:00
- url: https://github.com/kubernetes-sigs/kind/releases/download/v0.17.0/kind-linux-arm64
  sha256: 24ae8c7ef46c3c1ec7167a8c210979233b42dacd2426f1e86fc89021632333e6
  timestamp: 2023-01-03 23:06:34+00:00
- url: https://github.com/kubernetes-sigs/krew/releases/download/v0.4.3/krew-linux_amd64.tar.gz
  sha256: 5df32eaa0e888a2566439c4ccb2ef3a3e6e89522f2f2126030171e2585585e4f
  timestamp: 2023-01-03 23:06:34+00:00
- url: https://github.com/kubernetes-sigs/krew/releases/download/v0.4.3/krew-linux_arm.tar.gz
  sha256: 68eb9e9f5bba29c7c19fb52bfc43a31300f92282a4e81f0c51ad26ed2c73eb03
  timestamp: 2023-01-03 23:06:34+00:00
- url: https://github.com/kubernetes-sigs/krew/releases/download/v0.4.3/krew-linux_arm64.tar.gz
  sha256: 0994923848882ad0d4825d5af1dc227687a10a02688f785709b03549dd34d71d
  timestamp: 2023-01-03 23:06:34+00:00
- url: https://github.com/kubernetes-sigs/kustomize/releases/download/kustomize/v4.5.7/kustomize_v4.5.7_linux_amd64.tar.gz
  sha256: 701e3c4bfa14e4c520d481fdf7131f902531bfc002cb5062dcf31263a09c70c9
  timestamp: 2023-01-03 23:06:34+00:00
- url: https://github.com/kubernetes-sigs/kustomize/releases/download/kustomize/v4.5.7/kustomize_v4.5.7_linux_arm64.tar.gz
  sha256: 65665b39297cc73c13918f05bbe8450d17556f0acd16242a339271e14861df67
  timestamp: 2023-01-03 23:06:34+00:00
- url: https://github.com/kubernetes/kompose/releases/download/v1.28.0/kompose-linux-amd64
  sha256: c5324bba90f2d55962aaf6397a787bcb36f886618c500a8a0d78e49fa86fc76c
  timestamp: 2023-01-23 21:16:28+00:00
- url: https://github.com/kubernetes/kompose/releases/download/v1.28.0/kompose-linux-arm
  sha256: 4c56941e8e7382f1b34a2d1b616fff1afcdfa82ab3de67fa884136b10b2c74c2
  timestamp: 2023-01-23 21:16:28+00:00
- url: https://github.com/kubernetes/kompose/releases/download/v1.28.0/kompose-linux-arm64
  sha256: dfe9bc120e1dffd7d6c98610e8ef684b7f5fd9f215088a7ec2f7a2e54d8c9d9d
  timestamp: 2023-01-23 21:16:28+00:00
- url: https://github.com/kudobuilder/kudo/releases/download/v0.19.0/kudo_0.19.0_linux_arm64.tar.gz
  sha256: 8c7ed02bba01165f0bb86f90ea5e8b675e5fe20fd3677b0b79399289a8db442e
  timestamp: 2023-01-03 23:06:34+00:00
- url: https://github.com/kudobuilder/kudo/releases/download/v0.19.0/kudo_0.19.0_linux_armv6.tar.gz
  sha256: a1c92a4e16be2a2b7dc3b0b1512f5fc8df631df1eea7c4d1a55313eddaa952ae
  timestamp: 2023-01-03 23:06:34+00:00
- url: https://github.com/kudobuilder/kudo/releases/download/v0.19.0/kudo_0.19.0_linux_x86_64.tar.gz
  sha256: a35f2fefbc3615cda98db236843ee38037d55f73970f911b43682211b52ca6d0
  timestamp: 2023-01-03 23:06:34+00:00
- url: https://github.com/linkerd/linkerd2/releases/download/edge-22.12.1/linkerd2-cli-edge-22.12.1-linux-amd64
  sha256: 60162326037b6e0ac52e4de771704ed30673799643f8149919d9cbee99ec5a68
  timestamp: 2023-01-03 23:06:34+00:00
- url: https://github.com/linkerd/linkerd2/releases/download/edge-22.12.1/linkerd2-cli-edge-22.12.1-linux-arm
  sha256: d2477ebb735a8e314bb9f9a0f656e2278b9f8519add35daf3cf1bfdd240932d8
  timestamp: 2023-01-03 23:06:34+00:00
- url: https://github.com/linkerd/linkerd2/releases/download/edge-22.12.1/linkerd2-cli-edge-22.12.1-linux-arm64
  sha256: 38526a793da117a5ac770841f40fa0de9612a6941fa949d123aaa03988c8d32f
  timestamp: 2023-01-03 23:06:34+00:00
- url: https://github.com/loft-sh/devspace/releases/download/v6.2.5/devspace-linux-amd64
  sha256: 88d7e9f9df093fb5faf4c2cc22ba5281176b9ad82b99ce3c2bead15b5d62d898
  timestamp: 2023-01-27 21:16:45+00:00
- url: https://github.com/loft-sh/devspace/releases/download/v6.2.5/devspace-linux-arm64
  sha256: 7e2c476efa1eadf8df6ad1cb4b86ff2a795a63972d0a90234b44302b7ae6163c
  timestamp: 2023-01-27 21:16:45+00:00
- url: https://github.com/nats-io/natscli/releases/download/v0.0.35/nats-0.0.35-linux-amd64.zip
  sha256: edc9437c20d983cd4a82a086519d06de6ab19f37a61e94b2f6359d460ea48d24
  timestamp: 2023-01-03 23:06:34+00:00
- url: https://github.com/nats-io/natscli/releases/download/v0.0.35/nats-0.0.35-linux-arm64.zip
  sha256: 847f2b9a815a9894ea5b8f8c006039e240188d16bfb0c53ed450fa2b24933b19
  timestamp: 2023-01-03 23:06:34+00:00
- url: https://github.com/nats-io/natscli/releases/download/v0.0.35/nats-0.0.35-linux-arm7.zip
  sha256: cb5ee074144adfeaef4764f62c3c8f5a78af2092fa7c5edc5eb9ce3437b13155
  timestamp: 2023-01-03 23:06:34+00:00
- url: https://github.com/operator-framework/operator-sdk/releases/download/v1.26.0/operator-sdk_linux_amd64
  sha256: bdbdcb2843c7bcaa0da2bf99a9a6949711aaa9d0ac1a2085b19077d2eca157a1
  timestamp: 2023-01-03 23:06:34+00:00
- url: https://github.com/operator-framework/operator-sdk/releases/download/v1.26.0/operator-sdk_linux_arm64
  sha256: c5e87c3a79ed8a5959762ceb016c0d93ea4c55f1703baa245c20b0a68a20a0f7
  timestamp: 2023-01-03 23:06:34+00:00
- url: https://github.com/rancher/cli/releases/download/v2.7.0/rancher-linux-amd64-v2.7.0.tar.gz
  sha256: 7b814cc0b38344c5b34341b7ce1ce963a1d05cbd176a0572bd31c499aa99b801
  timestamp: 2023-01-03 23:06:34+00:00
- url: https://github.com/rancher/cli/releases/download/v2.7.0/rancher-linux-arm-v2.7.0.tar.gz
  sha256: 18bf0e5d0ab3da8aef8278ea6a80c67abe8fe977c8cfe5c6fadf0bdab9f963ad
  timestamp: 2023-01-03 23:06:34+00:00
- url: https://github.com/rancher/k3d/releases/download/v5.4.7/k3d-linux-amd64
  sha256: c54218d5bf6cb6e74987bf21f7820483f581b00c49fee11dbdb8c17c7829a025
  timestamp: 2023-02-02 15:20:40+00:00
- url: https://github.com/rancher/k3d/releases/download/v5.4.7/k3d-linux-arm
  sha256: 0f9c8a313d306e3667f6c716bad6e4e8b28e913af89e153fb184e91cde84f9ee
  timestamp: 2023-02-02 15:20:40+00:00
- url: https://github.com/rancher/k3d/releases/download/v5.4.7/k3d-linux-arm64
  sha256: c8ceb55ed2ffe2015b915848d0b6eaa72dbc1358270dee4e0c12358c16231d40
  timestamp: 2023-02-02 15:20:40+00:00
- url: https://github.com/rclone/rclone/releases/download/v1.61.1/rclone-v1.61.1-linux-amd64.zip
  sha256: 6d6455e1cb69eb0615a52cc046a296395e44d50c0f32627ba8590c677ddf50a9
  timestamp: 2023-01-03 23:06:34+00:00
- url: https://github.com/rclone/rclone/releases/download/v1.61.1/rclone-v1.61.1-linux-arm.zip
  sha256: 00d485a13e0db43cacbb8a66316906b18356c8e0aed5821d7d26f077943f431e
  timestamp: 2023-01-03 23:06:34+00:00
- url: https://github.com/rclone/rclone/releases/download/v1.61.1/rclone-v1.61.1-linux-arm64.zip
  sha256: fff35786bf9ee9320037db69e239df83768b8f756bae2343253ba6512e70d86c
  timestamp: 2023-01-03 23:06:34+00:00
- url: https://github.com/scaleway/scaleway-cli/releases/download/v2.10.0/scaleway-cli_2.10.0_linux_amd64
  sha256: 0baded7be04e723b6b7b21ab48802ad7e674ac2ed3d1fd314be92f894c9e9c54
  timestamp: 2023-01-24 15:19:26+00:00
- url: https://github.com/scaleway/scaleway-cli/releases/download/v2.10.0/scaleway-cli_2.10.0_linux_arm64
  sha256: ca59cf5d3061228f5465cf32c9bfa1398e3f88aecd1e60294ad1c8728029c1c6
  timestamp: 2023-01-24 15:19:26+00:00
- url: https://github.com/terraform-docs/terraform-docs/releases/download/v0.16.0/terraform-docs-v0.16.0-linux-amd64.tar.gz
  sha256: 328c16cd6552b3b5c4686b8d945a2e2e18d2b8145b6b66129cd5491840010182
  timestamp: 2023-01-03 23:06:34+00:00
- url: https://github.com/terraform-docs/terraform-docs/releases/download/v0.16.0/terraform-docs-v0.16.0-linux-arm.tar.gz
  sha256: 8b2ba1a0ffefe4cb05c3a7a4cc9203da2f64331ee4062ca1a4ec8226cc1651de
  timestamp: 2023-01-03 23:06:34+00:00
- url: https://github.com/terraform-docs/terraform-docs/releases/download/v0.16.0/terraform-docs-v0.16.0-linux-arm64.tar.gz
  sha256: 8208c19c7dc01660e6caefe32e33ac02e0e03fdc2e2ade0bb37abb6349153d25
  timestamp: 2023-01-03 23:06:34+00:00
- url: https://github.com/terraform-linters/tflint/releases/download/v0.44.1/tflint_linux_amd64.zip
  sha256: 272918c5433ad7a507b04c33015b0ccfb1903828be1c23f0c28149669a327f4c
  timestamp: 2023-01-03 23:06:34+00:00
- url: https://github.com/terraform-linters/tflint/releases/download/v0.44.1/tflint_linux_arm64.zip
  sha256: 2a09a0be9753b31b580c4ec72c331c856f85827d9bd751180b268ba7aaffa968
  timestamp: 2023-01-03 23:06:34+00:00
- url: https://github.com/upciti/ops2deb/releases/download/1.0.3/ops2deb_linux_amd64
  sha256: 3fa1e1bfebf10d56c8785c1eb9e0f8b30471d28907d182d29dcdf0eeffdbeb80
  timestamp: 2023-01-06 15:00:33+00:00
- url: https://github.com/upciti/wakemebot/releases/download/4.0.2/wakemebot_linux_amd64
  sha256: 58dbf45805113230c387f23c278a4433342e83b53cabd2ff9ad4d9a7d3835c9e
  timestamp: 2023-01-03 23:06:34+00:00
- url: https://github.com/upciti/wheel2deb/releases/download/0.7.1/wheel2deb_linux_amd64
  sha256: 9dfd53b0be8a8f0cb73b9115d328b3e300b4707428eef993b9659a66c76dbec5
  timestamp: 2023-01-03 23:06:34+00:00
- url: https://github.com/vmware-tanzu/carvel-kapp/releases/download/v0.54.3/kapp-linux-amd64
  sha256: 6b53e0d866fb3cdcb781475c23973eab6c37959e53c22094bc81f998884d74ae
  timestamp: 2023-02-01 09:19:01+00:00
- url: https://github.com/vmware-tanzu/carvel-kapp/releases/download/v0.54.3/kapp-linux-arm64
  sha256: 9b4c8c0d718a0655acfc37a7df04450a3caa6126facfe301cd479466e20f954f
  timestamp: 2023-02-01 09:19:01+00:00
- url: https://github.com/vmware-tanzu/carvel-ytt/releases/download/v0.44.1/ytt-linux-amd64
  sha256: 9f2f151cf42a54cdfee5ee1a98b7255821c9c047498d4af788cec8c4cf520fb8
  timestamp: 2023-01-03 23:06:34+00:00
- url: https://github.com/vmware-tanzu/carvel-ytt/releases/download/v0.44.1/ytt-linux-arm64
  sha256: 2b29dfb97be4a7333ab1e911887c884b2d1de16ee75f16b697fdbfe9661f58be
  timestamp: 2023-01-03 23:06:34+00:00
- url: https://github.com/vmware-tanzu/velero/releases/download/v1.10.0/velero-v1.10.0-linux-amd64.tar.gz
  sha256: 3cf8c26b17a06f3f43ec43c854618a619f4e14e2e690bd813e55797aae1db155
  timestamp: 2023-01-03 23:06:34+00:00
- url: https://github.com/vmware-tanzu/velero/releases/download/v1.10.0/velero-v1.10.0-linux-arm.tar.gz
  sha256: 723c95fccff7d4ccb5e6e0caf22111eea64f634a792f53ece38017842e7f79b1
  timestamp: 2023-01-03 23:06:34+00:00
- url: https://github.com/vmware-tanzu/velero/releases/download/v1.10.0/velero-v1.10.0-linux-arm64.tar.gz
  sha256: b05c3e6c8cec09073017f815ddd08369a0361d8d97f39b5677079075fa59e69b
  timestamp: 2023-01-03 23:06:34+00:00
- url: https://github.com/wercker/stern/releases/download/1.11.0/stern_linux_amd64
  sha256: e0b39dc26f3a0c7596b2408e4fb8da533352b76aaffdc18c7ad28c833c9eb7db
  timestamp: 2023-01-03 23:06:34+00:00
- url: https://github.com/zegl/kube-score/releases/download/v1.16.1/kube-score_1.16.1_linux_amd64.tar.gz
  sha256: b57731b40df8f7aff3b45751f291274e80d853befeb9e6b693d1e84b28d3bc36
  timestamp: 2023-01-03 23:06:34+00:00
- url: https://github.com/zegl/kube-score/releases/download/v1.16.1/kube-score_1.16.1_linux_arm64.tar.gz
  sha256: 3dcd9a6b883d0bd37d6234a92fd647efc5a2d78028fe8d07c0c89e4805cca870
  timestamp: 2023-01-03 23:06:34+00:00
- url: https://github.com/zegl/kube-score/releases/download/v1.16.1/kube-score_1.16.1_linux_armv6.tar.gz
  sha256: d012345acf615ff799964ea6db6193776a902ae54d48a5c4c37c7f47709997e0
  timestamp: 2023-01-03 23:06:34+00:00
- url: https://gitlab.com/gitlab-org/release-cli/-/releases/v0.15.0/downloads/bin/release-cli-linux-amd64
  sha256: d59169bab5dfe4693af4f181b08bf11ef1c96a4da30eff0f04abb236c54e62e9
  timestamp: 2023-01-03 23:06:34+00:00
- url: https://gitlab.com/gitlab-org/release-cli/-/releases/v0.15.0/downloads/bin/release-cli-linux-arm
  sha256: a83316b42bca3cacbf77d9f6a29fa217944b3b275fa449a1dce311da3dcf6c8f
  timestamp: 2023-01-03 23:06:34+00:00
- url: https://gitlab.com/gitlab-org/release-cli/-/releases/v0.15.0/downloads/bin/release-cli-linux-arm64
  sha256: e902833857935f5220fd3422f9d6ce2ca88552eeb729e2d314a6cac62d862b82
  timestamp: 2023-01-03 23:06:34+00:00
- url: https://releases.hashicorp.com/packer/1.8.5/packer_1.8.5_linux_amd64.zip
  sha256: 1f17a724e5ccc696010c842e6d2bb2c2749ab18ce7bf06482012d3ddb9edeef2
  timestamp: 2023-01-03 23:06:34+00:00
- url: https://releases.hashicorp.com/packer/1.8.5/packer_1.8.5_linux_arm.zip
  sha256: c9d317e5cd1dff67757d04084077ae640c333bc9130edbdaaeb506a70929d88c
  timestamp: 2023-01-03 23:06:34+00:00
- url: https://releases.hashicorp.com/packer/1.8.5/packer_1.8.5_linux_arm64.zip
  sha256: 28ad00415862586bd4877b6cb5db6b4340787728dcc570456b8c4fdc482ac498
  timestamp: 2023-01-03 23:06:34+00:00
- url: https://releases.hashicorp.com/terraform/1.3.7/terraform_1.3.7_linux_amd64.zip
  sha256: b8cf184dee15dfa89713fe56085313ab23db22e17284a9a27c0999c67ce3021e
  timestamp: 2023-01-04 18:23:50+00:00
- url: https://releases.hashicorp.com/terraform/1.3.7/terraform_1.3.7_linux_arm.zip
  sha256: 80f981e15f6da52f1825de9bbf582449a8da934a9664214b0a417f21cede8e18
  timestamp: 2023-01-04 18:23:50+00:00
- url: https://releases.hashicorp.com/terraform/1.3.7/terraform_1.3.7_linux_arm64.zip
  sha256: 5b491c555ea8a62dda551675fd9f27d369f5cdbe87608d2a7367d3da2d38ea38
  timestamp: 2023-01-04 18:23:50+00:00
- url: https://releases.hashicorp.com/waypoint/0.10.5/waypoint_0.10.5_linux_amd64.zip
  sha256: dbce2ea1ed85fc06ddd7f4157560719c40236e3c735bb87d6715d790e7691519
  timestamp: 2023-01-03 23:06:34+00:00
- url: https://releases.hashicorp.com/waypoint/0.10.5/waypoint_0.10.5_linux_arm.zip
  sha256: 778faeea74f6d959235cb3bdf56f9aeba965aa8bd461b1b454c47bb998d6b720
  timestamp: 2023-01-03 23:06:34+00:00
- url: https://storage.googleapis.com/kubernetes-release/release/v1.26.1/bin/linux/amd64/kubectl
  sha256: d57be22cfa25f7427cfb538cfc8853d763878f8b36c76ce93830f6f2d67c6e5d
  timestamp: 2023-01-18 21:16:57+00:00
- url: https://storage.googleapis.com/kubernetes-release/release/v1.26.1/bin/linux/arm/kubectl
  sha256: e067d59ac19e287026b5c2b75a1077b1312ba82ad64ee01dff2cdafd57720f39
  timestamp: 2023-01-18 21:16:57+00:00
- url: https://storage.googleapis.com/kubernetes-release/release/v1.26.1/bin/linux/arm64/kubectl
  sha256: 4027cb0a2840bc14ec3f18151b3360dd2d1f6ce730ed5ac28bd846c17e7d73f5
  timestamp: 2023-01-18 21:16:57+00:00
- url: https://storage.googleapis.com/minikube/releases/v1.29.0/minikube-linux-amd64
  sha256: aafb65cbee8e971ec00509fdb1817254b17d6bee4890b839c3b6e8f11e97413a
  timestamp: 2023-01-27 21:16:45+00:00
- url: https://storage.googleapis.com/minikube/releases/v1.29.0/minikube-linux-arm
  sha256: 9cf1c74c258f09e9133d02c371dbe0a85817c992d8dee815701c78e6fe442dcb
  timestamp: 2023-01-27 21:16:45+00:00
- url: https://storage.googleapis.com/minikube/releases/v1.29.0/minikube-linux-arm64
  sha256: e53bee7692b8b58144290c082c0191d50af7cc2994daf34d87e0abef9e73fae2
  timestamp: 2023-01-27 21:16:45+00:00
