- url: https://github.com/nats-io/nsc/releases/download/v2.11.0/nsc-linux-amd64.zip
  sha256: a1ca11ca1080c35fbfb908b6241e41369cd289030d3d410ac86f85cc096e0169
  timestamp: 2025-07-18 10:15:34+00:00
- url: https://github.com/nats-io/nsc/releases/download/v2.11.0/nsc-linux-arm64.zip
  sha256: fe58c477bdc798d4cd688ae949b93ba08330d970f0f5e3c42f74cc68e2f41d24
  timestamp: 2025-07-18 10:15:34+00:00
- url: https://github.com/nats-io/nsc/releases/download/v2.11.0/nsc-linux-armv7.zip
  sha256: ef0bb7ff6ed383e9c4e1b68617e3bcdecec869afaafef5cf2f34cbde12255052
  timestamp: 2025-07-18 10:15:34+00:00
