- url: https://github.com/upciti/wheel2deb/releases/download/0.7.0/wheel2deb_linux_amd64
  sha256: 6a59cdfd64c6533bfaf3e00401c438403ac891d6173343a28c0f751815cc5d23
  timestamp: 2022-10-06 19:45:37+00:00
- url: https://github.com/upciti/wheel2deb/releases/download/0.7.1/wheel2deb_linux_amd64
  sha256: 9dfd53b0be8a8f0cb73b9115d328b3e300b4707428eef993b9659a66c76dbec5
  timestamp: 2022-10-07 17:29:45+00:00
- url: https://github.com/upciti/wheel2deb/releases/download/0.8.0/wheel2deb_linux_amd64
  sha256: e61cba5b679f83b29d9ccd3da6f9d6e1cce33d689325b0bf6c1a14a04ddd4fda
  timestamp: 2023-02-02 19:39:09+00:00
- url: https://github.com/upciti/wheel2deb/releases/download/0.8.1/wheel2deb_linux_amd64
  sha256: da8de17bbb9fd5d2c26500444ebb9d64a8c5f916d05967f40ebebe659bdcd31e
  timestamp: 2023-02-03 19:23:40+00:00
- url: https://github.com/upciti/wheel2deb/releases/download/0.9.0/wheel2deb_linux_amd64
  sha256: 08b0c5df2d946e3e6dde821ce5a56eab49d3ff25f056ba3136f43ca2df45a1d5
  timestamp: 2024-07-18 15:06:42+00:00
- url: https://github.com/upciti/wheel2deb/releases/download/0.9.1/wheel2deb_linux_amd64
  sha256: 82406c393e817894bfa7c286213745afd943cec45aa1d70ca5a7323f151617a1
  timestamp: 2024-07-18 16:21:09+00:00
- url: https://github.com/upciti/wheel2deb/releases/download/0.9.2/wheel2deb_linux_amd64
  sha256: f8e4aac9406a0f56b02bb718b2f3bab2e69953d384c798b7cbb863000cb67692
  timestamp: 2024-07-19 13:11:27+00:00
