- url: https://github.com/MuhammedKalkan/OpenLens/releases/download/v6.4.10/OpenLens-6.4.10.amd64.deb
  sha256: 4bd2bf06836ac541ab7105f3e2127c5c03f4a54a176f769c9ce287072c1b727a
  timestamp: 2023-03-27 11:45:19+00:00
- url: https://github.com/MuhammedKalkan/OpenLens/releases/download/v6.4.10/OpenLens-6.4.10.arm64.deb
  sha256: b80ac79e30afa6741cf74345af911d6cf9999680d8f9d12ccf251f0f8df52e7e
  timestamp: 2023-03-27 15:01:13+00:00
- url: https://github.com/MuhammedKalkan/OpenLens/releases/download/v6.4.11/OpenLens-6.4.11.amd64.deb
  sha256: eed402db168b410674f243b318f40c4f540f557398d8687a00c342d7909357bf
  timestamp: 2023-03-27 15:20:12+00:00
- url: https://github.com/MuhammedKalkan/OpenLens/releases/download/v6.4.11/OpenLens-6.4.11.arm64.deb
  sha256: fe4856b53c3efe2e535c97cbba447603fcd92305a76605acabe960a1438ed109
  timestamp: 2023-03-28 09:43:00+00:00
- url: https://github.com/MuhammedKalkan/OpenLens/releases/download/v6.4.12/OpenLens-6.4.12.amd64.deb
  sha256: 06ce6b9a8cfa767a05a03b68bb50a614f581b73c4d1c6da452b7af351ddfce55
  timestamp: 2023-03-31 15:18:53+00:00
- url: https://github.com/MuhammedKalkan/OpenLens/releases/download/v6.4.12/OpenLens-6.4.12.arm64.deb
  sha256: 814185f1bdaf989962704defa32fbd7f4dbae55596c7978bb8533efc8f1e21a5
  timestamp: 2023-03-31 15:18:53+00:00
- url: https://github.com/MuhammedKalkan/OpenLens/releases/download/v6.4.13/OpenLens-6.4.13.amd64.deb
  sha256: f80b5d645027b86380354007f01cde74c94c2c8883fc71ffbb71dad9993f2c22
  timestamp: 2023-04-01 03:18:20+00:00
- url: https://github.com/MuhammedKalkan/OpenLens/releases/download/v6.4.13/OpenLens-6.4.13.arm64.deb
  sha256: abe03963a1fbb7c3aa4969c06b8aee928ff2dfb1680f0bf75670bd983d9fb178
  timestamp: 2023-04-01 03:18:20+00:00
- url: https://github.com/MuhammedKalkan/OpenLens/releases/download/v6.4.14/OpenLens-6.4.14.amd64.deb
  sha256: 37472867fff9ecf516f10a88f0358d272af63f20ac486eeed26fa1c33939d1e1
  timestamp: 2023-04-03 21:14:58+00:00
- url: https://github.com/MuhammedKalkan/OpenLens/releases/download/v6.4.14/OpenLens-6.4.14.arm64.deb
  sha256: f3c5c502d0826aa3c80953e10e3a85724b4c6ad6b83d9da2a2f84c670279c1b2
  timestamp: 2023-04-03 21:14:58+00:00
- url: https://github.com/MuhammedKalkan/OpenLens/releases/download/v6.4.15/OpenLens-6.4.15.amd64.deb
  sha256: 965c36e30bf53cc76d9430e4511ecbec595fa31e74b48171533c60cb25295ce3
  timestamp: 2023-04-06 15:16:36+00:00
- url: https://github.com/MuhammedKalkan/OpenLens/releases/download/v6.4.15/OpenLens-6.4.15.arm64.deb
  sha256: 4c30d12130ca02f7dde30e57c32f0bbb1af9aac355744c08aaf17756d14f39f5
  timestamp: 2023-04-06 15:16:36+00:00
