- url: https://github.com/robusta-dev/krr/releases/download/v1.6.0/krr-ubuntu-latest-v1.6.0.zip
  sha256: 7714ab957f0b4e131fabde980e2e83422285f86847ad64ce06ba8c2a9d043afe
  timestamp: 2023-11-30 16:03:39+00:00
- url: https://github.com/robusta-dev/krr/releases/download/v1.10.0/krr-ubuntu-latest-v1.10.0.zip
  sha256: 0690f03cb291de0f0cd92880a13a187bcd739ca35eef74247eedb31faa4a7849
  timestamp: 2026-04-08 11:16:54+00:00
- url: https://github.com/robusta-dev/krr/releases/download/v1.11.0/krr-ubuntu-latest-v1.11.0.zip
  sha256: 3f93eb1ceb0a524dd16b8fe90482fbec26068c7c1a9c6d4b1f33875bbf26d51c
  timestamp: 2026-04-08 11:16:54+00:00
- url: https://github.com/robusta-dev/krr/releases/download/v1.13.0/krr-ubuntu-latest-v1.13.0.zip
  sha256: ee8dfd0ed53799c65502a7ac5914d7f8b5c31592be73bba7090ebf2c227af071
  timestamp: 2026-04-08 11:16:54+00:00
- url: https://github.com/robusta-dev/krr/releases/download/v1.16.0/krr-ubuntu-latest-v1.16.0.zip
  sha256: 8fd816f19e618afa0e8e30c9892e1e6580263e39ecfb6a8e4032ce1616a3d806
  timestamp: 2026-04-08 11:16:54+00:00
- url: https://github.com/robusta-dev/krr/releases/download/v1.17.0/krr-ubuntu-latest-v1.17.0.zip
  sha256: 9e26075492bc2a777399ac00993e69e82ab477f5bee32e0c7db6213d66a31bc6
  timestamp: 2026-04-08 11:16:54+00:00
- url: https://github.com/robusta-dev/krr/releases/download/v1.18.0/krr-ubuntu-latest-v1.18.0.zip
  sha256: 16a593655736a87e481ed0918d4af6e9fc5f0af8ab6bf0a81b45c016ea72369f
  timestamp: 2026-04-08 11:16:54+00:00
- url: https://github.com/robusta-dev/krr/releases/download/v1.19.0/krr-ubuntu-latest-v1.19.0.zip
  sha256: e37b3599d4c47edd372098fc67cd6625fe951690cd6dc34dd5c6f16379515bdd
  timestamp: 2026-04-08 11:16:54+00:00
- url: https://github.com/robusta-dev/krr/releases/download/v1.20.0/krr-ubuntu-latest-v1.20.0.zip
  sha256: f76135ec20c4cd7bc89843f2f62abb1704189b51e33786c3d4549f8ade64e8ae
  timestamp: 2026-04-08 11:16:54+00:00
- url: https://github.com/robusta-dev/krr/releases/download/v1.21.0/krr-ubuntu-latest-v1.21.0.zip
  sha256: 244585c5a2e2b614da4b9e1e5487a7d393c780a1973133917156a8d7e50005eb
  timestamp: 2026-04-08 11:16:54+00:00
- url: https://github.com/robusta-dev/krr/releases/download/v1.22.0/krr-ubuntu-latest-v1.22.0.zip
  sha256: bdb05171c12ff0139adbfaf706551a273d5c58f869b07af504ba8605db2d4d01
  timestamp: 2026-04-08 11:16:54+00:00
- url: https://github.com/robusta-dev/krr/releases/download/v1.23.0/krr-ubuntu-latest-v1.23.0.zip
  sha256: 2b1ec681164a9183a87803b90f568425c4242b0ca66bfe1f867baa9364387371
  timestamp: 2026-04-08 11:16:54+00:00
- url: https://github.com/robusta-dev/krr/releases/download/v1.24.0/krr-ubuntu-latest-v1.24.0.zip
  sha256: 413985503775c12069d8da1a657f4b77a073426b8e50d2ffea451cdf25c52558
  timestamp: 2026-04-08 11:16:54+00:00
- url: https://github.com/robusta-dev/krr/releases/download/v1.25.0/krr-ubuntu-latest-v1.25.0.zip
  sha256: 08311b9797616d79b20f924365f1899fd1250206d78edb76d6114d9125dbf7e2
  timestamp: 2026-04-08 11:16:54+00:00
- url: https://github.com/robusta-dev/krr/releases/download/v1.25.1/krr-ubuntu-latest-v1.25.1.zip
  sha256: e75ae712c62f03d04e156defcc844c99642c71d4cb416f87a398b266ff259052
  timestamp: 2026-04-08 11:16:54+00:00
- url: https://github.com/robusta-dev/krr/releases/download/v1.26.0/krr-ubuntu-latest-v1.26.0.zip
  sha256: 0f191b698be3375b6382dc80111193144457948393bf3debce3f0c273223c9c4
  timestamp: 2026-04-08 11:16:54+00:00
- url: https://github.com/robusta-dev/krr/releases/download/v1.26.1/krr-ubuntu-latest-v1.26.1.zip
  sha256: d6fb477a90b868c6e6ce3ec2a58ed8d07968b4b3eab8ac6c53ba57e6dcaca468
  timestamp: 2026-04-08 11:16:54+00:00
- url: https://github.com/robusta-dev/krr/releases/download/v1.26.2/krr-ubuntu-latest-v1.26.2.zip
  sha256: 1d5c6951d21862c3f7461346a278c5805501cc7b73b58d0960a4b4d966352900
  timestamp: 2026-04-08 11:16:54+00:00
- url: https://github.com/robusta-dev/krr/releases/download/v1.26.3/krr-ubuntu-latest-v1.26.3.zip
  sha256: bdc634661d411371aa9f162435c5b7a823ce1c4b0b05702d2135f30e7d794568
  timestamp: 2026-04-08 11:16:54+00:00
- url: https://github.com/robusta-dev/krr/releases/download/v1.27.0/krr-ubuntu-latest-v1.27.0.zip
  sha256: 03cc5836efcddaa8ba95af07ac0949c23c3f57e85c097531c97351b729bb75f9
  timestamp: 2026-04-08 11:16:54+00:00
- url: https://github.com/robusta-dev/krr/releases/download/v1.28.0/krr-ubuntu-latest-v1.28.0.zip
  sha256: fd699bd17b1327b6c969d0432ffdaec5481e2f0195d713887fc2a5369459bee0
  timestamp: 2026-04-08 11:16:54+00:00
- url: https://github.com/robusta-dev/krr/releases/download/v1.7.0/krr-ubuntu-latest-v1.7.0.zip
  sha256: 71d92c403fab961b65471b44645d718f0dd36b257aa2907276c4f01dc7107a55
  timestamp: 2026-04-08 11:16:54+00:00
- url: https://github.com/robusta-dev/krr/releases/download/v1.7.1/krr-ubuntu-latest-v1.7.1.zip
  sha256: d09a0a5c4380a2b206b972c262265fc3c8a1ce62b2b470c4b3db3b29646540af
  timestamp: 2026-04-08 11:16:54+00:00
- url: https://github.com/robusta-dev/krr/releases/download/v1.8.2/krr-ubuntu-latest-v1.8.2.zip
  sha256: b4fef0698d56afb2084defdc056e68024893accc6846b23b4bafd3dc2b93b5fd
  timestamp: 2026-04-08 11:16:54+00:00
- url: https://github.com/robusta-dev/krr/releases/download/v1.8.3/krr-ubuntu-latest-v1.8.3.zip
  sha256: ac20c1f0b93f275cce5b033e48a9e0426cfe2708568461cefcb06aaf004d10fb
  timestamp: 2026-04-08 11:16:54+00:00
