- url: https://github.com/goreleaser/goreleaser/releases/download/v2.0.1/goreleaser_Linux_arm64.tar.gz
  sha256: 030960b241728139e20a037240585a11aed60015aa22e17c127d270fa99bee7f
  timestamp: 2024-07-15 23:36:42+00:00
- url: https://github.com/goreleaser/goreleaser/releases/download/v2.0.1/goreleaser_Linux_x86_64.tar.gz
  sha256: 48cea4e770468c85d3ee11e6c2fb7b59af9f28080781d47c48c59ba95b2eb86b
  timestamp: 2024-07-15 23:36:42+00:00
- url: https://github.com/goreleaser/goreleaser/releases/download/v2.1.0/goreleaser_Linux_arm64.tar.gz
  sha256: fa1909b263b79b18a4b5eeba4710e59a023a0801f1aeb7317c5662511f69d851
  timestamp: 2024-07-17 09:07:48+00:00
- url: https://github.com/goreleaser/goreleaser/releases/download/v2.1.0/goreleaser_Linux_x86_64.tar.gz
  sha256: 4d4fb316acb3f5dfd45c7cd426f6120f8a294cb752d6cff46ad9b771f22f6f0d
  timestamp: 2024-07-17 09:07:48+00:00
- url: https://github.com/goreleaser/goreleaser/releases/download/v2.2.0/goreleaser_Linux_arm64.tar.gz
  sha256: d9a573d9c9236f36a2cb5b2c62c7527b4c16c1854d4e2942a0e4258f9535dde9
  timestamp: 2024-08-15 03:06:45+00:00
- url: https://github.com/goreleaser/goreleaser/releases/download/v2.2.0/goreleaser_Linux_x86_64.tar.gz
  sha256: 1bf8909fa556599f29045b0b015ee75f6aec789e92f17343cb136e45499da98a
  timestamp: 2024-08-15 03:06:45+00:00
- url: https://github.com/goreleaser/goreleaser/releases/download/v2.3.0/goreleaser_Linux_arm64.tar.gz
  sha256: cc04a0b74a563cc4bc65cc55d2505c7c81cc03e7bb4fdb7749a29fbc1b07bc82
  timestamp: 2024-09-12 21:05:59+00:00
- url: https://github.com/goreleaser/goreleaser/releases/download/v2.3.0/goreleaser_Linux_x86_64.tar.gz
  sha256: 247ab7ea88c66d12a7ae43d4aecdd566614e3724a66c8d7e1ae311103ce5a588
  timestamp: 2024-09-12 21:05:59+00:00
- url: https://github.com/goreleaser/goreleaser/releases/download/v2.3.1/goreleaser_Linux_arm64.tar.gz
  sha256: 785fd1143bf6b2d16db48b5737dd0256a55750b3fc8af75c6db3d2e3977b6339
  timestamp: 2024-09-14 00:25:21+00:00
- url: https://github.com/goreleaser/goreleaser/releases/download/v2.3.1/goreleaser_Linux_x86_64.tar.gz
  sha256: a257e84538836bc82dfe142c8c081dd5f2ad13b94f5887c71a0b464e4c5ff726
  timestamp: 2024-09-14 00:25:21+00:00
- url: https://github.com/goreleaser/goreleaser/releases/download/v2.3.2/goreleaser_Linux_arm64.tar.gz
  sha256: dd548a2dcd30934177313764f73e2e5679694ac8c57d3093070a237d3119bcc9
  timestamp: 2024-09-17 18:07:32+00:00
- url: https://github.com/goreleaser/goreleaser/releases/download/v2.3.2/goreleaser_Linux_x86_64.tar.gz
  sha256: cc0720052c44d4dd7d2483f5b769a92dcf5805ff6feaba68dc6be9e9450aa39a
  timestamp: 2024-09-17 18:07:32+00:00
- url: https://github.com/goreleaser/goreleaser/releases/download/v2.4.1/goreleaser_Linux_arm64.tar.gz
  sha256: 12d056035cb1e63b64311c2c2021f61d83a9b23325d75015aa65f79bf032e4a1
  timestamp: 2024-11-02 21:05:59+00:00
- url: https://github.com/goreleaser/goreleaser/releases/download/v2.4.1/goreleaser_Linux_x86_64.tar.gz
  sha256: cf1155bc7512fe5cb026ec1c2141ffa9159e12e00a18b3ed56eda5eeb5e8b0ad
  timestamp: 2024-11-02 21:05:59+00:00
- url: https://github.com/goreleaser/goreleaser/releases/download/v2.4.2/goreleaser_Linux_arm64.tar.gz
  sha256: daad5d24272791751abd3b026644062b2d2d0e2a677371ed44eceee0a24592f8
  timestamp: 2024-11-04 15:06:54+00:00
- url: https://github.com/goreleaser/goreleaser/releases/download/v2.4.2/goreleaser_Linux_x86_64.tar.gz
  sha256: 1f0fb6a2839818f64b20c4bd4bea30cee4efb75cf149be973295ad7f100b2d33
  timestamp: 2024-11-04 15:06:54+00:00
- url: https://github.com/goreleaser/goreleaser/releases/download/v2.4.3/goreleaser_Linux_arm64.tar.gz
  sha256: bcc5c18fe24e7952ef760bf0e0cfbd78a222005e8a001f4167e82e8b2bea98b4
  timestamp: 2024-11-04 21:05:57+00:00
- url: https://github.com/goreleaser/goreleaser/releases/download/v2.4.3/goreleaser_Linux_x86_64.tar.gz
  sha256: 715081e28ba9c81ffd1b3914fa60d9ddf48bf786201d689e816eba7fa834da2e
  timestamp: 2024-11-04 21:05:57+00:00
- url: https://github.com/goreleaser/goreleaser/releases/download/v2.4.4/goreleaser_Linux_arm64.tar.gz
  sha256: bd0d3d6f9e04e302ca16eece1a0fdcdc3c5d99861e2882aa06caefb17913c687
  timestamp: 2024-11-05 03:09:06+00:00
- url: https://github.com/goreleaser/goreleaser/releases/download/v2.4.4/goreleaser_Linux_x86_64.tar.gz
  sha256: be4c47a22a020eeda3640a88a6e2e02cb565f469180347d89e193659dd84c15e
  timestamp: 2024-11-05 03:09:06+00:00
- url: https://github.com/goreleaser/goreleaser/releases/download/v2.4.5/goreleaser_Linux_arm64.tar.gz
  sha256: a65e0f93ce8f506f48382ef44d8d2ee74506ee00a02ae74d6e11dae149d9560a
  timestamp: 2024-11-14 15:06:31+00:00
- url: https://github.com/goreleaser/goreleaser/releases/download/v2.4.5/goreleaser_Linux_x86_64.tar.gz
  sha256: 48f0be6a001e88f06eaebc7012935d6c6306137a00dd5e0c034c49b9bb84920b
  timestamp: 2024-11-14 15:06:31+00:00
- url: https://github.com/goreleaser/goreleaser/releases/download/v2.4.6/goreleaser_Linux_arm64.tar.gz
  sha256: 79d55b8cbf1825605d4fe5eb9ef78a40fcc22eef82ec8b914893d72b97f6b195
  timestamp: 2024-11-18 03:18:35+00:00
- url: https://github.com/goreleaser/goreleaser/releases/download/v2.4.6/goreleaser_Linux_x86_64.tar.gz
  sha256: 350c3c9e2e642e594a28b9b2c8e72fd0b4d5fc46c5079ece470651f119f87b2b
  timestamp: 2024-11-18 03:18:35+00:00
- url: https://github.com/goreleaser/goreleaser/releases/download/v2.4.7/goreleaser_Linux_arm64.tar.gz
  sha256: 6c9a078b9ea2a7a50a08fedf4bfaee4b100c9d79096acfbed861518b849db6da
  timestamp: 2024-11-18 12:11:21+00:00
- url: https://github.com/goreleaser/goreleaser/releases/download/v2.4.7/goreleaser_Linux_x86_64.tar.gz
  sha256: 62ae275d4d3f84362b2283b502ac71964cf0fbdb0e1dc444f553421a163f1c1e
  timestamp: 2024-11-18 12:11:21+00:00
- url: https://github.com/goreleaser/goreleaser/releases/download/v2.4.8/goreleaser_Linux_arm64.tar.gz
  sha256: b04032a54e40fc80eb6d8a3a7b428ab5cb3dd49606032d1ab14200d7f8287be9
  timestamp: 2024-11-22 18:08:09+00:00
- url: https://github.com/goreleaser/goreleaser/releases/download/v2.4.8/goreleaser_Linux_x86_64.tar.gz
  sha256: a115c78edc90d0eb5d36272c54a8087c0b209644349f3e720e2ec53d48d77647
  timestamp: 2024-11-22 18:08:09+00:00
- url: https://github.com/goreleaser/goreleaser/releases/download/v2.5.0/goreleaser_Linux_arm64.tar.gz
  sha256: 5f4e5c6ce32a104a3c45f98ee7fa66264f3424cf147789a6fa1bd562a58edcbf
  timestamp: 2024-12-16 03:22:18+00:00
- url: https://github.com/goreleaser/goreleaser/releases/download/v2.5.0/goreleaser_Linux_x86_64.tar.gz
  sha256: a7abd9e2b4220175841f999989c370d6c03fe4953a078ee4537f1c97657013a2
  timestamp: 2024-12-16 03:22:18+00:00
- url: https://github.com/goreleaser/goreleaser/releases/download/v2.5.1/goreleaser_Linux_arm64.tar.gz
  sha256: f322203467acdc3fa1e56c77a34fb9b8f838c1742d14b5b0e283adf3261004fc
  timestamp: 2025-01-02 15:06:11+00:00
- url: https://github.com/goreleaser/goreleaser/releases/download/v2.5.1/goreleaser_Linux_x86_64.tar.gz
  sha256: dfdbde64f57a7667bdcf5906c5df8ceaf19fb3175c1b352534ed22ca78b7a4c7
  timestamp: 2025-01-02 15:06:11+00:00
- url: https://github.com/goreleaser/goreleaser/releases/download/v2.6.1/goreleaser_Linux_arm64.tar.gz
  sha256: 9500e8b68d86431dbce011c48afe866c2abd936b92681d53dfcba2f647f508e4
  timestamp: 2025-01-28 09:07:22+00:00
- url: https://github.com/goreleaser/goreleaser/releases/download/v2.6.1/goreleaser_Linux_x86_64.tar.gz
  sha256: 517bc6422ed3fc4ae12900216cdab047dbb1dc60610174a170f7b760f171e27f
  timestamp: 2025-01-28 09:07:22+00:00
- url: https://github.com/goreleaser/goreleaser/releases/download/v2.7.0/goreleaser_Linux_arm64.tar.gz
  sha256: 5b3646cef976ea610019d4ee5523e4fb1b243e4e89a416ff9b9ac645c7e26342
  timestamp: 2025-02-11 03:09:56+00:00
- url: https://github.com/goreleaser/goreleaser/releases/download/v2.7.0/goreleaser_Linux_x86_64.tar.gz
  sha256: 075cb78e414664e50ee6900dd93ff1748c2d3fce19c9830f40186e99fc90ba0e
  timestamp: 2025-02-11 03:09:56+00:00
- url: https://github.com/goreleaser/goreleaser/releases/download/v2.8.0/goreleaser_Linux_arm64.tar.gz
  sha256: d0c25eac5b6d8e384dea86220df3157d25c90f1f2c69e4569fce1725e15ebdb8
  timestamp: 2025-03-13 09:08:25+00:00
- url: https://github.com/goreleaser/goreleaser/releases/download/v2.8.0/goreleaser_Linux_x86_64.tar.gz
  sha256: f1994d20e67a0b5108fe891123cb0e685d052a8d58a462fc8e0fdb572dc603f9
  timestamp: 2025-03-13 09:08:25+00:00
- url: https://github.com/goreleaser/goreleaser/releases/download/v2.8.1/goreleaser_Linux_arm64.tar.gz
  sha256: 9d4a8aa6b95a1390ece6b55f62f53bdf041440a7e6ef639e7375b0e95284c2ae
  timestamp: 2025-03-18 03:17:18+00:00
- url: https://github.com/goreleaser/goreleaser/releases/download/v2.8.1/goreleaser_Linux_x86_64.tar.gz
  sha256: 76a456f7e9b3d8644638d804d0fcda2f8557858af9b116d1a30b1aaa1d6a1ebc
  timestamp: 2025-03-18 03:17:18+00:00
- url: https://github.com/goreleaser/goreleaser/releases/download/v2.8.2/goreleaser_Linux_arm64.tar.gz
  sha256: ebf55249a59a4073b89379316953b3ce2e7505e5980f9c22e23399aa4679be69
  timestamp: 2025-04-02 21:14:21+00:00
- url: https://github.com/goreleaser/goreleaser/releases/download/v2.8.2/goreleaser_Linux_x86_64.tar.gz
  sha256: 847e2105d50da9133e567cf5450cd437ae29181cabf13ad42683151ba0f5b587
  timestamp: 2025-04-02 21:14:21+00:00
- url: https://github.com/goreleaser/goreleaser/releases/download/v2.9.0/goreleaser_Linux_arm64.tar.gz
  sha256: 574e83f5f0fc97803ff734c9342f8fd446d77e5e7ccac53debf09b4a8dbded80
  timestamp: 2025-05-02 00:31:12+00:00
- url: https://github.com/goreleaser/goreleaser/releases/download/v2.9.0/goreleaser_Linux_x86_64.tar.gz
  sha256: a066fcd713684abed0d750d7559f1a5d794fa2faa8e8f1ad2eecec8c373668a7
  timestamp: 2025-05-02 00:31:12+00:00
- url: https://github.com/goreleaser/goreleaser/releases/download/v2.10.1/goreleaser_Linux_arm64.tar.gz
  sha256: 66abbb574ceb3b536e24b2ea64d738e555cfb92fe6fc76bec42cc636bd7cce68
  timestamp: 2025-06-09 00:34:25+00:00
- url: https://github.com/goreleaser/goreleaser/releases/download/v2.10.1/goreleaser_Linux_x86_64.tar.gz
  sha256: 9f51d691556d86f0502c32ae1bf37bb3373fb6ae481f4c4d5e10feacdacef0bb
  timestamp: 2025-06-09 00:34:25+00:00
- url: https://github.com/goreleaser/goreleaser/releases/download/v2.10.2/goreleaser_Linux_arm64.tar.gz
  sha256: 708050ebcf0a60d3007317920e1851f168dff7ba0a8388437acb016d3b0dbe61
  timestamp: 2025-06-09 03:32:23+00:00
- url: https://github.com/goreleaser/goreleaser/releases/download/v2.10.2/goreleaser_Linux_x86_64.tar.gz
  sha256: 7557d103d66efad2cc3c61c458b6ec948d8cb0c49f734fbb94075e9f774076df
  timestamp: 2025-06-09 03:32:23+00:00
- url: https://github.com/goreleaser/goreleaser/releases/download/v2.11.0/goreleaser_Linux_arm64.tar.gz
  sha256: b06def64ee10adfef205cbe3a4c321aa86339a8e7ca0003b768ed680f6ab3000
  timestamp: 2025-07-18 12:04:47+00:00
- url: https://github.com/goreleaser/goreleaser/releases/download/v2.11.0/goreleaser_Linux_x86_64.tar.gz
  sha256: da8383cb2e1e848372a337922333ec883b8607c2ba70a2a68a0f33022fb7ebfd
  timestamp: 2025-07-18 12:04:47+00:00
- url: https://github.com/goreleaser/goreleaser/releases/download/v2.11.1/goreleaser_Linux_arm64.tar.gz
  sha256: f0d3085a62898bf562177e5e5199dd83965df5f0495b9fb495559ac06d83ed9d
  timestamp: 2025-07-25 06:03:38+00:00
- url: https://github.com/goreleaser/goreleaser/releases/download/v2.11.1/goreleaser_Linux_x86_64.tar.gz
  sha256: a01e2e9b72d9ee922361ef05263cf6fa77db4686df861b2b0d43713919c495c0
  timestamp: 2025-07-25 06:03:38+00:00
- url: https://github.com/goreleaser/goreleaser/releases/download/v2.11.2/goreleaser_Linux_arm64.tar.gz
  sha256: 40d9f8a9bf0032b55b998fa559c280484257dc0afe6e8f1bd66dd45096aec28c
  timestamp: 2025-07-31 18:03:01+00:00
- url: https://github.com/goreleaser/goreleaser/releases/download/v2.11.2/goreleaser_Linux_x86_64.tar.gz
  sha256: b101e5b3b286f82231fd0d6ad7c654cb99b5bd2ac15d5b7c0f090c94b026e777
  timestamp: 2025-07-31 18:03:01+00:00
- url: https://github.com/goreleaser/goreleaser/releases/download/v2.12.0/goreleaser_Linux_arm64.tar.gz
  sha256: d36fd20b66431dba7ee4c5ffc6f4d1b37c876d694d65ced1ff4911c143d8e66d
  timestamp: 2025-09-03 06:03:38+00:00
- url: https://github.com/goreleaser/goreleaser/releases/download/v2.12.0/goreleaser_Linux_x86_64.tar.gz
  sha256: 0c8915d91a491b1349fe4288eb8541d3876c5187be7f7e614bfc3fe442cf06d1
  timestamp: 2025-09-03 06:03:38+00:00
- url: https://github.com/goreleaser/goreleaser/releases/download/v2.12.1/goreleaser_Linux_arm64.tar.gz
  sha256: 1794690faf948020593451acea5bfa9f947a984513cb01ed7e8cbf33f69851ea
  timestamp: 2025-09-16 06:03:19+00:00
- url: https://github.com/goreleaser/goreleaser/releases/download/v2.12.1/goreleaser_Linux_x86_64.tar.gz
  sha256: cf22083b2702283a0bf29114f453df8843679a343616f42fbd203bffabc63862
  timestamp: 2025-09-16 06:03:19+00:00
- url: https://github.com/goreleaser/goreleaser/releases/download/v2.12.2/goreleaser_Linux_arm64.tar.gz
  sha256: f0f4562928da5f3cc680752b1dac9e3b361d4ca65d4f4b5045076c354bfc1854
  timestamp: 2025-09-18 06:03:41+00:00
- url: https://github.com/goreleaser/goreleaser/releases/download/v2.12.2/goreleaser_Linux_x86_64.tar.gz
  sha256: b7c923e1ff208a5aa4c800ee0331d9fdc8d3ea434f1126e43088676b34d5717b
  timestamp: 2025-09-18 06:03:41+00:00
- url: https://github.com/goreleaser/goreleaser/releases/download/v2.12.3/goreleaser_Linux_arm64.tar.gz
  sha256: a841db4911c1dc32fb8eb1d4afe91ae218c71bbc3b18379f9cddb2ee899aca31
  timestamp: 2025-09-25 06:04:02+00:00
- url: https://github.com/goreleaser/goreleaser/releases/download/v2.12.3/goreleaser_Linux_x86_64.tar.gz
  sha256: fd64c4baea57043a63cc209e8ad3fa54a7e3eda88bf0d053d1af9b577f328eac
  timestamp: 2025-09-25 06:04:02+00:00
- url: https://github.com/goreleaser/goreleaser/releases/download/v2.12.4/goreleaser_Linux_arm64.tar.gz
  sha256: f4df5d3defeee7e62fc5bd4651eb0e4b0c7c07b3e6e6eb221f6c8401d8a811aa
  timestamp: 2025-10-01 06:03:22+00:00
- url: https://github.com/goreleaser/goreleaser/releases/download/v2.12.4/goreleaser_Linux_x86_64.tar.gz
  sha256: 6ede51326777ccc21cf9cc808cdc963ebf09d7aee0c9af2f333ee55ae2a70220
  timestamp: 2025-10-01 06:03:22+00:00
- url: https://github.com/goreleaser/goreleaser/releases/download/v2.12.5/goreleaser_Linux_arm64.tar.gz
  sha256: c22ed995c2f7d47dcf5696f4e3b66dad3e656bcfcab8e485ce236777fb0f2caa
  timestamp: 2025-10-01 18:03:23+00:00
- url: https://github.com/goreleaser/goreleaser/releases/download/v2.12.5/goreleaser_Linux_x86_64.tar.gz
  sha256: 7675261dbfb73bf80e3fcb6502373aecfde67a7431f7ee888fb86407afc9ca39
  timestamp: 2025-10-01 18:03:23+00:00
