- url: https://github.com/dundee/gdu/releases/download/v5.29.0/gdu_linux_amd64.tgz
  sha256: 70b0c8c1eb1da9be8e302e268bfa4492b69259fda526420b5e34843616f6adec
  timestamp: 2024-12-22 20:03:40+00:00
- url: https://github.com/dundee/gdu/releases/download/v5.29.0/gdu_linux_arm64.tgz
  sha256: 1aedcce354fd89e9c74040c58d2da1b543aad2d277c4e84f0014fa771ed6abda
  timestamp: 2024-12-22 20:03:40+00:00
- url: https://github.com/dundee/gdu/releases/download/v5.30.0/gdu_linux_amd64.tgz
  sha256: 219e03edf4b054de9be15f0fdcb0d0713559cc2b463692a38387a8972c3eedd5
  timestamp: 2025-01-13 21:04:23+00:00
- url: https://github.com/dundee/gdu/releases/download/v5.30.0/gdu_linux_arm64.tgz
  sha256: 908d3eaceadb48998d6831c98cec320a126848b6782f4b89a2c144f9319b1022
  timestamp: 2025-01-13 21:04:23+00:00
- url: https://github.com/dundee/gdu/releases/download/v5.30.1/gdu_linux_amd64.tgz
  sha256: 289f83a5e59fa5a71107748ba8481f93a8868ae963763fc38c9f9e774f3baab8
  timestamp: 2025-01-13 21:04:23+00:00
- url: https://github.com/dundee/gdu/releases/download/v5.30.1/gdu_linux_arm64.tgz
  sha256: 242d984613d95dfbcdaf3698ed16dd2d352d77c6271567428d139d016a9ce332
  timestamp: 2025-01-13 21:04:23+00:00
