- url: https://github.com/kyverno/kyverno/releases/download/v1.12.6/kyverno-cli_v1.12.6_linux_arm64.tar.gz
  sha256: e48786d59b92f49007563c02c372e3f0204f79502e7e5b853e4ede37f483b27c
  timestamp: 2025-01-18 14:08:18+00:00
- url: https://github.com/kyverno/kyverno/releases/download/v1.12.6/kyverno-cli_v1.12.6_linux_x86_64.tar.gz
  sha256: 2586150b543b1418d85064872f73c81d82a94311bd51c5c2d9d7a26567aabef5
  timestamp: 2025-01-18 14:08:18+00:00
- url: https://github.com/kyverno/kyverno/releases/download/v1.12.7/kyverno-cli_v1.12.7_linux_arm64.tar.gz
  sha256: 4d707a321c8c981ab604767227c825b2cb3d5222e3eb7b003e111fa2c434972e
  timestamp: 2025-01-18 14:08:18+00:00
- url: https://github.com/kyverno/kyverno/releases/download/v1.12.7/kyverno-cli_v1.12.7_linux_x86_64.tar.gz
  sha256: 64c9c4f11c4ff4b5852fc9be4fbea7341937a3226d695798c1664f432893afab
  timestamp: 2025-01-18 14:08:18+00:00
- url: https://github.com/kyverno/kyverno/releases/download/v1.13.0/kyverno-cli_v1.13.0_linux_arm64.tar.gz
  sha256: 5b2a4d6746d19d1d14054ab018bdd84da90f10f789d354001d7ee306ec1ea254
  timestamp: 2025-01-18 14:08:18+00:00
- url: https://github.com/kyverno/kyverno/releases/download/v1.13.0/kyverno-cli_v1.13.0_linux_x86_64.tar.gz
  sha256: 3af2ae03f446299d000941f5c95e1821e548dad87917673a4321a2cb59411ba5
  timestamp: 2025-01-18 14:08:18+00:00
- url: https://github.com/kyverno/kyverno/releases/download/v1.13.1/kyverno-cli_v1.13.1_linux_arm64.tar.gz
  sha256: 029c47c644e12639dbd37a634e39ecc5ad754e8219d590fceb6d79ebbaac91ad
  timestamp: 2025-01-18 14:08:18+00:00
- url: https://github.com/kyverno/kyverno/releases/download/v1.13.1/kyverno-cli_v1.13.1_linux_x86_64.tar.gz
  sha256: d411a5f20c39b2b98a61cbb35743bf7bd0b4cacb569a0fd56a08a499b704f6e1
  timestamp: 2025-01-18 14:08:18+00:00
- url: https://github.com/kyverno/kyverno/releases/download/v1.13.2/kyverno-cli_v1.13.2_linux_arm64.tar.gz
  sha256: fc0e15f74c29d821f1b8e31147873f7fe77d759d0f6b82f27ecf48c52c27840f
  timestamp: 2025-01-18 14:08:18+00:00
- url: https://github.com/kyverno/kyverno/releases/download/v1.13.2/kyverno-cli_v1.13.2_linux_x86_64.tar.gz
  sha256: c0a85e8d8e855a879ddabbf19568fd80c3095a46f3f686cd4d2653cf0ab6601f
  timestamp: 2025-01-18 14:08:18+00:00
- url: https://github.com/kyverno/kyverno/releases/download/v1.13.3/kyverno-cli_v1.13.3_linux_arm64.tar.gz
  sha256: 1c9f5ba56720142a9b6a195b7e7254bf480ac9fc175cc7d44dffc84c338d46ed
  timestamp: 2025-02-06 12:10:31+00:00
- url: https://github.com/kyverno/kyverno/releases/download/v1.13.3/kyverno-cli_v1.13.3_linux_x86_64.tar.gz
  sha256: 30fbe8f6e5c11dca5d5512692822fa1e2fb6a0e1db07f763009d201977e3900c
  timestamp: 2025-02-06 12:10:31+00:00
- url: https://github.com/kyverno/kyverno/releases/download/v1.13.4/kyverno-cli_v1.13.4_linux_arm64.tar.gz
  sha256: 33ccb628b939f075bb8b7f35f5c6ce672cb6733d5748f4df196fa0ce1c67b4d2
  timestamp: 2025-02-08 09:06:07+00:00
- url: https://github.com/kyverno/kyverno/releases/download/v1.13.4/kyverno-cli_v1.13.4_linux_x86_64.tar.gz
  sha256: abd318dbb971ab6de2bbe3b7226f4a03230d5c9c651df8a29b6b5e085a55aeeb
  timestamp: 2025-02-08 09:06:07+00:00
- url: https://github.com/kyverno/kyverno/releases/download/v1.14.0/kyverno-cli_v1.14.0_linux_arm64.tar.gz
  sha256: 5c5cacd6bb0969cfe493df0b4ea0d80903f1279f8c13f275e74be7b4a0ea234d
  timestamp: 2025-04-29 18:10:09+00:00
- url: https://github.com/kyverno/kyverno/releases/download/v1.14.0/kyverno-cli_v1.14.0_linux_x86_64.tar.gz
  sha256: 569978ffff26577c0b8fb1efe4956b8ddbaff0616389f120ca9e810ba8f178cb
  timestamp: 2025-04-29 18:10:09+00:00
- url: https://github.com/kyverno/kyverno/releases/download/v1.14.1/kyverno-cli_v1.14.1_linux_arm64.tar.gz
  sha256: 4639bd42ff5e0b5e9cbe3fad705ab73041657e210c3557a37f925e7802804540
  timestamp: 2025-05-02 00:31:12+00:00
- url: https://github.com/kyverno/kyverno/releases/download/v1.14.1/kyverno-cli_v1.14.1_linux_x86_64.tar.gz
  sha256: b4052be8e8022b028925bfcec41daa8c111e16dd54f0cfe36e71cc3ee51f93d9
  timestamp: 2025-05-02 00:31:12+00:00
- url: https://github.com/kyverno/kyverno/releases/download/v1.14.2/kyverno-cli_v1.14.2_linux_arm64.tar.gz
  sha256: 2fada1e2158036b9ec5b2302930132b0eff8e2c85e97874b4417795e823057e6
  timestamp: 2025-06-03 06:10:17+00:00
- url: https://github.com/kyverno/kyverno/releases/download/v1.14.2/kyverno-cli_v1.14.2_linux_x86_64.tar.gz
  sha256: 3f6fac63b200061078fdd1a7266c6fe2e74ecd427cf66b3dcf89f96ebe054e8d
  timestamp: 2025-06-03 06:10:17+00:00
