- url: https://github.com/grafana/k6/releases/download/v0.53.0/k6-v0.53.0-linux-amd64.tar.gz
  sha256: ec60dad9643e05334ffb1b7997c7015340d29f45ed4807338ebae223593005aa
  timestamp: 2024-09-27 21:05:18+00:00
- url: https://github.com/grafana/k6/releases/download/v0.53.0/k6-v0.53.0-linux-arm64.tar.gz
  sha256: 3612e5acbf1722d472fad4240433c2e0235ac7c0e99f6bfe851f034e0d36ea2e
  timestamp: 2024-09-27 21:05:18+00:00
- url: https://github.com/grafana/k6/releases/download/v0.54.0/k6-v0.54.0-linux-amd64.tar.gz
  sha256: c7f03434854f837b6790ee81572e4b0f955241974c79a43cbb9f8d0fef069589
  timestamp: 2024-10-11 15:06:02+00:00
- url: https://github.com/grafana/k6/releases/download/v0.54.0/k6-v0.54.0-linux-arm64.tar.gz
  sha256: 6be08e8578af0ca79ce7d5f8f6e1adb4cae080d6752a342295260fe246655b1f
  timestamp: 2024-10-11 15:06:02+00:00
- url: https://github.com/grafana/k6/releases/download/v0.55.0/k6-v0.55.0-linux-amd64.tar.gz
  sha256: 47a43a8dbb4c1f5d5bd7b8ed6a1b8c83b35546acf989b78400b4e6ce3adaf628
  timestamp: 2024-11-11 18:08:14+00:00
- url: https://github.com/grafana/k6/releases/download/v0.55.0/k6-v0.55.0-linux-arm64.tar.gz
  sha256: de505b57f0de37f715f598178c43dc856a19fb90d6d549a65ea730bb3b6c9216
  timestamp: 2024-11-11 18:08:14+00:00
- url: https://github.com/grafana/k6/releases/download/v0.55.1/k6-v0.55.1-linux-amd64.tar.gz
  sha256: 45f5ec479610a0d3170da159ea593220193d2dd2821922dae3097d6a62a3233e
  timestamp: 2024-12-19 18:08:19+00:00
- url: https://github.com/grafana/k6/releases/download/v0.55.1/k6-v0.55.1-linux-arm64.tar.gz
  sha256: 4a259b96fe1eb665237007aaebb4f14cd801f7436f5dd609528c6d1bd8b0b92a
  timestamp: 2024-12-19 18:08:19+00:00
- url: https://github.com/grafana/k6/releases/download/v0.55.2/k6-v0.55.2-linux-amd64.tar.gz
  sha256: d9a91fcee7eb70193324a53c9cc142a359c63b63eeb6b8a050f13d9fa442c5ee
  timestamp: 2024-12-20 12:10:14+00:00
- url: https://github.com/grafana/k6/releases/download/v0.55.2/k6-v0.55.2-linux-arm64.tar.gz
  sha256: 82182ab74424a192a3c49746ad049303325bc582da94cadf8dfe34585e166799
  timestamp: 2024-12-20 12:10:14+00:00
- url: https://github.com/grafana/k6/releases/download/v0.56.0/k6-v0.56.0-linux-amd64.tar.gz
  sha256: f90877b2721dbc607853ff785433c9a471e5aafdee788e78f6c833413541d649
  timestamp: 2025-01-06 18:08:16+00:00
- url: https://github.com/grafana/k6/releases/download/v0.56.0/k6-v0.56.0-linux-arm64.tar.gz
  sha256: e91dd91e149a0642929ea44a1f51a1661f2282362559ca557e807976c30da9ff
  timestamp: 2025-01-06 18:08:16+00:00
- url: https://github.com/grafana/k6/releases/download/v0.57.0/k6-v0.57.0-linux-amd64.tar.gz
  sha256: 49b1072c29d3682a1ea2ec98df9d17f2bd1cfabb27c1c5e01050766848925c74
  timestamp: 2025-02-13 15:06:54+00:00
- url: https://github.com/grafana/k6/releases/download/v0.57.0/k6-v0.57.0-linux-arm64.tar.gz
  sha256: 223525edaadf23f1483ec4b3f38b81c4431dce38df5a843a89b2b87950faf56d
  timestamp: 2025-02-13 15:06:54+00:00
- url: https://github.com/grafana/k6/releases/download/v0.58.0/k6-v0.58.0-linux-amd64.tar.gz
  sha256: e487d8775a306ed1f7232855a37dee4e42b7a53b5a991009a267305c06f56dab
  timestamp: 2025-04-02 21:25:10+00:00
- url: https://github.com/grafana/k6/releases/download/v0.58.0/k6-v0.58.0-linux-arm64.tar.gz
  sha256: 0598bbdd9f9e67a8eae49520494137b235c3be2cbf3b3721db626ecb395944ee
  timestamp: 2025-04-02 21:25:10+00:00
- url: https://github.com/grafana/k6/releases/download/v0.59.0/k6-v0.59.0-linux-amd64.tar.gz
  sha256: 7b32add2eb49495a641e5bdf9a392f58d2d5da1a50254f23b3e33fc02e1bfa55
  timestamp: 2025-05-05 15:07:19+00:00
- url: https://github.com/grafana/k6/releases/download/v0.59.0/k6-v0.59.0-linux-arm64.tar.gz
  sha256: 9774c25004c666a8e484f686a053147b92649447cb595f6df09ac5856b4ad503
  timestamp: 2025-05-05 15:07:19+00:00
- url: https://github.com/grafana/k6/releases/download/v1.0.0/k6-v1.0.0-linux-amd64.tar.gz
  sha256: 5eb2236bc76a3c5cced12aaf0fd76c4b1ceac5ea040c70388a3d272b46595b59
  timestamp: 2025-05-06 12:12:51+00:00
- url: https://github.com/grafana/k6/releases/download/v1.0.0/k6-v1.0.0-linux-arm64.tar.gz
  sha256: 497721e02c65cffad4bde6f7687dd776dbbbd0ea86b5956bacfccb59bd190ea3
  timestamp: 2025-05-06 12:12:51+00:00
- url: https://github.com/grafana/k6/releases/download/v1.1.0/k6-v1.1.0-linux-amd64.tar.gz
  sha256: 7d92e0cbf625b5fde10653a67a0a2eeeab2de75f7f9f562a3b6cafd2a5d847e5
  timestamp: 2025-06-25 15:08:00+00:00
- url: https://github.com/grafana/k6/releases/download/v1.1.0/k6-v1.1.0-linux-arm64.tar.gz
  sha256: 8734b1c4b16d336aac8ffae5ff69caa7bef975ad480e5377e52d6fab7524d4a8
  timestamp: 2025-06-25 15:08:00+00:00
- url: https://github.com/grafana/k6/releases/download/v1.2.1/k6-v1.2.1-linux-amd64.tar.gz
  sha256: b082f79deef18bdbb4c7b8ab997d048553d8905bc35e9903ab9f2d7e3563993d
  timestamp: 2025-08-13 12:03:32+00:00
- url: https://github.com/grafana/k6/releases/download/v1.2.1/k6-v1.2.1-linux-arm64.tar.gz
  sha256: 4db0f1a277f2fdc48dff6ca8136f213da19d1134dae0e0eb850e61695be24645
  timestamp: 2025-08-13 12:03:32+00:00
- url: https://github.com/grafana/k6/releases/download/v1.2.2/k6-v1.2.2-linux-amd64.tar.gz
  sha256: 007ef3ef94afdcffcbac47d3c55f792195a3c369db3bd7b6b1326fd5d6c91764
  timestamp: 2025-08-19 12:03:37+00:00
- url: https://github.com/grafana/k6/releases/download/v1.2.2/k6-v1.2.2-linux-arm64.tar.gz
  sha256: 3dd27496131ec1355f7798fb4f20abf66d387925f0b89a4b4ad2a6528c2e6ea1
  timestamp: 2025-08-19 12:03:37+00:00
- url: https://github.com/grafana/k6/releases/download/v1.2.3/k6-v1.2.3-linux-amd64.tar.gz
  sha256: c036573c69b5e7fb9283eaf5367307c5874e437c68dc46e4590953a279cb973a
  timestamp: 2025-08-27 12:03:45+00:00
- url: https://github.com/grafana/k6/releases/download/v1.2.3/k6-v1.2.3-linux-arm64.tar.gz
  sha256: 7ee1503833c7da6dec2bf1432cd9916a909950e9e89567942d9b112c4efcdef3
  timestamp: 2025-08-27 12:03:45+00:00
- url: https://github.com/grafana/k6/releases/download/v1.3.0/k6-v1.3.0-linux-amd64.tar.gz
  sha256: 84d26fc1f7bc03e02f2e016b3b1b20c032e05dfe461fca82de4e3a6ebe72ddbd
  timestamp: 2025-09-23 12:04:10+00:00
- url: https://github.com/grafana/k6/releases/download/v1.3.0/k6-v1.3.0-linux-arm64.tar.gz
  sha256: df35a88b5ef534b39f4ab74b22a0d60362138af219228253f042650a36af7920
  timestamp: 2025-09-23 12:04:10+00:00
- url: https://github.com/grafana/k6/releases/download/v1.4.0/k6-v1.4.0-linux-amd64.tar.gz
  sha256: 58fa87283f5d5b11bc6824d9204e8a38266c9977f2c4d0a960ce1b5beeaae517
  timestamp: 2025-11-10 18:03:10+00:00
- url: https://github.com/grafana/k6/releases/download/v1.4.0/k6-v1.4.0-linux-arm64.tar.gz
  sha256: 160caf14e90e0663b1d3026cd171f73a734794a4efcf3e4d2c11d912bd49fc4c
  timestamp: 2025-11-10 18:03:10+00:00
- url: https://github.com/grafana/k6/releases/download/v1.4.1/k6-v1.4.1-linux-amd64.tar.gz
  sha256: ec472ea8a2d2829709c65e8c88e72ce06d859e8ebb4f998827cbd51486a12f58
  timestamp: 2025-11-21 00:08:20+00:00
- url: https://github.com/grafana/k6/releases/download/v1.4.1/k6-v1.4.1-linux-arm64.tar.gz
  sha256: 6c22f9d15181846cfe4c1253c7ad0c3b42068c0388cd3c2f1d69233681a95575
  timestamp: 2025-11-21 00:08:20+00:00
- url: https://github.com/grafana/k6/releases/download/v1.4.2/k6-v1.4.2-linux-amd64.tar.gz
  sha256: c827501f510265db9c3313e4164d2585a97c7a3485ed440b93f7b1cfe6facd28
  timestamp: 2025-11-24 18:03:27+00:00
- url: https://github.com/grafana/k6/releases/download/v1.4.2/k6-v1.4.2-linux-arm64.tar.gz
  sha256: 0e9515502f80edb562f12c0b12a59085c0b113c6416d728e3c2a9e5a7506cc5c
  timestamp: 2025-11-24 18:03:27+00:00
- url: https://github.com/grafana/k6/releases/download/v1.5.0/k6-v1.5.0-linux-amd64.tar.gz
  sha256: 5ec7c7800ffedac41b9346c55fa7a4a73b4711b0d05d7226f1b8494748878263
  timestamp: 2026-01-06 00:09:08+00:00
- url: https://github.com/grafana/k6/releases/download/v1.5.0/k6-v1.5.0-linux-arm64.tar.gz
  sha256: c8166d774ce2de960605552e2115442f4b7a9521914dc421916b4b5c1c2abb54
  timestamp: 2026-01-06 00:09:08+00:00
- url: https://github.com/grafana/k6/releases/download/v1.6.0/k6-v1.6.0-linux-amd64.tar.gz
  sha256: 365591ae4039b51b2843b4a117e2dde96fa20cc0c5df800a330790380eebb697
  timestamp: 2026-02-10 12:14:02+00:00
- url: https://github.com/grafana/k6/releases/download/v1.6.0/k6-v1.6.0-linux-arm64.tar.gz
  sha256: 5b1139ec5e2fa503fa694961120859db4db7573e4934f4069ed8964f3e3d7450
  timestamp: 2026-02-10 12:14:02+00:00
- url: https://github.com/grafana/k6/releases/download/v1.6.1/k6-v1.6.1-linux-amd64.tar.gz
  sha256: 68df4958a1b089dc6f70a234e07c7ec818922f83b261ca24f3abf79882b13343
  timestamp: 2026-02-16 12:09:16+00:00
- url: https://github.com/grafana/k6/releases/download/v1.6.1/k6-v1.6.1-linux-arm64.tar.gz
  sha256: 698e47804a8cf679237dc7f19813e2967e0a892d4b9387f6f6de46da259069f9
  timestamp: 2026-02-16 12:09:16+00:00
