- url: https://github.com/stern/stern/releases/download/v1.23.0/stern_1.23.0_linux_amd64.tar.gz
  sha256: f5eb4a30a5967bdd5af1de5190dd872a91ee6923c6b1eaa58038f039b8224d38
  timestamp: 2023-03-06 09:56:12+00:00
- url: https://github.com/stern/stern/releases/download/v1.23.0/stern_1.23.0_linux_arm.tar.gz
  sha256: af254953d979f0bf58dbee1695964479ff2ed19b24093b3032492e4cef291083
  timestamp: 2023-03-06 09:56:50+00:00
- url: https://github.com/stern/stern/releases/download/v1.23.0/stern_1.23.0_linux_arm64.tar.gz
  sha256: 66acf926b6d6eb8ae0cd7879b4ad190709085bddf968d6f189e93ea5615de6e1
  timestamp: 2023-03-06 09:56:50+00:00
