- url: https://github.com/grafana/loki/releases/download/v2.3.0/logcli-linux-amd64.zip
  sha256: af0d748ac29da9f7d43d5e7675996ab331112024fa06d65e82996925f5882658
  timestamp: 2021-10-11 11:32:19+00:00
- url: https://github.com/grafana/loki/releases/download/v2.4.2/logcli-linux-amd64.zip
  sha256: 68e5e281b4488ad49303cce972e194fe4e186cd519ed8a14db0c28316ad01e05
  timestamp: 2022-01-12 19:25:43+00:00
- url: https://github.com/grafana/loki/releases/download/v2.4.2/logcli-linux-arm.zip
  sha256: 362eb654400e33024c40d1a8f4595241f206fbcb39b8767fe7104cf301f8d325
  timestamp: 2022-01-30 16:22:16+00:00
- url: https://github.com/grafana/loki/releases/download/v2.4.2/logcli-linux-arm64.zip
  sha256: 38003a38b3ffab792fc1f00d68bf48fe440ec48ff0eb13206c37805e18d19eac
  timestamp: 2022-01-30 16:22:16+00:00
- url: https://github.com/grafana/loki/releases/download/v2.5.0/logcli-linux-amd64.zip
  sha256: ba034c3c56e121697a6bcec7a51b012e946a4f449a757a0ce594cd689c3e6648
  timestamp: 2022-04-11 20:28:57+00:00
- url: https://github.com/grafana/loki/releases/download/v2.5.0/logcli-linux-arm.zip
  sha256: 6db5b6108a5a9ba9f1a0be9244db3c83026506fa4b254e454644dbcf2bc209f6
  timestamp: 2022-04-11 20:28:57+00:00
- url: https://github.com/grafana/loki/releases/download/v2.5.0/logcli-linux-arm64.zip
  sha256: 61a35f694bdc75c7c9a4cfabc84edcd1ea827084c102a68d7130a5dadfb98f2f
  timestamp: 2022-04-11 20:28:57+00:00
- url: https://github.com/grafana/loki/releases/download/v2.6.0/logcli-linux-amd64.zip
  sha256: ec390ceb802b5295f8abbd3b14c46b90c86ee332a86e86de3e6ba782ae0cbda7
  timestamp: 2022-07-08 20:27:36+00:00
- url: https://github.com/grafana/loki/releases/download/v2.6.0/logcli-linux-arm.zip
  sha256: 4697cb472bffe73bf0a6b24cfea37b893c2d6e2904044b5a92781daa584fc35d
  timestamp: 2022-07-08 20:27:36+00:00
- url: https://github.com/grafana/loki/releases/download/v2.6.0/logcli-linux-arm64.zip
  sha256: 5972be4f9252cdfd9858e972aba53794d4854309a0087bb6299d6ba0a62362e1
  timestamp: 2022-07-08 20:27:36+00:00
- url: https://github.com/grafana/loki/releases/download/v2.6.1/logcli-linux-amd64.zip
  sha256: 8fe59a3b2f83c02920f29251a97ad1f6d4a83a8bbbc20097b73fb839d946cb75
  timestamp: 2022-07-18 14:46:23+00:00
- url: https://github.com/grafana/loki/releases/download/v2.6.1/logcli-linux-arm.zip
  sha256: 2ad747a3bba8bff77f03f7f38edb6c2f60d186a8e1bd395c425c0ed5d0676c1f
  timestamp: 2022-07-18 14:46:23+00:00
- url: https://github.com/grafana/loki/releases/download/v2.6.1/logcli-linux-arm64.zip
  sha256: e2c3cb728402087cadc120e190d617db8e0b39eb21bbff73f0d040e535822ca8
  timestamp: 2022-07-18 14:46:23+00:00
- url: https://github.com/grafana/loki/releases/download/v2.7.0/logcli-linux-amd64.zip
  sha256: 5df9bf01cead8852c21f0a9e9bf1801d0f41a83f4921395f9b70244778f7d712
  timestamp: 2022-11-11 04:56:54+00:00
- url: https://github.com/grafana/loki/releases/download/v2.7.0/logcli-linux-arm.zip
  sha256: f863117b680ccad04484d1bc41f5809a78b8c9017ff41f31cc557ff839a9568f
  timestamp: 2022-11-11 04:56:54+00:00
- url: https://github.com/grafana/loki/releases/download/v2.7.0/logcli-linux-arm64.zip
  sha256: ae36882a653f4b9708583e45fbf9cfd5ac70fa8fcdf676d53834d09179ff7dda
  timestamp: 2022-11-11 04:56:54+00:00
- url: https://github.com/grafana/loki/releases/download/v2.7.1/logcli-linux-amd64.zip
  sha256: 5b1033be27f8bb77cb4f5a836558b3f0719a989cd9add7c848800e4b2f59b394
  timestamp: 2022-12-10 02:34:26+00:00
- url: https://github.com/grafana/loki/releases/download/v2.7.1/logcli-linux-arm.zip
  sha256: a1fad7f5dbcf0f31c6e5e5a8bb48d23ac23fde0c00c5c1582717bd78343ee95c
  timestamp: 2022-12-10 02:34:26+00:00
- url: https://github.com/grafana/loki/releases/download/v2.7.1/logcli-linux-arm64.zip
  sha256: 905ccb70e74196b0272bb07b282801ff20fc6b61d83844cb01d8743a8f778b2c
  timestamp: 2022-12-10 02:34:26+00:00
- url: https://github.com/grafana/loki/releases/download/v2.7.2/logcli-linux-amd64.zip
  sha256: ae9d78a6703b4593a973e3add8f11abac54246626a2be2443e400093a3a354ab
  timestamp: 2023-01-26 22:16:31+00:00
- url: https://github.com/grafana/loki/releases/download/v2.7.2/logcli-linux-arm.zip
  sha256: 70c51bb938998c8e61d307abe601da6d45ff7559c7b424e2321685a765a48228
  timestamp: 2023-01-26 22:16:31+00:00
- url: https://github.com/grafana/loki/releases/download/v2.7.2/logcli-linux-arm64.zip
  sha256: 149e645cc68a38f0ba2316cabd8dce75609ce069b9af73a7a6875298f0e0fcd7
  timestamp: 2023-01-26 22:16:31+00:00
- url: https://github.com/grafana/loki/releases/download/v2.7.3/logcli-linux-amd64.zip
  sha256: d295d510e5eca6f2437acc085aba399ea4274705d1fec436cf916919c75cec45
  timestamp: 2023-02-01 16:20:09+00:00
- url: https://github.com/grafana/loki/releases/download/v2.7.3/logcli-linux-arm.zip
  sha256: c1efd6ddcf451dfef8437f311157b49a9fe7e04bc21ec82ae8a1b3c6b07d426c
  timestamp: 2023-02-01 16:20:09+00:00
- url: https://github.com/grafana/loki/releases/download/v2.7.3/logcli-linux-arm64.zip
  sha256: fb06d4040609a38d6f23eab8664af8935452c191a21ff5961ee1a13132e7cabf
  timestamp: 2023-02-01 16:20:09+00:00
- url: https://github.com/grafana/loki/releases/download/v2.7.4/logcli-linux-amd64.zip
  sha256: 6ad831b3c350f86f4dc30fb09bfbda330fe7575b0658c2110178e81bd42c5327
  timestamp: 2023-02-24 22:16:01+00:00
- url: https://github.com/grafana/loki/releases/download/v2.7.4/logcli-linux-arm.zip
  sha256: eb5fafed57376c961154be285ff6ae7534725291618144971e7e56ccf0e109cc
  timestamp: 2023-02-24 22:16:01+00:00
- url: https://github.com/grafana/loki/releases/download/v2.7.4/logcli-linux-arm64.zip
  sha256: a17401becad1195bd31186b52fad95681cefba78f5538a7ec309da4d39680077
  timestamp: 2023-02-24 22:16:01+00:00
- url: https://github.com/grafana/loki/releases/download/v2.3.0/logcli-linux-arm.zip
  sha256: 4197493bff88789a6ad623fedecf5fab0f075c325c4a1c6ca640a0fc068efd21
  timestamp: 2023-03-06 12:16:10+00:00
- url: https://github.com/grafana/loki/releases/download/v2.3.0/logcli-linux-arm64.zip
  sha256: 4659f99e10924e4c5e2a4567f80806967c61000cc56ea67ce2b7984c3b8e6e83
  timestamp: 2023-03-06 12:16:10+00:00
- url: https://github.com/grafana/loki/releases/download/v2.7.5/logcli-linux-amd64.zip
  sha256: c5043dbfbd77e62ab9eace49cb05b9fa308f0224c478c26c55e62c32490b4e51
  timestamp: 2023-03-28 15:20:19+00:00
- url: https://github.com/grafana/loki/releases/download/v2.7.5/logcli-linux-arm.zip
  sha256: 699df293fe44db06fe8f13bb7af332a4edbf26c29f804d1fd92b9987ba6a82cf
  timestamp: 2023-03-28 15:20:19+00:00
- url: https://github.com/grafana/loki/releases/download/v2.7.5/logcli-linux-arm64.zip
  sha256: 4ace3d45c0d6d55fb5259bf8082719477437e813579f0b5d3d6dc3f2d978f66c
  timestamp: 2023-03-28 15:20:19+00:00
- url: https://github.com/grafana/loki/releases/download/v2.8.0/logcli-linux-amd64.zip
  sha256: 470eb21b01a4b89495fd6af07532460395513a50fae4b722559df82f2e222df9
  timestamp: 2023-04-04 18:19:57+00:00
- url: https://github.com/grafana/loki/releases/download/v2.8.0/logcli-linux-arm.zip
  sha256: cdab4cb611d6ed0d418bd85631695bbf97b6ed517919c65ed49f15006abdc8a1
  timestamp: 2023-04-04 18:19:57+00:00
- url: https://github.com/grafana/loki/releases/download/v2.8.0/logcli-linux-arm64.zip
  sha256: 9ae0de3b75a916cab6eb3d41c62e860d4ab69e9cabd7e1769bd559c77cc50430
  timestamp: 2023-04-04 18:19:57+00:00
- url: https://github.com/grafana/loki/releases/download/v2.8.1/logcli-linux-amd64.zip
  sha256: e9a46864f0c9b2f048f67759c5a693305a6ed3d10c765f6d989fb91e29ae6a40
  timestamp: 2023-04-25 10:50:55+00:00
- url: https://github.com/grafana/loki/releases/download/v2.8.1/logcli-linux-arm.zip
  sha256: f05e75a088a92cc8c5bddc7a5a22d75f094ccfedecaa27836476e9dd4265d99e
  timestamp: 2023-04-25 10:50:55+00:00
- url: https://github.com/grafana/loki/releases/download/v2.8.1/logcli-linux-arm64.zip
  sha256: 1f45b7d68c4a3c5467116e6819e4383b0a2509bdb5746ffae4c708ecee50de88
  timestamp: 2023-04-25 10:50:55+00:00
- url: https://github.com/grafana/loki/releases/download/v2.8.2/logcli-linux-amd64.zip
  sha256: 5aa8a83c343c68f9dcb63305642522391fa671abf1c74195feb855ab576e2904
  timestamp: 2023-05-03 12:33:48+00:00
- url: https://github.com/grafana/loki/releases/download/v2.8.2/logcli-linux-arm.zip
  sha256: c55e3e699caa45e7ff9edea594c99f377715a6083d4b6b72dc0a78f459745bed
  timestamp: 2023-05-03 12:33:48+00:00
- url: https://github.com/grafana/loki/releases/download/v2.8.2/logcli-linux-arm64.zip
  sha256: 711d4bcb0647c9daa2357d90960ac76066339bfaf0a3cc0b54b63f6beb65e690
  timestamp: 2023-05-03 12:33:48+00:00
- url: https://github.com/grafana/loki/releases/download/v2.8.3/logcli-linux-amd64.zip
  sha256: 1c1c05ee4d84f3071cec222b755c0e1b7d1b7edaeb4c053b6916d2ea53462034
  timestamp: 2023-07-27 09:16:48+00:00
- url: https://github.com/grafana/loki/releases/download/v2.8.3/logcli-linux-arm.zip
  sha256: 6d125ad3423848076441281829a49c00c6a8217d199f2206b91ab66cf97b3a7a
  timestamp: 2023-07-27 09:16:48+00:00
- url: https://github.com/grafana/loki/releases/download/v2.8.3/logcli-linux-arm64.zip
  sha256: c83f610861b68daf57a135bdf81980f4b2afccaf06ad4781536509ecf788b3db
  timestamp: 2023-07-27 09:16:48+00:00
- url: https://github.com/grafana/loki/releases/download/v2.8.4/logcli-linux-amd64.zip
  sha256: 3da841c5032ef300846ddc2f382520c9f97c18f33c99e6b3f6784da36a1ae699
  timestamp: 2023-08-12 01:08:00+00:00
- url: https://github.com/grafana/loki/releases/download/v2.8.4/logcli-linux-arm.zip
  sha256: a02e8930f04b526c0165966f30dda5357a732edab9ef580f8a37f8d553f64136
  timestamp: 2023-08-12 01:08:00+00:00
- url: https://github.com/grafana/loki/releases/download/v2.8.4/logcli-linux-arm64.zip
  sha256: 5cef8e0a07a0d5cc23eefb49f382eb2412522cbfbee56ad95437ea6f828eda51
  timestamp: 2023-08-12 01:08:00+00:00
- url: https://github.com/grafana/loki/releases/download/v2.9.0/logcli-linux-amd64.zip
  sha256: df0232892251fe615edb674085a5fe3c96e40408e29e01978a37c20f7795a990
  timestamp: 2023-09-07 21:14:14+00:00
- url: https://github.com/grafana/loki/releases/download/v2.9.0/logcli-linux-arm.zip
  sha256: 186b3aa34c0bed36029bb464d0166db520ae2f22b31613067391b9ec4da5f38f
  timestamp: 2023-09-07 21:14:14+00:00
- url: https://github.com/grafana/loki/releases/download/v2.9.0/logcli-linux-arm64.zip
  sha256: 503b18223dac1838f9597318109d28b8c722f9290f42fb4fd25be0cd54769ed9
  timestamp: 2023-09-07 21:14:14+00:00
- url: https://github.com/grafana/loki/releases/download/v2.9.1/logcli-linux-amd64.zip
  sha256: 94a26d58d490eaa13bb947ad07c04600e5f00d8fac957ed14d0623aa9d4e51f6
  timestamp: 2023-09-15 03:17:09+00:00
- url: https://github.com/grafana/loki/releases/download/v2.9.1/logcli-linux-arm.zip
  sha256: 5b26f8aab3e59374d5bcb414d21dad7cead8ed4a3d457c727282546c94c86559
  timestamp: 2023-09-15 03:17:09+00:00
- url: https://github.com/grafana/loki/releases/download/v2.9.1/logcli-linux-arm64.zip
  sha256: 13c402bcc4eb82a7b9ebeef2e1feff2fa61ad7ab2250904f10fffe8613084c0b
  timestamp: 2023-09-15 03:17:09+00:00
- url: https://github.com/grafana/loki/releases/download/v2.9.2/logcli-linux-amd64.zip
  sha256: 5dd28f6ed7c4c75c04c663a0033346018b1c2c333630c2ca7d9fd2fbabb63c6e
  timestamp: 2023-10-16 15:16:58+00:00
- url: https://github.com/grafana/loki/releases/download/v2.9.2/logcli-linux-arm.zip
  sha256: 4a422627533be50841c5b785b25a77651110be8bdac712e86cd7ace4b1f88cac
  timestamp: 2023-10-16 15:16:58+00:00
- url: https://github.com/grafana/loki/releases/download/v2.9.2/logcli-linux-arm64.zip
  sha256: 8f2ca774a1293b96baecff29c3969c1afe1699ddbbc19f886cca370f278a03b8
  timestamp: 2023-10-16 15:16:58+00:00
- url: https://github.com/grafana/loki/releases/download/v2.9.3/logcli-linux-amd64.zip
  sha256: 94d39ffc2c435e9f1c4ed4848f57bdd93f69e4939ee1010317361a53d120a335
  timestamp: 2023-12-12 01:17:12+00:00
- url: https://github.com/grafana/loki/releases/download/v2.9.3/logcli-linux-arm.zip
  sha256: ef82502c1cd3a2b9ee203e0e07645e17ebf4da6af9fa1cac72713cd9a8d09846
  timestamp: 2023-12-12 01:17:12+00:00
- url: https://github.com/grafana/loki/releases/download/v2.9.3/logcli-linux-arm64.zip
  sha256: 61d290f3914c1fa6c5067a735a0c75e3d855b3ee130f7dd308bb84bf503c09f6
  timestamp: 2023-12-12 01:17:12+00:00
- url: https://github.com/grafana/loki/releases/download/v2.9.4/logcli-linux-amd64.zip
  sha256: 20a9f33b07e2ba242d4160f6f479ac77e3ca40fee913a03096e116bf3988fcee
  timestamp: 2024-01-24 18:20:57+00:00
- url: https://github.com/grafana/loki/releases/download/v2.9.4/logcli-linux-arm.zip
  sha256: 133cc6a7cf8c30fe8e64dab3023a78bf6c4a7ba31da91ccbb7b01f83c82fa4f6
  timestamp: 2024-01-24 18:20:57+00:00
- url: https://github.com/grafana/loki/releases/download/v2.9.4/logcli-linux-arm64.zip
  sha256: e016d23c8e3551ad023cbecb1cecd6b8178497f7170d582ea9bd46caecb2da65
  timestamp: 2024-01-24 18:20:57+00:00
- url: https://github.com/grafana/loki/releases/download/v2.9.5/logcli-linux-amd64.zip
  sha256: a22f7e29bb9ef8f6f70e31926bbffc646b9e36b3265458e199c497b305d21cc2
  timestamp: 2024-02-29 00:20:36+00:00
- url: https://github.com/grafana/loki/releases/download/v2.9.5/logcli-linux-arm.zip
  sha256: 0ad5c86191916121acea30d44011d84d33e5ca27497691980de16f1508b209f5
  timestamp: 2024-02-29 00:20:36+00:00
- url: https://github.com/grafana/loki/releases/download/v2.9.5/logcli-linux-arm64.zip
  sha256: 06b6a6b961f5004c51eb7922509dbbb189701b1f3925ba1bb2289894fef7861e
  timestamp: 2024-02-29 00:20:36+00:00
- url: https://github.com/grafana/loki/releases/download/v2.9.6/logcli-linux-amd64.zip
  sha256: 66524521ee43165f667d256eb5e6d0faba0a334d836054a00451e3a19261203b
  timestamp: 2024-03-27 18:06:36+00:00
- url: https://github.com/grafana/loki/releases/download/v2.9.6/logcli-linux-arm.zip
  sha256: 413516f7193778af754a0f3035ae1cd47c08e407e0cfaddbf986da66ce37c1ea
  timestamp: 2024-03-27 18:06:36+00:00
- url: https://github.com/grafana/loki/releases/download/v2.9.6/logcli-linux-arm64.zip
  sha256: a04fff6105166fc1938ecc790602e0b64ccc7462c13eecb48aa96dd28294c1ed
  timestamp: 2024-03-27 18:06:36+00:00
- url: https://github.com/grafana/loki/releases/download/v3.0.0/logcli-linux-amd64.zip
  sha256: 36fd5dc168c7cc0fcf69216885798c7a4e0857543cf25641b3d6af6815d968ef
  timestamp: 2024-04-08 21:05:40+00:00
- url: https://github.com/grafana/loki/releases/download/v3.0.0/logcli-linux-arm.zip
  sha256: 3071791602d8a93af8f8b74fc589ec1afa1fffd538342953b63927a979f27180
  timestamp: 2024-04-08 21:05:40+00:00
- url: https://github.com/grafana/loki/releases/download/v3.0.0/logcli-linux-arm64.zip
  sha256: 4329ab0562e23a38dabf7ada491155be174134b5db45d1f6dccda42ba41f523d
  timestamp: 2024-04-08 21:05:40+00:00
- url: https://github.com/grafana/loki/releases/download/v3.1.0/logcli-linux-amd64.zip
  sha256: db51b9bb73753aadd1c98af77bcb222634ec5904e77790eec8003eed164e3bfd
  timestamp: 2024-07-09 09:06:44+00:00
- url: https://github.com/grafana/loki/releases/download/v3.1.0/logcli-linux-arm.zip
  sha256: ec5cb5db3e97bc4d49460037b6b22750594aec70ca6c3e3bea318785682c71ec
  timestamp: 2024-07-09 09:06:44+00:00
- url: https://github.com/grafana/loki/releases/download/v3.1.0/logcli-linux-arm64.zip
  sha256: f63fa76637f6720d21f5eac3db8dd4397698c90e9071d975d97edefc0c83685f
  timestamp: 2024-07-09 09:06:44+00:00
- url: https://github.com/grafana/loki/releases/download/v3.1.1/logcli-linux-amd64.zip
  sha256: 8ace9537b16f602858746df02e3d9a9eab97463ed75c63f33c938213a593a150
  timestamp: 2024-08-08 18:07:59+00:00
- url: https://github.com/grafana/loki/releases/download/v3.1.1/logcli-linux-arm.zip
  sha256: f0fdd93e1120e004e18913553dfe4311210f78125829d50556dbb553af9c98a8
  timestamp: 2024-08-08 18:07:59+00:00
- url: https://github.com/grafana/loki/releases/download/v3.1.1/logcli-linux-arm64.zip
  sha256: d41f5a05e1e7fdaab1cd32e341d055bc8538d3a4d3ed1f977892940306c0c9d5
  timestamp: 2024-08-08 18:07:59+00:00
- url: https://github.com/grafana/loki/releases/download/v3.2.0/logcli-linux-amd64.zip
  sha256: df53cd476898fdea9668b67b3addf485ccadfe79838294a285af116ba112f7ef
  timestamp: 2024-09-19 18:07:37+00:00
- url: https://github.com/grafana/loki/releases/download/v3.2.0/logcli-linux-arm.zip
  sha256: ba199651b7ded9599a43548c5cf1971830bf84bf38cd4165009c83b57d260b3b
  timestamp: 2024-09-19 18:07:37+00:00
- url: https://github.com/grafana/loki/releases/download/v3.2.0/logcli-linux-arm64.zip
  sha256: 681ba9c42b992f33154552a35e9b2181e366c4c6463ffa712dc1988054916d57
  timestamp: 2024-09-19 18:07:37+00:00
- url: https://github.com/grafana/loki/releases/download/v3.2.1/logcli-linux-amd64.zip
  sha256: 4d1cc6372b3da206aebc78c32ee41f3582afb9bc4e2a1065abc11a78a76f6026
  timestamp: 2024-10-18 00:26:47+00:00
- url: https://github.com/grafana/loki/releases/download/v3.2.1/logcli-linux-arm.zip
  sha256: 835eb5605299247bd7e09ed89d68d56afa1d3ba79d37ebf100f4fead0987c839
  timestamp: 2024-10-18 00:26:47+00:00
- url: https://github.com/grafana/loki/releases/download/v3.2.1/logcli-linux-arm64.zip
  sha256: bd0a3e9bfd9a5fa472cf88b5f174684fb26e407b03c3e720992f73b2f4319717
  timestamp: 2024-10-18 00:26:47+00:00
- url: https://github.com/grafana/loki/releases/download/v3.3.0/logcli-linux-amd64.zip
  sha256: ae4d854e06242cfd6f17fa8d059b869d3c643bb7e9b7c9aa4cf0513f447667c4
  timestamp: 2024-11-19 21:06:12+00:00
- url: https://github.com/grafana/loki/releases/download/v3.3.0/logcli-linux-arm.zip
  sha256: 214fa805230656b86ed54667ecc8def1d16369011ac6820ea99300e60090060b
  timestamp: 2024-11-19 21:06:12+00:00
- url: https://github.com/grafana/loki/releases/download/v3.3.0/logcli-linux-arm64.zip
  sha256: 76e9839b977c4bece21b1872372391b383e92c98d2db08886db72afa490b7d5a
  timestamp: 2024-11-19 21:06:12+00:00
- url: https://github.com/grafana/loki/releases/download/v3.3.2/logcli-linux-amd64.zip
  sha256: e01f9aaaab9bdd1ea3211850c6d4219ba33cdadb013b518dbcf387dffbefee23
  timestamp: 2025-01-06 15:06:43+00:00
- url: https://github.com/grafana/loki/releases/download/v3.3.2/logcli-linux-arm.zip
  sha256: 6ce0b67886b78ffd536275381c8740715899ead85bf5a19d7418767adac45f34
  timestamp: 2025-01-06 15:06:43+00:00
- url: https://github.com/grafana/loki/releases/download/v3.3.2/logcli-linux-arm64.zip
  sha256: ed703dfbfbb85335b05bca0bbf770a635fbc528ac4612baafc5271dd68e487cb
  timestamp: 2025-01-06 15:06:43+00:00
- url: https://github.com/grafana/loki/releases/download/v3.4.0/logcli-linux-amd64.zip
  sha256: 0c3bc6cba316ad509a79e616b91083b84ce87732407290d401913c2aa3af2907
  timestamp: 2025-02-12 12:10:49+00:00
- url: https://github.com/grafana/loki/releases/download/v3.4.0/logcli-linux-arm.zip
  sha256: 4d9eee54b417d4b2c8d6120f398228488de1f61250f739f1e04e4927083b0acc
  timestamp: 2025-02-12 12:10:49+00:00
- url: https://github.com/grafana/loki/releases/download/v3.4.0/logcli-linux-arm64.zip
  sha256: 752fb0a9ce0bed08c154047dc28a4ef6aff23cf03862097e645b8be29d9682d1
  timestamp: 2025-02-12 12:10:49+00:00
- url: https://github.com/grafana/loki/releases/download/v3.4.1/logcli-linux-amd64.zip
  sha256: 5678418707c03c820b1042365d23a9ded8fa89db162a58e7cad4cda88db216e9
  timestamp: 2025-02-13 00:27:14+00:00
- url: https://github.com/grafana/loki/releases/download/v3.4.1/logcli-linux-arm.zip
  sha256: d4e1d2b8a9fcc4631a77e26bb2cdbdfa021469a5b6ce6f4c4397dc45748e7d5b
  timestamp: 2025-02-13 00:27:14+00:00
- url: https://github.com/grafana/loki/releases/download/v3.4.1/logcli-linux-arm64.zip
  sha256: 0d490724e0bda3fa42e7e78e3e49bdb77c01af1254b2c7aa46b6a4cee675aba6
  timestamp: 2025-02-13 00:27:14+00:00
- url: https://github.com/grafana/loki/releases/download/v3.4.2/logcli-linux-amd64.zip
  sha256: c8b568da0fb35305c577f0876792ced6e4eb95275ca8bc5e89fe53a2292a9263
  timestamp: 2025-02-14 15:06:26+00:00
- url: https://github.com/grafana/loki/releases/download/v3.4.2/logcli-linux-arm.zip
  sha256: e2b91560e31a8f54a003db110c8c79163a9b30dccf2a29f6ce69cd7b2e1ab817
  timestamp: 2025-02-14 15:06:26+00:00
- url: https://github.com/grafana/loki/releases/download/v3.4.2/logcli-linux-arm64.zip
  sha256: 1d47c93eece5d8cc6136c9388f5df03e0eaf3acb173ceae1df8d17fe6177e727
  timestamp: 2025-02-14 15:06:26+00:00
- url: https://github.com/grafana/loki/releases/download/v3.4.3/logcli-linux-amd64.zip
  sha256: 1a23d9d91eacc5666f233397f248058d1389756ba91797af264f85b8d58feded
  timestamp: 2025-04-16 15:08:51+00:00
- url: https://github.com/grafana/loki/releases/download/v3.4.3/logcli-linux-arm.zip
  sha256: 4fca5f2020d51f5a458a302f2fbcb2cd6f9fd10e19d947a40cd9983d4525f374
  timestamp: 2025-04-16 15:08:51+00:00
- url: https://github.com/grafana/loki/releases/download/v3.4.3/logcli-linux-arm64.zip
  sha256: 7b03b828ed850afd698f1539331bf2c4d344005e1940b3579de9ca4c5e561091
  timestamp: 2025-04-16 15:08:51+00:00
- url: https://github.com/grafana/loki/releases/download/v3.5.0/logcli-linux-amd64.zip
  sha256: a68658c14347b64d6bf0e8f5445400fbb8b9ad7d260aff9dfa80b66b040ef3f5
  timestamp: 2025-04-29 18:10:09+00:00
- url: https://github.com/grafana/loki/releases/download/v3.5.0/logcli-linux-arm.zip
  sha256: 8c5bc39d3ed57db11e84636cb9fe6c1694f3c67eb93f39f3c4d4ca956210aacd
  timestamp: 2025-04-29 18:10:09+00:00
- url: https://github.com/grafana/loki/releases/download/v3.5.0/logcli-linux-arm64.zip
  sha256: 95f601d46e84a49eb3f2683b28594c0c86fd467a9a33973653f4b832b2cb3542
  timestamp: 2025-04-29 18:10:09+00:00
- url: https://github.com/grafana/loki/releases/download/v3.5.1/logcli-linux-amd64.zip
  sha256: fbb3ccc3edfaf14610de6fdd07432736732bd9dfbd609dfacaa3435d2a4e5835
  timestamp: 2025-05-25 09:07:55+00:00
- url: https://github.com/grafana/loki/releases/download/v3.5.1/logcli-linux-arm.zip
  sha256: 9349691a7e105b490072ff1a2f086b21cb7936da6bd0ba6517dc0ce732a85053
  timestamp: 2025-05-25 09:07:55+00:00
- url: https://github.com/grafana/loki/releases/download/v3.5.1/logcli-linux-arm64.zip
  sha256: d93268dc25e481c4407c968c631223eabd414327dbd622c78cede70668ec164e
  timestamp: 2025-05-25 09:07:55+00:00
- url: https://github.com/grafana/loki/releases/download/v3.5.2/logcli-linux-amd64.zip
  sha256: de4db534ef20b942566a45f5185ea9d1ce48947e34fb0f91d382a406b8bd1737
  timestamp: 2025-07-18 12:04:46+00:00
- url: https://github.com/grafana/loki/releases/download/v3.5.2/logcli-linux-arm.zip
  sha256: 38c566afece28cd8fefd57b580e16ee2ee951ac173d73c3b491ee1a889c4b88b
  timestamp: 2025-07-18 12:04:46+00:00
- url: https://github.com/grafana/loki/releases/download/v3.5.2/logcli-linux-arm64.zip
  sha256: 29b18d062fc25d3a6c449ab12bcf7ff539f1878e4dedc155b97c9e964e6fb38e
  timestamp: 2025-07-18 12:04:46+00:00
- url: https://github.com/grafana/loki/releases/download/v3.5.3/logcli-linux-amd64.zip
  sha256: 7011485aba4abd1975cda04a4e9d76a9575a3176b41b5e1d292126636153f98f
  timestamp: 2025-07-23 12:03:47+00:00
- url: https://github.com/grafana/loki/releases/download/v3.5.3/logcli-linux-arm.zip
  sha256: 33dfea542398b8a2e101adac287396d49fb8d7d9bbc5c6fb9e6fd725ee47e48b
  timestamp: 2025-07-23 12:03:47+00:00
- url: https://github.com/grafana/loki/releases/download/v3.5.3/logcli-linux-arm64.zip
  sha256: 1bd9f9f8a9a456cbfbf38ebef892e6bdb149477e24a6933aa8ed37cdd27b9e38
  timestamp: 2025-07-23 12:03:47+00:00
- url: https://github.com/grafana/loki/releases/download/v3.5.4/logcli-linux-amd64.zip
  sha256: ef7c9de592c8f197020770fc8feea259cb659a9bdc404522cb3079a5c2a8361f
  timestamp: 2025-09-04 12:03:56+00:00
- url: https://github.com/grafana/loki/releases/download/v3.5.4/logcli-linux-arm.zip
  sha256: 909e52e1f4a8d7e0e79e0533dcde372d06f5b5c67c8a96fd072b00a3e1f79481
  timestamp: 2025-09-04 12:03:56+00:00
- url: https://github.com/grafana/loki/releases/download/v3.5.4/logcli-linux-arm64.zip
  sha256: a9a92e56f5f7b9787d56902cc4506e7fd740b013b5967c9d6bbf32f7484bf1b0
  timestamp: 2025-09-04 12:03:56+00:00
- url: https://github.com/grafana/loki/releases/download/v3.5.5/logcli-linux-amd64.zip
  sha256: 397df8d17633de6f6e931d62d3e6d5504428b006fe0a9cd499fe31a44127b106
  timestamp: 2025-09-11 12:03:56+00:00
- url: https://github.com/grafana/loki/releases/download/v3.5.5/logcli-linux-arm.zip
  sha256: 748646bb369ebcfd7a62345497f130eac535286fdd9b62008a075f95df162b4c
  timestamp: 2025-09-11 12:03:56+00:00
- url: https://github.com/grafana/loki/releases/download/v3.5.5/logcli-linux-arm64.zip
  sha256: 31d51f30cd3dfb1a41b8057a9c9127857194324aa7903d95cf2f658457d85758
  timestamp: 2025-09-11 12:03:56+00:00
- url: https://github.com/grafana/loki/releases/download/v3.5.6/logcli-linux-amd64.zip
  sha256: 59d86a6ef47ac9ff9b8afe52235d4fb646157498e46cace1d176630bf132be73
  timestamp: 2025-10-10 18:03:14+00:00
- url: https://github.com/grafana/loki/releases/download/v3.5.6/logcli-linux-arm.zip
  sha256: 898df52cfa8450865815528f399310b905e480182b8b807fcb6e897dc27167a6
  timestamp: 2025-10-10 18:03:14+00:00
- url: https://github.com/grafana/loki/releases/download/v3.5.6/logcli-linux-arm64.zip
  sha256: 255f0a8ea69361c18e24478a254ea029d8775242ae36e31e80d6b60d786f966f
  timestamp: 2025-10-10 18:03:14+00:00
- url: https://github.com/grafana/loki/releases/download/v3.5.7/logcli-linux-amd64.zip
  sha256: ab2feb3995f0ecf38b6d484b0d786d6ace95c35360d14a9f52913886e5a37dd2
  timestamp: 2025-10-13 12:04:05+00:00
- url: https://github.com/grafana/loki/releases/download/v3.5.7/logcli-linux-arm.zip
  sha256: 5953f723c44296dac67f2e027bfab7f1b376c9950cb83cfb73ffb86ef9c24223
  timestamp: 2025-10-13 12:04:05+00:00
- url: https://github.com/grafana/loki/releases/download/v3.5.7/logcli-linux-arm64.zip
  sha256: ec36ca0d05fe247fc5551e75c4fbc79f80470fe543b9dc61df77d1a089eca8b7
  timestamp: 2025-10-13 12:04:05+00:00
- url: https://github.com/grafana/loki/releases/download/v3.5.8/logcli-linux-amd64.zip
  sha256: 1164190e2443cdaafa306e863bd4521dc7d316c128a8f07de6f3769ca7e299d6
  timestamp: 2025-11-06 00:08:13+00:00
- url: https://github.com/grafana/loki/releases/download/v3.5.8/logcli-linux-arm.zip
  sha256: 8279dd0b95cbf7967f0fd118495c1d4957c0d858aff2efc8dc0836f591734d0d
  timestamp: 2025-11-06 00:08:13+00:00
- url: https://github.com/grafana/loki/releases/download/v3.5.8/logcli-linux-arm64.zip
  sha256: 62c041b5762ba606842662916cae58cf98685bedebd9bb51053dd17c8a7361af
  timestamp: 2025-11-06 00:08:13+00:00
