- url: https://github.com/kubernetes-sigs/kustomize/releases/download/kustomize/v3.8.10/kustomize_v3.8.10_linux_amd64.tar.gz
  sha256: 10281b6cd16a50fcbb4a762652bf5ab333633d37035fc7f76ee7b941b50b511d
  timestamp: 2021-12-14 15:37:09+00:00
- url: https://github.com/kubernetes-sigs/kustomize/releases/download/kustomize/v3.10.0/kustomize_v3.10.0_linux_amd64.tar.gz
  sha256: bab4ab8881718c29ba174bdf677fd89986ad25c40eb363fec9e78c1aff2ff0ea
  timestamp: 2022-01-10 15:01:55+00:00
- url: https://github.com/kubernetes-sigs/kustomize/releases/download/kustomize/v4.0.0/kustomize_v4.0.0_linux_amd64.tar.gz
  sha256: 6d8da061bbd9e7c57b2f39f34ef5f4cce76321e94bfe6cae4e972a7483f3bf30
  timestamp: 2022-01-10 15:57:12+00:00
- url: https://github.com/kubernetes-sigs/kustomize/releases/download/kustomize/v4.4.1/kustomize_v4.4.1_linux_amd64.tar.gz
  sha256: 2d5927efec40ba32a121c49f6df9955b8b8a296ef1dec4515a46fc84df158798
  timestamp: 2022-01-10 16:07:21+00:00
- url: https://github.com/kubernetes-sigs/kustomize/releases/download/kustomize/v4.4.1/kustomize_v4.4.1_linux_arm64.tar.gz
  sha256: 8e54066784ca38e451035dad5de985bfdbdcf55838603576ab58d880883550b5
  timestamp: 2022-01-21 18:01:09+00:00
- url: https://github.com/kubernetes-sigs/kustomize/releases/download/kustomize/v4.5.1/kustomize_v4.5.1_linux_amd64.tar.gz
  sha256: cc26e18e814fd162dacd5e2a1357aa133fb91589e23a15ccc8b7c163fd259c54
  timestamp: 2022-02-02 22:17:47+00:00
- url: https://github.com/kubernetes-sigs/kustomize/releases/download/kustomize/v4.5.1/kustomize_v4.5.1_linux_arm64.tar.gz
  sha256: 4873fb965cad3a646bea4ffc2f2f9189501fe7bc6f0ae8854920593b9ba13d73
  timestamp: 2022-02-02 22:17:47+00:00
- url: https://github.com/kubernetes-sigs/kustomize/releases/download/kustomize/v4.5.2/kustomize_v4.5.2_linux_amd64.tar.gz
  sha256: c4215332da8da16ddeb88e218d8dceb76c85b366a5c58d012bc5ece904bf2fd0
  timestamp: 2022-02-10 02:11:17+00:00
- url: https://github.com/kubernetes-sigs/kustomize/releases/download/kustomize/v4.5.2/kustomize_v4.5.2_linux_arm64.tar.gz
  sha256: 7924d2c1c41976859558c7a1b8009c0d8cc63ebce242b8d4314d332236966481
  timestamp: 2022-02-10 02:11:17+00:00
- url: https://github.com/kubernetes-sigs/kustomize/releases/download/kustomize/v4.5.3/kustomize_v4.5.3_linux_amd64.tar.gz
  sha256: e4dc2f795235b03a2e6b12c3863c44abe81338c5c0054b29baf27dcc734ae693
  timestamp: 2022-03-24 22:19:29+00:00
- url: https://github.com/kubernetes-sigs/kustomize/releases/download/kustomize/v4.5.3/kustomize_v4.5.3_linux_arm64.tar.gz
  sha256: 97cf7d53214388b1ff2177a56404445f02d8afacb9421339c878c5ac2c8bc2c8
  timestamp: 2022-03-24 22:19:29+00:00
- url: https://github.com/kubernetes-sigs/kustomize/releases/download/kustomize/v4.5.4/kustomize_v4.5.4_linux_amd64.tar.gz
  sha256: 1159c5c17c964257123b10e7d8864e9fe7f9a580d4124a388e746e4003added3
  timestamp: 2022-03-29 03:44:54+00:00
- url: https://github.com/kubernetes-sigs/kustomize/releases/download/kustomize/v4.5.4/kustomize_v4.5.4_linux_arm64.tar.gz
  sha256: 094417546ab9b44ece44f3b31f3170080d0682519144301d5b6be080276a1f34
  timestamp: 2022-03-29 03:44:54+00:00
- url: https://github.com/kubernetes-sigs/kustomize/releases/download/kustomize/v4.5.5/kustomize_v4.5.5_linux_amd64.tar.gz
  sha256: bba81aa61dba057db1d5abeddf1e522b568b2d906ab67a5c80935e97302c8773
  timestamp: 2022-05-20 23:21:11+00:00
- url: https://github.com/kubernetes-sigs/kustomize/releases/download/kustomize/v4.5.5/kustomize_v4.5.5_linux_arm64.tar.gz
  sha256: c491191b81c97ddebc4844f9254683ecfc80f40dfb15510433cbfdaeb86627c3
  timestamp: 2022-05-20 23:21:11+00:00
- url: https://github.com/kubernetes-sigs/kustomize/releases/download/kustomize/v4.5.6/kustomize_v4.5.6_linux_amd64.tar.gz
  sha256: 6802d54917eb5887f9c71031c59e6845c1a490c13881b050ea6959b714b4a432
  timestamp: 2022-07-29 23:20:05+00:00
- url: https://github.com/kubernetes-sigs/kustomize/releases/download/kustomize/v4.5.6/kustomize_v4.5.6_linux_arm64.tar.gz
  sha256: 3b66709c7692c5ccfdcb2f4dd383e7aa622b451b046f2197b59033f16457b3b3
  timestamp: 2022-07-29 23:20:05+00:00
- url: https://github.com/kubernetes-sigs/kustomize/releases/download/kustomize/v4.5.7/kustomize_v4.5.7_linux_amd64.tar.gz
  sha256: 701e3c4bfa14e4c520d481fdf7131f902531bfc002cb5062dcf31263a09c70c9
  timestamp: 2022-08-02 20:28:00+00:00
- url: https://github.com/kubernetes-sigs/kustomize/releases/download/kustomize/v4.5.7/kustomize_v4.5.7_linux_arm64.tar.gz
  sha256: 65665b39297cc73c13918f05bbe8450d17556f0acd16242a339271e14861df67
  timestamp: 2022-08-02 20:28:00+00:00
- url: https://github.com/kubernetes-sigs/kustomize/releases/download/kustomize/v5.0.0/kustomize_v5.0.0_linux_amd64.tar.gz
  sha256: 2e8c28a80ce213528251f489db8d2dcbea7c63b986c8f7595a39fc76ff871cd7
  timestamp: 2023-02-02 19:23:49+00:00
- url: https://github.com/kubernetes-sigs/kustomize/releases/download/kustomize/v5.0.0/kustomize_v5.0.0_linux_arm64.tar.gz
  sha256: e97b12a83e7b9b0407cac97cac4c25bc135c42383bd3764d5544e32c96542eca
  timestamp: 2023-02-02 19:23:49+00:00
- url: https://github.com/kubernetes-sigs/kustomize/releases/download/kustomize/v5.0.1/kustomize_v5.0.1_linux_amd64.tar.gz
  sha256: dca623b36aef84fbdf28f79d02e9b3705ff641424ac1f872d5420dadb12fb78d
  timestamp: 2023-03-14 03:20:34+00:00
- url: https://github.com/kubernetes-sigs/kustomize/releases/download/kustomize/v5.0.1/kustomize_v5.0.1_linux_arm64.tar.gz
  sha256: c6e036c5c7eee4c15f7544e441ced5cb6cf9eba24a011c25008df5617cd2fb85
  timestamp: 2023-03-14 03:20:34+00:00
- url: https://github.com/kubernetes-sigs/kustomize/releases/download/kustomize/v3.10.0/kustomize_v3.10.0_linux_arm64.tar.gz
  sha256: b8f5d8ce35d7df5dc54907f5c9906072384d5e7b629ef85a2226a03792b92b4a
  timestamp: 2023-03-16 21:57:32+00:00
- url: https://github.com/kubernetes-sigs/kustomize/releases/download/kustomize/v4.0.0/kustomize_v4.0.0_linux_arm64.tar.gz
  sha256: 489a20968e71e3747677453ee0ced3d095f539ce1c892798260838b1af2383f9
  timestamp: 2023-03-16 21:57:32+00:00
- url: https://github.com/kubernetes-sigs/kustomize/releases/download/kustomize/v5.0.2/kustomize_v5.0.2_linux_amd64.tar.gz
  sha256: 112782e22bc5d4f09868a633eda515f48f16fa2338df51844096c7107ca174a1
  timestamp: 2023-05-05 21:14:43+00:00
- url: https://github.com/kubernetes-sigs/kustomize/releases/download/kustomize/v5.0.2/kustomize_v5.0.2_linux_arm64.tar.gz
  sha256: 291e19b486790177bc62695328467c2ff973a91d0e7fdf96b902bb073d9b9724
  timestamp: 2023-05-05 21:14:43+00:00
- url: https://github.com/kubernetes-sigs/kustomize/releases/download/kustomize/v5.0.3/kustomize_v5.0.3_linux_amd64.tar.gz
  sha256: c627b1575c3fecbc7ad1c181c23a7adcacf19732dab627eb57e89a7bc4c1e929
  timestamp: 2023-05-09 21:14:39+00:00
- url: https://github.com/kubernetes-sigs/kustomize/releases/download/kustomize/v5.0.3/kustomize_v5.0.3_linux_arm64.tar.gz
  sha256: c92e9b4ad3ccd10077566eddddfc58748aa19ccc2b0fe17600fd57f6472b8bfe
  timestamp: 2023-05-09 21:14:39+00:00
- url: https://github.com/kubernetes-sigs/kustomize/releases/download/kustomize/v5.1.0/kustomize_v5.1.0_linux_amd64.tar.gz
  sha256: 52f4cf1ba34d38fd55a9bef819e329c9a4561f5f57f8f539346038ab5026dda8
  timestamp: 2023-06-19 18:21:43+00:00
- url: https://github.com/kubernetes-sigs/kustomize/releases/download/kustomize/v5.1.0/kustomize_v5.1.0_linux_arm64.tar.gz
  sha256: 4e333ccf092bb72ef5d6bfd3e1f8abb161b5540ce47a53474d70c58eeb99f0a9
  timestamp: 2023-06-19 18:21:43+00:00
- url: https://github.com/kubernetes-sigs/kustomize/releases/download/kustomize/v5.1.1/kustomize_v5.1.1_linux_amd64.tar.gz
  sha256: 3b30477a7ff4fb6547fa77d8117e66d995c2bdd526de0dafbf8b7bcb9556c85d
  timestamp: 2023-07-31 18:20:57+00:00
- url: https://github.com/kubernetes-sigs/kustomize/releases/download/kustomize/v5.1.1/kustomize_v5.1.1_linux_arm64.tar.gz
  sha256: a1bfb5d919c84817b8265d661fb99aae8176bcfe0b9df92651de93304cae953d
  timestamp: 2023-07-31 18:20:57+00:00
- url: https://github.com/kubernetes-sigs/kustomize/releases/download/kustomize/v5.2.1/kustomize_v5.2.1_linux_amd64.tar.gz
  sha256: 88346543206b889f9287c0b92c70708040ecd5aad54dd33019c4d6579cd24de8
  timestamp: 2023-10-19 21:13:56+00:00
- url: https://github.com/kubernetes-sigs/kustomize/releases/download/kustomize/v5.2.1/kustomize_v5.2.1_linux_arm64.tar.gz
  sha256: 5566f7badece5a72d42075d8dffa6296a228966dd6ac2390de7afbb9675c3aaa
  timestamp: 2023-10-19 21:13:56+00:00
- url: https://github.com/kubernetes-sigs/kustomize/releases/download/kustomize/v5.3.0/kustomize_v5.3.0_linux_amd64.tar.gz
  sha256: 3ab32f92360d752a2a53e56be073b649abc1e7351b912c0fb32b960d1def854c
  timestamp: 2023-12-11 11:25:21+00:00
- url: https://github.com/kubernetes-sigs/kustomize/releases/download/kustomize/v5.3.0/kustomize_v5.3.0_linux_arm64.tar.gz
  sha256: a1ec622d4adeb483e3cdabd70f0d66058b1e4bcec013c4f74f370666e1e045d8
  timestamp: 2023-12-11 11:25:21+00:00
- url: https://github.com/kubernetes-sigs/kustomize/releases/download/kustomize/v5.4.0/kustomize_v5.4.0_linux_amd64.tar.gz
  sha256: ffa69471356a6a7c1a90dc743b58a46b7d535cd41865b1ff8290703e7269898f
  timestamp: 2024-04-04 15:06:04+00:00
- url: https://github.com/kubernetes-sigs/kustomize/releases/download/kustomize/v5.4.0/kustomize_v5.4.0_linux_arm64.tar.gz
  sha256: b0fd1be2b655e04044fd292707628a2d63702d1dbc12c479e8dccf2ac268fa2e
  timestamp: 2024-04-04 15:06:04+00:00
- url: https://github.com/kubernetes-sigs/kustomize/releases/download/kustomize/v5.4.1/kustomize_v5.4.1_linux_amd64.tar.gz
  sha256: 3d659a80398658d4fec4ec4ca184b432afa1d86451a60be63ca6e14311fc1c42
  timestamp: 2024-04-04 18:07:38+00:00
- url: https://github.com/kubernetes-sigs/kustomize/releases/download/kustomize/v5.4.1/kustomize_v5.4.1_linux_arm64.tar.gz
  sha256: 123b9ce38e04a03de5907153ef7f16979027bad16d0763a304e59dcf69ac6d30
  timestamp: 2024-04-04 18:07:38+00:00
- url: https://github.com/kubernetes-sigs/kustomize/releases/download/kustomize/v5.4.2/kustomize_v5.4.2_linux_amd64.tar.gz
  sha256: 881c6e9007c7ea2b9ecc214d13f4cdd1f837635dcf4db49ce4479898f7d911a3
  timestamp: 2024-05-22 18:06:56+00:00
- url: https://github.com/kubernetes-sigs/kustomize/releases/download/kustomize/v5.4.2/kustomize_v5.4.2_linux_arm64.tar.gz
  sha256: 175af88af8a7d8d7d6b1f26659060950f0764d00b9979b4e11b61b8b212b7c22
  timestamp: 2024-05-22 18:06:56+00:00
- url: https://github.com/kubernetes-sigs/kustomize/releases/download/kustomize/v5.4.3/kustomize_v5.4.3_linux_amd64.tar.gz
  sha256: 3669470b454d865c8184d6bce78df05e977c9aea31c30df3c669317d43bcc7a7
  timestamp: 2024-07-19 18:07:01+00:00
- url: https://github.com/kubernetes-sigs/kustomize/releases/download/kustomize/v5.4.3/kustomize_v5.4.3_linux_arm64.tar.gz
  sha256: 1b515578b0af12c15d9856720066ce2fe66756d63785b2cbccaf2885beb2381c
  timestamp: 2024-07-19 18:07:01+00:00
- url: https://github.com/kubernetes-sigs/kustomize/releases/download/kustomize/v5.5.0/kustomize_v5.5.0_linux_amd64.tar.gz
  sha256: 6703a3a70a0c47cf0b37694030b54f1175a9dfeb17b3818b623ed58b9dbc2a77
  timestamp: 2024-10-09 15:06:12+00:00
- url: https://github.com/kubernetes-sigs/kustomize/releases/download/kustomize/v5.5.0/kustomize_v5.5.0_linux_arm64.tar.gz
  sha256: b4170d1acb8cfacace9f72884bef957ff56efdcd4813b66e7604aabc8b57e93d
  timestamp: 2024-10-09 15:06:12+00:00
