- url: https://github.com/indygreg/python-build-standalone/releases/download/20230116/cpython-3.11.1+20230116-aarch64-unknown-linux-gnu-install_only.tar.gz
  sha256: debf15783bdcb5530504f533d33fda75a7b905cec5361ae8f33da5ba6599f8b4
  timestamp: 2023-03-14 17:54:48+00:00
- url: https://github.com/indygreg/python-build-standalone/releases/download/20230116/cpython-3.11.1+20230116-x86_64-unknown-linux-gnu-install_only.tar.gz
  sha256: 02a551fefab3750effd0e156c25446547c238688a32fabde2995c941c03a6423
  timestamp: 2023-03-14 17:54:48+00:00
