- url: https://github.com/gruntwork-io/terragrunt/releases/download/v0.36.2/terragrunt_linux_amd64
  sha256: 0bf8322f73a0ccb1067774ea6b1b7691aeeeea880cffe74111dd5abae7662ac6
  timestamp: 2022-02-25 11:30:17+00:00
- url: https://github.com/gruntwork-io/terragrunt/releases/download/v0.36.2/terragrunt_linux_arm64
  sha256: 8cc405818a6e9daea0c44673781217c85b13226017fc0a3c623b4849ea60e1f8
  timestamp: 2022-02-25 11:30:17+00:00
- url: https://github.com/gruntwork-io/terragrunt/releases/download/v0.36.3/terragrunt_linux_amd64
  sha256: 74d8a8dc4274acdd8b636e725fbb56e7e8796d6cc829be5290e458906d3f34ed
  timestamp: 2022-03-03 10:20:34+00:00
- url: https://github.com/gruntwork-io/terragrunt/releases/download/v0.36.3/terragrunt_linux_arm64
  sha256: ee9e4a21b54e6c508e990766911d0be51272ccecbd2201dabb3a1b14601d0243
  timestamp: 2022-03-03 10:20:34+00:00
- url: https://github.com/gruntwork-io/terragrunt/releases/download/v0.36.5/terragrunt_linux_amd64
  sha256: a9a355d7d1bffa55823a3929e0bfd2088bc3e2256b45d7465838ce54716fbfb9
  timestamp: 2022-03-16 16:22:09+00:00
- url: https://github.com/gruntwork-io/terragrunt/releases/download/v0.36.5/terragrunt_linux_arm64
  sha256: 6ea4fc3eb6eac407da78a9931a0b31e4ed9aa95c9ba76cfc646ab5acdb04b885
  timestamp: 2022-03-16 16:22:09+00:00
- url: https://github.com/gruntwork-io/terragrunt/releases/download/v0.36.6/terragrunt_linux_amd64
  sha256: a918cc71c18f1d99a403824aec1f4db8c9a5792e532b859ebabfe43e55f05a38
  timestamp: 2022-03-17 22:18:06+00:00
- url: https://github.com/gruntwork-io/terragrunt/releases/download/v0.36.6/terragrunt_linux_arm64
  sha256: c7ec72757cd85ad4c22da1394d1ec3460b6f0365933bbe8383942ba8d4661d00
  timestamp: 2022-03-17 22:18:06+00:00
- url: https://github.com/gruntwork-io/terragrunt/releases/download/v0.36.7/terragrunt_linux_amd64
  sha256: be8ff26e4500f6fcc20cd559846436f225ac728ffe93865fddfdc42428f0155d
  timestamp: 2022-04-15 14:36:34+00:00
- url: https://github.com/gruntwork-io/terragrunt/releases/download/v0.36.7/terragrunt_linux_arm64
  sha256: fd52f5113ef9ba0e54bfbc8a2b82a9532814ceeafe505ecba2de76d5b19f105a
  timestamp: 2022-04-15 14:36:34+00:00
- url: https://github.com/gruntwork-io/terragrunt/releases/download/v0.54.12/terragrunt_linux_amd64
  sha256: 70fe63eaee52f47f0b4b84b2e35c3e7071f214adab58c810ef052d4f1eb87d53
  timestamp: 2023-12-27 01:13:44+00:00
- url: https://github.com/gruntwork-io/terragrunt/releases/download/v0.54.12/terragrunt_linux_arm64
  sha256: ddd276fb0e0566eeca251edf663e7ab4a3efd712ea74a803b11dadca0079cbba
  timestamp: 2023-12-27 01:13:44+00:00
- url: https://github.com/gruntwork-io/terragrunt/releases/download/v0.54.15/terragrunt_linux_amd64
  sha256: 196c3a42dba4589f92a281058806c5c83694dba47e623ecf12cb830db8ea238e
  timestamp: 2024-01-11 21:15:33+00:00
- url: https://github.com/gruntwork-io/terragrunt/releases/download/v0.54.15/terragrunt_linux_arm64
  sha256: d6c28360105d5a27f4bf75bf4a5b97a92b55c27e8b17f28a74ebf89ad254ef94
  timestamp: 2024-01-11 21:15:33+00:00
- url: https://github.com/gruntwork-io/terragrunt/releases/download/v0.54.16/terragrunt_linux_amd64
  sha256: 27b01265eb13bd6a8f1c97856004fc7282c9f22f65dcefd191d64fe59b5298d9
  timestamp: 2024-01-12 01:17:53+00:00
- url: https://github.com/gruntwork-io/terragrunt/releases/download/v0.54.16/terragrunt_linux_arm64
  sha256: 937a4fc6a6abc86922d297dc36b1394f201dcefcd1913676bbc5d9015fa977db
  timestamp: 2024-01-12 01:17:53+00:00
- url: https://github.com/gruntwork-io/terragrunt/releases/download/v0.54.17/terragrunt_linux_amd64
  sha256: d5d9b827ec9a3490bd24f9e8ede72b8b38fcef28778e3fc021804b0f4f3654c3
  timestamp: 2024-01-12 18:22:07+00:00
- url: https://github.com/gruntwork-io/terragrunt/releases/download/v0.54.17/terragrunt_linux_arm64
  sha256: 86741debeb74c0c23ffac42e8612387db0da757c7a8cbcbe552d0ed685473606
  timestamp: 2024-01-12 18:22:07+00:00
- url: https://github.com/gruntwork-io/terragrunt/releases/download/v0.54.18/terragrunt_linux_amd64
  sha256: a2236bbbfabf81700de64ad93f550d73b467f98625d630a0a28ec5f61643bf04
  timestamp: 2024-01-16 18:22:08+00:00
- url: https://github.com/gruntwork-io/terragrunt/releases/download/v0.54.18/terragrunt_linux_arm64
  sha256: 279fda3c2eb55b98334a3d221dba05340d6179b6eaddd07ec6a9bec5283baa99
  timestamp: 2024-01-16 18:22:08+00:00
- url: https://github.com/gruntwork-io/terragrunt/releases/download/v0.54.19/terragrunt_linux_amd64
  sha256: d0e7a31971fb9bb98a97c6c21e5937849a5a6e8d5c37f6cae09f71bbabc04457
  timestamp: 2024-01-18 12:33:22+00:00
- url: https://github.com/gruntwork-io/terragrunt/releases/download/v0.54.19/terragrunt_linux_arm64
  sha256: 9c228257db846f658eb14c5bd077e3f40db006220d3b0ff17276d422af9973e3
  timestamp: 2024-01-18 12:33:22+00:00
- url: https://github.com/gruntwork-io/terragrunt/releases/download/v0.54.20/terragrunt_linux_amd64
  sha256: d2c4cca69e41b4c68a9203ad2457b2ade31f60c2d3f14c20eb8c5e3b259cf17a
  timestamp: 2024-01-19 18:22:28+00:00
- url: https://github.com/gruntwork-io/terragrunt/releases/download/v0.54.20/terragrunt_linux_arm64
  sha256: b2e79435522fc421e8b3f5db25f5dd09224b14f40ebd2ea1874e3ee3dc011437
  timestamp: 2024-01-19 18:22:28+00:00
- url: https://github.com/gruntwork-io/terragrunt/releases/download/v0.54.21/terragrunt_linux_amd64
  sha256: 4185225b373887b6605e6e735d698de8f809dad0e61734be3452af309befdb09
  timestamp: 2024-01-22 21:15:39+00:00
- url: https://github.com/gruntwork-io/terragrunt/releases/download/v0.54.21/terragrunt_linux_arm64
  sha256: 45aa2a34d46cc140b391b0e3cc66c83af634224c15db894dc2d64b35df42d385
  timestamp: 2024-01-22 21:15:39+00:00
- url: https://github.com/gruntwork-io/terragrunt/releases/download/v0.54.22/terragrunt_linux_amd64
  sha256: 8b01b7528134230fce05522a7d9c9f2436d39ca487aafde9457972409170983a
  timestamp: 2024-01-23 21:15:37+00:00
- url: https://github.com/gruntwork-io/terragrunt/releases/download/v0.54.22/terragrunt_linux_arm64
  sha256: a479825bd910415291bddb23f2d438cd099f34595f00ffb3f7442ebc81ff4eb9
  timestamp: 2024-01-23 21:15:37+00:00
- url: https://github.com/gruntwork-io/terragrunt/releases/download/v0.55.0/terragrunt_linux_amd64
  sha256: a209f41a562c5f3b09c143f58f4d840b910b6eaa20abb9e851dc83ccd0c49f21
  timestamp: 2024-02-04 15:05:42+00:00
- url: https://github.com/gruntwork-io/terragrunt/releases/download/v0.55.0/terragrunt_linux_arm64
  sha256: e0b5e9d57129cf0b948db3b9ee85fa98e18bcbd72b1a54d1d1507549ad4e46c7
  timestamp: 2024-02-04 15:05:42+00:00
- url: https://github.com/gruntwork-io/terragrunt/releases/download/v0.55.1/terragrunt_linux_amd64
  sha256: 61983a96bf06c87c1854a7926f002289207f07f30234a208ed7b12f3c5b8f876
  timestamp: 2024-02-05 21:05:35+00:00
- url: https://github.com/gruntwork-io/terragrunt/releases/download/v0.55.1/terragrunt_linux_arm64
  sha256: a62fcda1b9b94cf2da4ee4eeb7e986ebdd57b05b2eacf9524ff583e62c31407c
  timestamp: 2024-02-05 21:05:35+00:00
- url: https://github.com/gruntwork-io/terragrunt/releases/download/v0.55.2/terragrunt_linux_amd64
  sha256: 85dae27ae962bba86b1aae2dc0f8095b05694bff95d223e6cf05a016de5a35fa
  timestamp: 2024-02-14 12:08:09+00:00
- url: https://github.com/gruntwork-io/terragrunt/releases/download/v0.55.2/terragrunt_linux_arm64
  sha256: eca7dfeb25674ced23f5419ffaa6ec086d226da8494d9e8ca59f4b60a20176c8
  timestamp: 2024-02-14 12:08:09+00:00
- url: https://github.com/gruntwork-io/terragrunt/releases/download/v0.55.3/terragrunt_linux_amd64
  sha256: f96fb3db722a2a0fd20c4d03bc501c6ecbda2230985a886ce8ce886ba8be42c3
  timestamp: 2024-02-19 12:08:07+00:00
- url: https://github.com/gruntwork-io/terragrunt/releases/download/v0.55.3/terragrunt_linux_arm64
  sha256: d1b7802ad3bc99329a6f7d47eb2b734756255a56ba3217a4584d26421eab2604
  timestamp: 2024-02-19 12:08:07+00:00
- url: https://github.com/gruntwork-io/terragrunt/releases/download/v0.55.4/terragrunt_linux_amd64
  sha256: 51f34dc7aeafa9b10e2cb5e63c5f505941776c1df97ce7d197f232c92a94eed1
  timestamp: 2024-02-20 21:05:33+00:00
- url: https://github.com/gruntwork-io/terragrunt/releases/download/v0.55.4/terragrunt_linux_arm64
  sha256: 0b3d0952e8d6b7868a68f4461d761b7e8ffd4da91446c7b66245e028dcf133e5
  timestamp: 2024-02-20 21:05:33+00:00
- url: https://github.com/gruntwork-io/terragrunt/releases/download/v0.55.5/terragrunt_linux_amd64
  sha256: e2f9b38e6b696708c4420f5fc4996ab4d5e78cc5a1f79f7b22f92ef775eafc6c
  timestamp: 2024-02-21 15:05:53+00:00
- url: https://github.com/gruntwork-io/terragrunt/releases/download/v0.55.5/terragrunt_linux_arm64
  sha256: 8c3eeba15cd9ab1aaa843625e235e6e24dc1c760bc72f116f1fd2eb3f03e0416
  timestamp: 2024-02-21 15:05:53+00:00
- url: https://github.com/gruntwork-io/terragrunt/releases/download/v0.55.6/terragrunt_linux_amd64
  sha256: 080f159f3b5269f0743f34c24534e9f498bf422ec306a859a77aff96bb933e95
  timestamp: 2024-02-22 12:07:26+00:00
- url: https://github.com/gruntwork-io/terragrunt/releases/download/v0.55.6/terragrunt_linux_arm64
  sha256: 6a8695e6899fcf840727d42bc2aa73f7ddcb68b95922e53a8ed88f9200d5e595
  timestamp: 2024-02-22 12:07:26+00:00
- url: https://github.com/gruntwork-io/terragrunt/releases/download/v0.55.7/terragrunt_linux_amd64
  sha256: 3f8164cf139c944bcc9bb9d54927b670665f1bb356b1f33fb3bae25fbfc8a3eb
  timestamp: 2024-02-22 15:05:51+00:00
- url: https://github.com/gruntwork-io/terragrunt/releases/download/v0.55.7/terragrunt_linux_arm64
  sha256: b1ae35d7c8112e6b6999b39b85e3f7258fc753f2b15f410a5aa293d7b6d4c416
  timestamp: 2024-02-22 15:05:51+00:00
- url: https://github.com/gruntwork-io/terragrunt/releases/download/v0.55.8/terragrunt_linux_amd64
  sha256: 3838840f45e87fb9ce5e0033103da40b987e0365f0cfc76838db7c3b16037423
  timestamp: 2024-02-23 00:20:09+00:00
- url: https://github.com/gruntwork-io/terragrunt/releases/download/v0.55.8/terragrunt_linux_arm64
  sha256: 09744f9d7c78384438ea1064bd6ae86346e4c93038ccb5310fcd6db73b70147b
  timestamp: 2024-02-23 00:20:09+00:00
- url: https://github.com/gruntwork-io/terragrunt/releases/download/v0.55.9/terragrunt_linux_amd64
  sha256: d22ca74f4be92288127cf8acc2991ef81b88b2b573857f5665df661d10453a4b
  timestamp: 2024-02-23 21:05:29+00:00
- url: https://github.com/gruntwork-io/terragrunt/releases/download/v0.55.9/terragrunt_linux_arm64
  sha256: f43e69d5da9e140be4eca7512a58f846f8739a9175ef70d9d4dba83fd4bb5b29
  timestamp: 2024-02-23 21:05:29+00:00
- url: https://github.com/gruntwork-io/terragrunt/releases/download/v0.55.10/terragrunt_linux_amd64
  sha256: 1ad609399352348a41bb5ea96fdff5c7a18ac223742f60603a557a54fc8c6cff
  timestamp: 2024-02-26 21:06:47+00:00
- url: https://github.com/gruntwork-io/terragrunt/releases/download/v0.55.10/terragrunt_linux_arm64
  sha256: 931b0a47e365c7973a25d31db35d7756789b5c9271cc7cc7b5848be56a9df797
  timestamp: 2024-02-26 21:06:47+00:00
- url: https://github.com/gruntwork-io/terragrunt/releases/download/v0.55.11/terragrunt_linux_amd64
  sha256: 5dd7901fd796da1d5b12f6e86977ab6d053f1b18c8e74c311ede304e7c53ab53
  timestamp: 2024-03-03 21:05:20+00:00
- url: https://github.com/gruntwork-io/terragrunt/releases/download/v0.55.11/terragrunt_linux_arm64
  sha256: 791d385c8ae9cb3fe9a30fc640e72c8de99d3aa21932d8ea827c4f1e0b4d5525
  timestamp: 2024-03-03 21:05:20+00:00
- url: https://github.com/gruntwork-io/terragrunt/releases/download/v0.55.12/terragrunt_linux_amd64
  sha256: e65cb936b8a7a87a6d91c5f951d60be8ee61e9236449880e191b888e7618324e
  timestamp: 2024-03-06 09:05:52+00:00
- url: https://github.com/gruntwork-io/terragrunt/releases/download/v0.55.12/terragrunt_linux_arm64
  sha256: b04ae347804bcd38eb826767ac216e22e577ba94e6068b0e12a6fcfadc00adb0
  timestamp: 2024-03-06 09:05:52+00:00
- url: https://github.com/gruntwork-io/terragrunt/releases/download/v0.55.13/terragrunt_linux_amd64
  sha256: bd37af798b34bee86949917368a972200822a776f46136cf771e73e599cad68c
  timestamp: 2024-03-08 18:06:25+00:00
- url: https://github.com/gruntwork-io/terragrunt/releases/download/v0.55.13/terragrunt_linux_arm64
  sha256: af438f299c26bd6fd73284a26bb674d87c1c0870a4a027e87d09a7fc2450d46b
  timestamp: 2024-03-08 18:06:25+00:00
- url: https://github.com/gruntwork-io/terragrunt/releases/download/v0.55.14/terragrunt_linux_amd64
  sha256: 57d3cf03f5033e6b00531f5f86bd410496b7643c04af80c66717843fc4ac968d
  timestamp: 2024-03-12 18:06:19+00:00
- url: https://github.com/gruntwork-io/terragrunt/releases/download/v0.55.14/terragrunt_linux_arm64
  sha256: 345af00337c33a4517fe6ea34d38b8bfb95892cef10a03df7e73ef8183f58961
  timestamp: 2024-03-12 18:06:19+00:00
- url: https://github.com/gruntwork-io/terragrunt/releases/download/v0.55.15/terragrunt_linux_amd64
  sha256: b3d7da336fc1968c11c112dfe67e603f02c5dd3d3ed8cf31f5053301f00459b9
  timestamp: 2024-03-14 15:05:43+00:00
- url: https://github.com/gruntwork-io/terragrunt/releases/download/v0.55.15/terragrunt_linux_arm64
  sha256: 40bbef746f7b1b326cebdd764577f39b75991861019a1f85027d6479126c785d
  timestamp: 2024-03-14 15:05:43+00:00
- url: https://github.com/gruntwork-io/terragrunt/releases/download/v0.55.16/terragrunt_linux_amd64
  sha256: f435207ba81f96d3a619e55d226ef8cdb4a4f4fc45151e087b42478e5fc770e0
  timestamp: 2024-03-15 18:07:19+00:00
- url: https://github.com/gruntwork-io/terragrunt/releases/download/v0.55.16/terragrunt_linux_arm64
  sha256: 5b183fd24d6ebc4c579f886504788a70f263c907870e89aad7968decbf835f09
  timestamp: 2024-03-15 18:07:19+00:00
- url: https://github.com/gruntwork-io/terragrunt/releases/download/v0.55.17/terragrunt_linux_amd64
  sha256: 9214376ec131642ccf394698a3a0bf0b206a27fe7e2c910dda99f5edade65bd0
  timestamp: 2024-03-18 18:06:06+00:00
- url: https://github.com/gruntwork-io/terragrunt/releases/download/v0.55.17/terragrunt_linux_arm64
  sha256: 1221df96e66de80710fb3dd49ea7e7ffd8af2c0d76aac609cb7dd12bacd4e9cb
  timestamp: 2024-03-18 18:06:06+00:00
- url: https://github.com/gruntwork-io/terragrunt/releases/download/v0.55.18/terragrunt_linux_amd64
  sha256: b6dc17e0c8f645e037e42fa2488c39c73c8196ac7c141678aeaeb62347e27b21
  timestamp: 2024-03-18 21:06:04+00:00
- url: https://github.com/gruntwork-io/terragrunt/releases/download/v0.55.18/terragrunt_linux_arm64
  sha256: 50cf8ca469fbee7d650556691595066aaac7396cd7b62e16f5c5d09606965d26
  timestamp: 2024-03-18 21:06:04+00:00
- url: https://github.com/gruntwork-io/terragrunt/releases/download/v0.55.19/terragrunt_linux_amd64
  sha256: 6bf1ade00c1ddb47dd7c8f666024530a1c63152bf24cf55b066684de863eeab7
  timestamp: 2024-03-22 18:06:35+00:00
- url: https://github.com/gruntwork-io/terragrunt/releases/download/v0.55.19/terragrunt_linux_arm64
  sha256: 1ba09dfc1da280b34c99c43108b6b32afb446ffb5bb99167a4d5494cae9dbea8
  timestamp: 2024-03-22 18:06:35+00:00
- url: https://github.com/gruntwork-io/terragrunt/releases/download/v0.55.20/terragrunt_linux_amd64
  sha256: f7094cb5577c9662d99f29086636ec13cc1030f5ab704e54cde1755a87165451
  timestamp: 2024-03-26 00:20:16+00:00
- url: https://github.com/gruntwork-io/terragrunt/releases/download/v0.55.20/terragrunt_linux_arm64
  sha256: af066633f3d223e8509a35d6892f161dcb5e827cae281a85220232977cc9bd6f
  timestamp: 2024-03-26 00:20:16+00:00
- url: https://github.com/gruntwork-io/terragrunt/releases/download/v0.55.21/terragrunt_linux_amd64
  sha256: adc30ed8f50f946628dd828223df983144d78ff8b81b1965867200197aac22c8
  timestamp: 2024-04-02 18:06:43+00:00
- url: https://github.com/gruntwork-io/terragrunt/releases/download/v0.55.21/terragrunt_linux_arm64
  sha256: da5df9061bed81850d38ef104740d041fcec9ee788b3a8163cd503c76d77976e
  timestamp: 2024-04-02 18:06:43+00:00
- url: https://github.com/gruntwork-io/terragrunt/releases/download/v0.56.0/terragrunt_linux_amd64
  sha256: 3f16bfd05a12609879c73c8a87cd3c380cd7428fc764272ca1095a5297c6153f
  timestamp: 2024-04-04 18:07:38+00:00
- url: https://github.com/gruntwork-io/terragrunt/releases/download/v0.56.0/terragrunt_linux_arm64
  sha256: d26aac153a1068eedf30659e745d02abeebf677a28f6a76f73c788f36b23a544
  timestamp: 2024-04-04 18:07:38+00:00
- url: https://github.com/gruntwork-io/terragrunt/releases/download/v0.56.2/terragrunt_linux_amd64
  sha256: 510debf06f3c0c162bcac0cc3ce59debc8fb91bd6ddb1f9cec0cf4051c9470c4
  timestamp: 2024-04-04 21:05:29+00:00
- url: https://github.com/gruntwork-io/terragrunt/releases/download/v0.56.2/terragrunt_linux_arm64
  sha256: 193d9c1118991970f4bb23544b58046fbc6148d5b8ad0fb89d7a9e3b6b0dce12
  timestamp: 2024-04-04 21:05:29+00:00
- url: https://github.com/gruntwork-io/terragrunt/releases/download/v0.56.4/terragrunt_linux_amd64
  sha256: 96ece7ee869e1549dbc5c41e77e51519d8f51f2e5ee32a57f83e696af30e4729
  timestamp: 2024-04-10 18:07:24+00:00
- url: https://github.com/gruntwork-io/terragrunt/releases/download/v0.56.4/terragrunt_linux_arm64
  sha256: 842b7fe0e3ca0dbc2321d2719f484e6392a2736aa719019d036fcf1cba046b52
  timestamp: 2024-04-10 18:07:24+00:00
- url: https://github.com/gruntwork-io/terragrunt/releases/download/v0.56.5/terragrunt_linux_amd64
  sha256: df25dbf7f528f91b55d8499a09d8627d309a6c329775a3f13775890ff5bcf6f2
  timestamp: 2024-04-10 21:05:41+00:00
- url: https://github.com/gruntwork-io/terragrunt/releases/download/v0.56.5/terragrunt_linux_arm64
  sha256: 63199b3d4476162e7c7e64d0c2086f9bed65ecc01344b198223cbcd898286ee7
  timestamp: 2024-04-10 21:05:41+00:00
- url: https://github.com/gruntwork-io/terragrunt/releases/download/v0.57.0/terragrunt_linux_amd64
  sha256: d4a01ceb50cf6ca38283fe89f2933252f6c6ae2cee7e4e9977620bda9c619df4
  timestamp: 2024-04-12 21:06:32+00:00
- url: https://github.com/gruntwork-io/terragrunt/releases/download/v0.57.0/terragrunt_linux_arm64
  sha256: 41153ff4e6dcb2e4175575e5ffd84979e79ab02f10b22e7e65c7eb43ab60955b
  timestamp: 2024-04-12 21:06:32+00:00
- url: https://github.com/gruntwork-io/terragrunt/releases/download/v0.57.1/terragrunt_linux_amd64
  sha256: 9986d9e4cb59998fa2fa29bff35549047c0f2e2797264a93af191f1d5a829f16
  timestamp: 2024-04-15 18:06:29+00:00
- url: https://github.com/gruntwork-io/terragrunt/releases/download/v0.57.1/terragrunt_linux_arm64
  sha256: 517d7738e784ae7b317093295c1b8e971cb12c29b24a54672361100439ff626d
  timestamp: 2024-04-15 18:06:29+00:00
- url: https://github.com/gruntwork-io/terragrunt/releases/download/v0.57.2/terragrunt_linux_amd64
  sha256: bbf1eeba3413f64e1a3bf6b9701ee0ef08e113f621b8a89be18958bf9878f482
  timestamp: 2024-04-16 21:05:52+00:00
- url: https://github.com/gruntwork-io/terragrunt/releases/download/v0.57.2/terragrunt_linux_arm64
  sha256: cf032484ea9121de23b7ac605177c534ebd5ae35a3c005c44206ee7f3e333adf
  timestamp: 2024-04-16 21:05:52+00:00
- url: https://github.com/gruntwork-io/terragrunt/releases/download/v0.57.5/terragrunt_linux_amd64
  sha256: 1c206ca85e1289d1c6ed90c8e4efbb8fdcafca14629a4093158e3524a2845486
  timestamp: 2024-04-19 18:05:58+00:00
- url: https://github.com/gruntwork-io/terragrunt/releases/download/v0.57.5/terragrunt_linux_arm64
  sha256: 5524df73b6401d20ccf6b065b1320bfde9b98432c55531f2068e04668967b50d
  timestamp: 2024-04-19 18:05:58+00:00
- url: https://github.com/gruntwork-io/terragrunt/releases/download/v0.57.6/terragrunt_linux_amd64
  sha256: d514254842beb7539342f46723358bf0bfa0faf21da067307aa2a432043edbde
  timestamp: 2024-04-23 09:06:15+00:00
- url: https://github.com/gruntwork-io/terragrunt/releases/download/v0.57.6/terragrunt_linux_arm64
  sha256: 8bb4ec98f3090a835331221986517d9bb8a19aa809e1dea5224ed060c77879d9
  timestamp: 2024-04-23 09:06:15+00:00
- url: https://github.com/gruntwork-io/terragrunt/releases/download/v0.57.8/terragrunt_linux_amd64
  sha256: a6774d278a29d0f7ff9714b71eccbb002adca34f99066fed7acc37d083f08b00
  timestamp: 2024-04-23 18:06:32+00:00
- url: https://github.com/gruntwork-io/terragrunt/releases/download/v0.57.8/terragrunt_linux_arm64
  sha256: 217bb514d0b998d8c40266916283cf50507486e5173189bac03e398e86b832f9
  timestamp: 2024-04-23 18:06:32+00:00
- url: https://github.com/gruntwork-io/terragrunt/releases/download/v0.57.9/terragrunt_linux_amd64
  sha256: 8f69b76258892650d916c2b232ad87d97f6ac151f4ca8169436536a4b055c961
  timestamp: 2024-04-25 09:05:48+00:00
- url: https://github.com/gruntwork-io/terragrunt/releases/download/v0.57.9/terragrunt_linux_arm64
  sha256: 8fa732bae76e443b6be224aa740353366154c60da1a597e7e6ed6d40232c7b8e
  timestamp: 2024-04-25 09:05:48+00:00
- url: https://github.com/gruntwork-io/terragrunt/releases/download/v0.57.10/terragrunt_linux_amd64
  sha256: 61331e94cc50b1d03c11f874ffcaf1c4ca08f240864f06ac7daeebd62169a82b
  timestamp: 2024-04-26 15:06:16+00:00
- url: https://github.com/gruntwork-io/terragrunt/releases/download/v0.57.10/terragrunt_linux_arm64
  sha256: fbd371717898c3ceab1eb90f9109f8661964e916486f98c8368038c58fafa0b7
  timestamp: 2024-04-26 15:06:16+00:00
- url: https://github.com/gruntwork-io/terragrunt/releases/download/v0.57.11/terragrunt_linux_amd64
  sha256: 1d93a8485c5bacb4a195e46b53a2f3eddab6e3a2f2e089b7162eba681875bcbb
  timestamp: 2024-04-26 18:06:19+00:00
- url: https://github.com/gruntwork-io/terragrunt/releases/download/v0.57.11/terragrunt_linux_arm64
  sha256: 226eb925257cf4ff98a122dc4cf600eb13b007abe17dc162e3b8257cacf1fc82
  timestamp: 2024-04-26 18:06:19+00:00
- url: https://github.com/gruntwork-io/terragrunt/releases/download/v0.57.12/terragrunt_linux_amd64
  sha256: 67b29530afebcadd546af50cc7b8e039fe617758d634dac425143504f497b8fb
  timestamp: 2024-04-26 21:05:45+00:00
- url: https://github.com/gruntwork-io/terragrunt/releases/download/v0.57.12/terragrunt_linux_arm64
  sha256: 5f8e4f331ff3faa71a6b936761fa66ecafcb7b8e3b635897f2f0a86627910209
  timestamp: 2024-04-26 21:05:45+00:00
- url: https://github.com/gruntwork-io/terragrunt/releases/download/v0.57.13/terragrunt_linux_amd64
  sha256: 4b5fc254989da526e6b93b7e9fd1cdeab571f318b35f6b0622191f9376e3316e
  timestamp: 2024-04-28 21:05:40+00:00
- url: https://github.com/gruntwork-io/terragrunt/releases/download/v0.57.13/terragrunt_linux_arm64
  sha256: dd09f184660fc2167de608c24ec18da0eb816a4ff43c924823c9764c81cedd5b
  timestamp: 2024-04-28 21:05:40+00:00
- url: https://github.com/gruntwork-io/terragrunt/releases/download/v0.58.0/terragrunt_linux_amd64
  sha256: 91969f0f97da15d16c6273fdde71489ed64fb33b89c2b9b76bd5a63d3bf8bdff
  timestamp: 2024-05-01 12:08:27+00:00
- url: https://github.com/gruntwork-io/terragrunt/releases/download/v0.58.0/terragrunt_linux_arm64
  sha256: 4b10ebcd223919fcbc7b436b052b883c16feb852e93e098be0a928ffe4729d33
  timestamp: 2024-05-01 12:08:27+00:00
- url: https://github.com/gruntwork-io/terragrunt/releases/download/v0.58.1/terragrunt_linux_amd64
  sha256: 98316d455acdb4321a4a4f488c536d19101f080e81f36fa78ae1d16a2f2ecfef
  timestamp: 2024-05-01 15:06:06+00:00
- url: https://github.com/gruntwork-io/terragrunt/releases/download/v0.58.1/terragrunt_linux_arm64
  sha256: eb3643d0d580a4937984642b0698f65af842f7a543d4ca9d01306eff8e4326a2
  timestamp: 2024-05-01 15:06:06+00:00
- url: https://github.com/gruntwork-io/terragrunt/releases/download/v0.58.2/terragrunt_linux_amd64
  sha256: a963a7b1f77749a0a91d191f6c057331e796fc766cf467441a669f1829e0775a
  timestamp: 2024-05-02 21:05:49+00:00
- url: https://github.com/gruntwork-io/terragrunt/releases/download/v0.58.2/terragrunt_linux_arm64
  sha256: 203f2a5178dbc7bbd863881120ae6cdaa8d1e60f2bb8b7c5a05b052acd87f110
  timestamp: 2024-05-02 21:05:49+00:00
- url: https://github.com/gruntwork-io/terragrunt/releases/download/v0.58.3/terragrunt_linux_amd64
  sha256: 366ce8d073d5f19b0e86e29883caf9859a06f189c2334a46c2132c65155744e9
  timestamp: 2024-05-06 18:07:51+00:00
- url: https://github.com/gruntwork-io/terragrunt/releases/download/v0.58.3/terragrunt_linux_arm64
  sha256: 1702ccb6b56c6ea6adb2d29a7a1fa105fc0b315ee427e5a35f6bd7af59df9c14
  timestamp: 2024-05-06 18:07:51+00:00
