- url: https://github.com/go-task/task/releases/download/v3.29.1/task_linux_amd64.tar.gz
  sha256: f9f12518b0d9d1c6e43f6f1ed1f202127fbfa7ee4b882794ccb42a4bd05dbc9d
  timestamp: 2023-09-11 08:53:44+00:00
- url: https://github.com/go-task/task/releases/download/v3.29.1/task_linux_arm64.tar.gz
  sha256: 787358084b9c45debb9e89bf5bc2ba7a5af8b31ccd970a21daab99cb535cb152
  timestamp: 2023-09-11 08:53:44+00:00
- url: https://github.com/go-task/task/releases/download/v3.30.0/task_linux_amd64.tar.gz
  sha256: e5d428dc652522328487f4c081e8c0d8fa04bb5753c6092e52ce69cc3cbb3ad0
  timestamp: 2023-09-14 03:16:42+00:00
- url: https://github.com/go-task/task/releases/download/v3.30.0/task_linux_arm64.tar.gz
  sha256: 3b9f3c3ea791bb94420764fa75bc68ef7194a3ed8b8fa08c59535e6affe615d1
  timestamp: 2023-09-14 03:16:42+00:00
- url: https://github.com/go-task/task/releases/download/v3.30.1/task_linux_amd64.tar.gz
  sha256: 862bf7c580ce58264133b6b269965db9cc5ba52f4836c7ef8f66389019b0e275
  timestamp: 2023-09-15 03:17:09+00:00
- url: https://github.com/go-task/task/releases/download/v3.30.1/task_linux_arm64.tar.gz
  sha256: d4d61891f2c74665e2beefe88917b2205f06c1e1b97ba4f050359e1869b7785b
  timestamp: 2023-09-15 03:17:09+00:00
- url: https://github.com/go-task/task/releases/download/v3.31.0/task_linux_amd64.tar.gz
  sha256: fc707db87c08579066e312b6fd3de4301f7c1c3e48198a86368d063efce2bbab
  timestamp: 2023-10-08 01:17:22+00:00
- url: https://github.com/go-task/task/releases/download/v3.31.0/task_linux_arm64.tar.gz
  sha256: aeb5607c93871550677e83056154ca7e2affeccc8f3fd122d52cde80701c2834
  timestamp: 2023-10-08 01:17:22+00:00
- url: https://github.com/go-task/task/releases/download/v3.32.0/task_linux_amd64.tar.gz
  sha256: e9dbb7acbd5c1676b3c49a85a0244208de827cc6ca368e10c2f48c4184b57ccf
  timestamp: 2023-11-30 03:17:42+00:00
- url: https://github.com/go-task/task/releases/download/v3.32.0/task_linux_arm64.tar.gz
  sha256: be4db4fa6c7b3cb986fb5517435d64f6ea954c0495e7b51a9914bd82c4bc27e6
  timestamp: 2023-11-30 03:17:42+00:00
- url: https://github.com/go-task/task/releases/download/v3.33.0/task_linux_amd64.tar.gz
  sha256: 6179e0a7983f5254cd41415b79a0a5ef3793e9af0ab86ce414e6868b9866d2ba
  timestamp: 2023-12-21 03:17:37+00:00
- url: https://github.com/go-task/task/releases/download/v3.33.0/task_linux_arm64.tar.gz
  sha256: 486b15d8acbd71a67de593d1fe16152997c97d97ad10df0d825dd8e565e20b6d
  timestamp: 2023-12-21 03:17:37+00:00
- url: https://github.com/go-task/task/releases/download/v3.33.1/task_linux_amd64.tar.gz
  sha256: c15f5f754d835d17835dca66e65aaf3cc859d0c3aaf0334bd338d8a31adc55bc
  timestamp: 2023-12-22 01:14:25+00:00
- url: https://github.com/go-task/task/releases/download/v3.33.1/task_linux_arm64.tar.gz
  sha256: a99a8e18c7c7733488713a3ce37b18cfaeea34faa4acd010f7707f5409a5bacc
  timestamp: 2023-12-22 01:14:25+00:00
- url: https://github.com/go-task/task/releases/download/v3.34.0/task_linux_amd64.tar.gz
  sha256: 08fec229294b2d571ff10baf70e92f9660dbe76961676cda81517321c908af7b
  timestamp: 2024-01-26 01:13:40+00:00
- url: https://github.com/go-task/task/releases/download/v3.34.0/task_linux_arm64.tar.gz
  sha256: 159875d219386cbd16b60aea6c7949b80d04d5a2853af4eba8198d06f042822e
  timestamp: 2024-01-26 01:13:40+00:00
- url: https://github.com/go-task/task/releases/download/v3.34.1/task_linux_amd64.tar.gz
  sha256: 59433511289ef30ba4f978af17f2a7cdc9c29f65323a5ac754a23fe3e526d376
  timestamp: 2024-01-28 01:16:38+00:00
- url: https://github.com/go-task/task/releases/download/v3.34.1/task_linux_arm64.tar.gz
  sha256: e9174426e1afc165def800529acf6e2820622829365c19cb7b3799a51d011665
  timestamp: 2024-01-28 01:16:38+00:00
- url: https://github.com/go-task/task/releases/download/v3.35.0/task_linux_amd64.tar.gz
  sha256: 2033e7264375f84ad9452c41a01dcf3106e050ea0442d44985048bc351a69744
  timestamp: 2024-02-29 00:20:36+00:00
- url: https://github.com/go-task/task/releases/download/v3.35.0/task_linux_arm64.tar.gz
  sha256: 4b4d906000285cd1062e85bf459cce64875de31f53a3011b6dbb6201d0c2df37
  timestamp: 2024-02-29 00:20:36+00:00
- url: https://github.com/go-task/task/releases/download/v3.35.1/task_linux_amd64.tar.gz
  sha256: 1ede465a0e3d22f42c094fcf4c4550210e618f7c9e12c52d39c4b65b7bcd34e8
  timestamp: 2024-03-05 00:19:55+00:00
- url: https://github.com/go-task/task/releases/download/v3.35.1/task_linux_arm64.tar.gz
  sha256: 6e719cc275caa2107ecf6540db1f81ae27b8c1b15e92d88008ae0e3dee423e1e
  timestamp: 2024-03-05 00:19:55+00:00
- url: https://github.com/go-task/task/releases/download/v3.36.0/task_linux_amd64.tar.gz
  sha256: e2b1d50129db500746e1ed35a4e43f9bebc1ae5849d87b2d12e6a98512eae56f
  timestamp: 2024-04-09 03:06:35+00:00
- url: https://github.com/go-task/task/releases/download/v3.36.0/task_linux_arm64.tar.gz
  sha256: d66b784640e2aad48a20b3b9cf09cc9b590d59d6be34b41133cc4ea8e66778cb
  timestamp: 2024-04-09 03:06:35+00:00
- url: https://github.com/go-task/task/releases/download/v3.37.0/task_linux_amd64.tar.gz
  sha256: 24022b22c7dcd3a5c8ca4d61906ad09bff48ba1638849335e2874124095c1675
  timestamp: 2024-05-09 03:06:04+00:00
- url: https://github.com/go-task/task/releases/download/v3.37.0/task_linux_arm64.tar.gz
  sha256: 629694a0818ae1dcc737aac8ec47afa54553be68393295055a273d5d804506f3
  timestamp: 2024-05-09 03:06:04+00:00
- url: https://github.com/go-task/task/releases/download/v3.37.1/task_linux_amd64.tar.gz
  sha256: 7a3e5a1c86e15883708e21b08d286adeb82b302ac29056a70caea2e37ab3b1a3
  timestamp: 2024-05-09 15:06:08+00:00
- url: https://github.com/go-task/task/releases/download/v3.37.1/task_linux_arm64.tar.gz
  sha256: 2bf83ae5d20ec878c5c99f75251e22a5c0e394fbdf1455f47b35e0e6a22b9b30
  timestamp: 2024-05-09 15:06:08+00:00
- url: https://github.com/go-task/task/releases/download/v3.37.2/task_linux_amd64.tar.gz
  sha256: c547c7af258fa49d99198fc94141152592af106ae603fa38703c4bb274ba0826
  timestamp: 2024-05-12 21:05:44+00:00
- url: https://github.com/go-task/task/releases/download/v3.37.2/task_linux_arm64.tar.gz
  sha256: 19205b4d09ccc089d6d68f43e1728b54d8db90c9921faa40b0fd703b9cbd9d85
  timestamp: 2024-05-12 21:05:44+00:00
- url: https://github.com/go-task/task/releases/download/v3.38.0/task_linux_amd64.tar.gz
  sha256: a6241c9fbcc49bdffef907e4d6325adb074295fd094f2bfa6a2e32282c2ed06e
  timestamp: 2024-07-09 09:06:44+00:00
- url: https://github.com/go-task/task/releases/download/v3.38.0/task_linux_arm64.tar.gz
  sha256: 30d3c727a434ee3bf69fb69e5d1aa84c3ab401fc2343a2760b4c7808acc689b8
  timestamp: 2024-07-09 09:06:44+00:00
