- url: https://github.com/JFryy/qq/releases/download/v0.2.3/qq-v0.2.3-linux-amd64.tar.gz
  sha256: 21698c1f6010ad7cd1d0b60424cf7de258243773975fb6acbbb0d27d199c6da1
  timestamp: 2024-12-22 19:09:33+00:00
- url: https://github.com/JFryy/qq/releases/download/v0.2.3/qq-v0.2.3-linux-arm64.tar.gz
  sha256: 0816667e77c1a551c6c08d116ea13d906dda85a9690697eab3aeef92f0dc5641
  timestamp: 2024-12-22 19:09:33+00:00
